
Microsoft Visual Studio Solution File, Format Version 12.00
# Visual Studio 15
VisualStudioVersion = 15.0.26814.1
MinimumVisualStudioVersion = 10.0.40219.1
Project("{2150E333-8FDC-42A3-9474-1A3956D46DE8}") = "src", "src", "{0DAA12F6-E419-4928-89B6-E6823EF752DD}"
EndProject
Project("{2150E333-8FDC-42A3-9474-1A3956D46DE8}") = "tests", "tests", "{E005080A-6C14-4C1C-8E13-537968AA1958}"
EndProject
Project("{9A19103F-16F7-4668-BE54-9A1E7A4F7556}") = "System.Buffers.Primitives", "src\System.Buffers.Primitives\System.Buffers.Primitives.csproj", "{3DE9E8BE-C3AE-4837-8F2A-FDEA03E24490}"
EndProject
Project("{9A19103F-16F7-4668-BE54-9A1E7A4F7556}") = "System.Buffers.Primitives.Tests", "tests\System.Buffers.Primitives.Tests\System.Buffers.Primitives.Tests.csproj", "{C8322097-1BA0-4BD3-8E00-59E3D82CC7A6}"
EndProject
Project("{9A19103F-16F7-4668-BE54-9A1E7A4F7556}") = "System.IO.Pipelines", "src\System.IO.Pipelines\System.IO.Pipelines.csproj", "{A9A3A646-BB80-48A9-80AB-9257765A8E5A}"
EndProject
Project("{9A19103F-16F7-4668-BE54-9A1E7A4F7556}") = "System.Buffers.Experimental", "src\System.Buffers.Experimental\System.Buffers.Experimental.csproj", "{B8C751D6-4376-4070-B5FA-F6E19CA17BE7}"
EndProject
Project("{9A19103F-16F7-4668-BE54-9A1E7A4F7556}") = "System.Collections.Sequences", "src\System.Collections.Sequences\System.Collections.Sequences.csproj", "{D3A8B9E6-4BCB-41FC-BAC6-6DDB6DBC7126}"
EndProject
Project("{9A19103F-16F7-4668-BE54-9A1E7A4F7556}") = "System.Text.Primitives", "src\System.Text.Primitives\System.Text.Primitives.csproj", "{FF7F703C-9904-47FB-B2B7-B266C2D35CBF}"
EndProject
Project("{9A19103F-16F7-4668-BE54-9A1E7A4F7556}") = "System.Buffers.Experimental.Tests", "tests\System.Buffers.Experimental.Tests\System.Buffers.Experimental.Tests.csproj", "{DC59CDF4-914E-46C1-B41A-DCDAE0EE5675}"
EndProject
Project("{9A19103F-16F7-4668-BE54-9A1E7A4F7556}") = "System.Collections.Sequences.Tests", "tests\System.Collections.Sequences.Tests\System.Collections.Sequences.Tests.csproj", "{AAB1FD9F-5A54-46F8-A9F3-48F0C5128604}"
EndProject
Project("{9A19103F-16F7-4668-BE54-9A1E7A4F7556}") = "System.IO.Pipelines.Tests", "tests\System.IO.Pipelines.Tests\System.IO.Pipelines.Tests.csproj", "{9E84075B-6716-4B99-9087-4BE6ECA9201A}"
EndProject
Project("{9A19103F-16F7-4668-BE54-9A1E7A4F7556}") = "System.IO.Pipelines.Extensions", "src\System.IO.Pipelines.Extensions\System.IO.Pipelines.Extensions.csproj", "{D1A1F87E-FDAC-47A6-A630-5971384D9C3F}"
EndProject
Project("{9A19103F-16F7-4668-BE54-9A1E7A4F7556}") = "System.Binary", "src\System.Binary\System.Binary.csproj", "{500B52D5-A3F0-468C-A5DF-F17DFEA8312C}"
EndProject
Project("{9A19103F-16F7-4668-BE54-9A1E7A4F7556}") = "System.IO.Pipelines.Networking.Libuv", "src\System.IO.Pipelines.Networking.Libuv\System.IO.Pipelines.Networking.Libuv.csproj", "{E2B1AE7C-10FB-4BF4-8A3A-4E3BFF8C78F3}"
EndProject
Project("{9A19103F-16F7-4668-BE54-9A1E7A4F7556}") = "System.IO.Pipelines.Networking.Sockets", "src\System.IO.Pipelines.Networking.Sockets\System.IO.Pipelines.Networking.Sockets.csproj", "{2540CC6C-D608-4BCD-A4F7-7CD1FFECE667}"
EndProject
Project("{9A19103F-16F7-4668-BE54-9A1E7A4F7556}") = "System.IO.Pipelines.Networking.Windows.RIO", "src\System.IO.Pipelines.Networking.Windows.RIO\System.IO.Pipelines.Networking.Windows.RIO.csproj", "{14F1C1A6-5FE8-42AF-B024-D97013C7A54F}"
EndProject
Project("{9A19103F-16F7-4668-BE54-9A1E7A4F7556}") = "System.IO.Pipelines.Text.Primitives", "src\System.IO.Pipelines.Text.Primitives\System.IO.Pipelines.Text.Primitives.csproj", "{7CDB4513-7EE4-4603-96CE-0ABF6F38E4FF}"
EndProject
Project("{9A19103F-16F7-4668-BE54-9A1E7A4F7556}") = "System.Text.Formatting", "src\System.Text.Formatting\System.Text.Formatting.csproj", "{012DC1B8-CD00-4A20-8BC8-3F4B62516F88}"
EndProject
Project("{9A19103F-16F7-4668-BE54-9A1E7A4F7556}") = "System.Binary.Tests", "tests\System.Binary.Tests\System.Binary.Tests.csproj", "{825BBEAE-9B0D-4716-90C9-84CC6961E3FD}"
EndProject
Project("{9A19103F-16F7-4668-BE54-9A1E7A4F7556}") = "System.Text.Formatting.Tests", "tests\System.Text.Formatting.Tests\System.Text.Formatting.Tests.csproj", "{F06E3AD2-2B12-423F-A734-F19040765D28}"
EndProject
Project("{9A19103F-16F7-4668-BE54-9A1E7A4F7556}") = "System.Text.Primitives.Tests", "tests\System.Text.Primitives.Tests\System.Text.Primitives.Tests.csproj", "{3C31D860-8B4E-4A49-B5DD-B685E28176C1}"
EndProject
Project("{9A19103F-16F7-4668-BE54-9A1E7A4F7556}") = "System.Binary.Base64", "src\System.Binary.Base64\System.Binary.Base64.csproj", "{4657126F-9FB2-46EF-8E88-3D8AD9A44917}"
EndProject
Project("{9A19103F-16F7-4668-BE54-9A1E7A4F7556}") = "System.Binary.Base64.Tests", "tests\System.Binary.Base64.Tests\System.Binary.Base64.Tests.csproj", "{4444BA08-71D7-448F-87C5-CB9A5F81CA5C}"
EndProject
Project("{9A19103F-16F7-4668-BE54-9A1E7A4F7556}") = "Benchmarks", "tests\Benchmarks\Benchmarks.csproj", "{0B56CB26-C5F6-4BBC-AEAD-DA9FCD7C52E3}"
EndProject
Project("{9A19103F-16F7-4668-BE54-9A1E7A4F7556}") = "System.Text.Encodings.Web.Utf8", "src\System.Text.Encodings.Web.Utf8\System.Text.Encodings.Web.Utf8.csproj", "{19614136-8FB5-4285-A7C9-3CC95B2FD140}"
EndProject
Project("{9A19103F-16F7-4668-BE54-9A1E7A4F7556}") = "System.Text.Encodings.Web.Utf8.Tests", "tests\System.Text.Encodings.Web.Utf8.Tests\System.Text.Encodings.Web.Utf8.Tests.csproj", "{EB8E3139-EA2C-4212-8E63-F6412460C1F7}"
EndProject
Project("{9A19103F-16F7-4668-BE54-9A1E7A4F7556}") = "System.Text.Json", "src\System.Text.Json\System.Text.Json.csproj", "{1F09D403-15CA-48D2-8912-F3FF0B5B7F07}"
EndProject
Project("{9A19103F-16F7-4668-BE54-9A1E7A4F7556}") = "System.Text.Json.Dynamic", "src\System.Text.Json.Dynamic\System.Text.Json.Dynamic.csproj", "{9D002565-1885-48C7-9B7F-109A54CF5A53}"
EndProject
Project("{9A19103F-16F7-4668-BE54-9A1E7A4F7556}") = "System.Threading.Tasks.Channels", "src\System.Threading.Tasks.Channels\System.Threading.Tasks.Channels.csproj", "{1BA5E3FD-B98D-40DA-9FD0-E358241D8DE1}"
EndProject
Project("{9A19103F-16F7-4668-BE54-9A1E7A4F7556}") = "System.Text.Http", "src\System.Text.Http\System.Text.Http.csproj", "{E15ADC09-1D96-438F-8F95-D9D504A5ADE9}"
EndProject
Project("{9A19103F-16F7-4668-BE54-9A1E7A4F7556}") = "System.Text.Http.Tests", "tests\System.Text.Http.Tests\System.Text.Http.Tests.csproj", "{C4433A94-B6D8-42CD-B87F-0A6A2E24A1DE}"
EndProject
Project("{9A19103F-16F7-4668-BE54-9A1E7A4F7556}") = "System.Text.Json.Tests", "tests\System.Text.Json.Tests\System.Text.Json.Tests.csproj", "{2D5ED54D-9B5F-4E6E-8627-18A010207701}"
EndProject
Project("{9A19103F-16F7-4668-BE54-9A1E7A4F7556}") = "System.Text.Json.Tests.Dynamic", "tests\System.Text.Json.Tests.Dynamic\System.Text.Json.Tests.Dynamic.csproj", "{645F271D-87B5-4289-9DCE-E9CE881E7460}"
EndProject
Project("{9A19103F-16F7-4668-BE54-9A1E7A4F7556}") = "System.Threading.Tasks.Channels.Tests", "tests\System.Threading.Tasks.Channels.Tests\System.Threading.Tasks.Channels.Tests.csproj", "{6038B696-5E27-46EA-83B6-5AFB1D6001AE}"
EndProject
Project("{2150E333-8FDC-42A3-9474-1A3956D46DE8}") = "samples", "samples", "{EDFD30EA-9024-45C0-8CB3-64ADD8463585}"
EndProject
Project("{9A19103F-16F7-4668-BE54-9A1E7A4F7556}") = "LowAllocationWebServer", "samples\LowAllocationWebServer\LowAllocationWebServer.csproj", "{E9CCCB5D-A699-4A3D-A6BC-12A966C45647}"
EndProject
Project("{9A19103F-16F7-4668-BE54-9A1E7A4F7556}") = "System.IO.Pipelines.Samples", "samples\System.IO.Pipelines.Samples\System.IO.Pipelines.Samples.csproj", "{393FFAF0-F21E-434A-AC79-6353E5B23E06}"
EndProject
Project("{9A19103F-16F7-4668-BE54-9A1E7A4F7556}") = "System.IO.Pipelines.Extensions.Tests", "tests\System.IO.Pipelines.Extensions.Tests\System.IO.Pipelines.Extensions.Tests.csproj", "{D606D9B6-A488-4560-AC0A-1C6958C2FD56}"
EndProject
Global
	GlobalSection(SolutionConfigurationPlatforms) = preSolution
		Debug|Any CPU = Debug|Any CPU
		Release|Any CPU = Release|Any CPU
	EndGlobalSection
	GlobalSection(ProjectConfigurationPlatforms) = postSolution
		{3DE9E8BE-C3AE-4837-8F2A-FDEA03E24490}.Debug|Any CPU.ActiveCfg = Debug|Any CPU
		{3DE9E8BE-C3AE-4837-8F2A-FDEA03E24490}.Debug|Any CPU.Build.0 = Debug|Any CPU
		{3DE9E8BE-C3AE-4837-8F2A-FDEA03E24490}.Release|Any CPU.ActiveCfg = Release|Any CPU
		{3DE9E8BE-C3AE-4837-8F2A-FDEA03E24490}.Release|Any CPU.Build.0 = Release|Any CPU
		{C8322097-1BA0-4BD3-8E00-59E3D82CC7A6}.Debug|Any CPU.ActiveCfg = Debug|Any CPU
		{C8322097-1BA0-4BD3-8E00-59E3D82CC7A6}.Debug|Any CPU.Build.0 = Debug|Any CPU
		{C8322097-1BA0-4BD3-8E00-59E3D82CC7A6}.Release|Any CPU.ActiveCfg = Release|Any CPU
		{C8322097-1BA0-4BD3-8E00-59E3D82CC7A6}.Release|Any CPU.Build.0 = Release|Any CPU
		{A9A3A646-BB80-48A9-80AB-9257765A8E5A}.Debug|Any CPU.ActiveCfg = Debug|Any CPU
		{A9A3A646-BB80-48A9-80AB-9257765A8E5A}.Debug|Any CPU.Build.0 = Debug|Any CPU
		{A9A3A646-BB80-48A9-80AB-9257765A8E5A}.Release|Any CPU.ActiveCfg = Release|Any CPU
		{A9A3A646-BB80-48A9-80AB-9257765A8E5A}.Release|Any CPU.Build.0 = Release|Any CPU
		{B8C751D6-4376-4070-B5FA-F6E19CA17BE7}.Debug|Any CPU.ActiveCfg = Debug|Any CPU
		{B8C751D6-4376-4070-B5FA-F6E19CA17BE7}.Debug|Any CPU.Build.0 = Debug|Any CPU
		{B8C751D6-4376-4070-B5FA-F6E19CA17BE7}.Release|Any CPU.ActiveCfg = Release|Any CPU
		{B8C751D6-4376-4070-B5FA-F6E19CA17BE7}.Release|Any CPU.Build.0 = Release|Any CPU
		{D3A8B9E6-4BCB-41FC-BAC6-6DDB6DBC7126}.Debug|Any CPU.ActiveCfg = Debug|Any CPU
		{D3A8B9E6-4BCB-41FC-BAC6-6DDB6DBC7126}.Debug|Any CPU.Build.0 = Debug|Any CPU
		{D3A8B9E6-4BCB-41FC-BAC6-6DDB6DBC7126}.Release|Any CPU.ActiveCfg = Release|Any CPU
		{D3A8B9E6-4BCB-41FC-BAC6-6DDB6DBC7126}.Release|Any CPU.Build.0 = Release|Any CPU
		{FF7F703C-9904-47FB-B2B7-B266C2D35CBF}.Debug|Any CPU.ActiveCfg = Debug|Any CPU
		{FF7F703C-9904-47FB-B2B7-B266C2D35CBF}.Debug|Any CPU.Build.0 = Debug|Any CPU
		{FF7F703C-9904-47FB-B2B7-B266C2D35CBF}.Release|Any CPU.ActiveCfg = Release|Any CPU
		{FF7F703C-9904-47FB-B2B7-B266C2D35CBF}.Release|Any CPU.Build.0 = Release|Any CPU
		{DC59CDF4-914E-46C1-B41A-DCDAE0EE5675}.Debug|Any CPU.ActiveCfg = Debug|Any CPU
		{DC59CDF4-914E-46C1-B41A-DCDAE0EE5675}.Debug|Any CPU.Build.0 = Debug|Any CPU
		{DC59CDF4-914E-46C1-B41A-DCDAE0EE5675}.Release|Any CPU.ActiveCfg = Release|Any CPU
		{DC59CDF4-914E-46C1-B41A-DCDAE0EE5675}.Release|Any CPU.Build.0 = Release|Any CPU
		{AAB1FD9F-5A54-46F8-A9F3-48F0C5128604}.Debug|Any CPU.ActiveCfg = Debug|Any CPU
		{AAB1FD9F-5A54-46F8-A9F3-48F0C5128604}.Debug|Any CPU.Build.0 = Debug|Any CPU
		{AAB1FD9F-5A54-46F8-A9F3-48F0C5128604}.Release|Any CPU.ActiveCfg = Release|Any CPU
		{AAB1FD9F-5A54-46F8-A9F3-48F0C5128604}.Release|Any CPU.Build.0 = Release|Any CPU
		{9E84075B-6716-4B99-9087-4BE6ECA9201A}.Debug|Any CPU.ActiveCfg = Debug|Any CPU
		{9E84075B-6716-4B99-9087-4BE6ECA9201A}.Debug|Any CPU.Build.0 = Debug|Any CPU
		{9E84075B-6716-4B99-9087-4BE6ECA9201A}.Release|Any CPU.ActiveCfg = Release|Any CPU
		{9E84075B-6716-4B99-9087-4BE6ECA9201A}.Release|Any CPU.Build.0 = Release|Any CPU
		{D1A1F87E-FDAC-47A6-A630-5971384D9C3F}.Debug|Any CPU.ActiveCfg = Debug|Any CPU
		{D1A1F87E-FDAC-47A6-A630-5971384D9C3F}.Debug|Any CPU.Build.0 = Debug|Any CPU
		{D1A1F87E-FDAC-47A6-A630-5971384D9C3F}.Release|Any CPU.ActiveCfg = Release|Any CPU
		{D1A1F87E-FDAC-47A6-A630-5971384D9C3F}.Release|Any CPU.Build.0 = Release|Any CPU
		{500B52D5-A3F0-468C-A5DF-F17DFEA8312C}.Debug|Any CPU.ActiveCfg = Debug|Any CPU
		{500B52D5-A3F0-468C-A5DF-F17DFEA8312C}.Debug|Any CPU.Build.0 = Debug|Any CPU
		{500B52D5-A3F0-468C-A5DF-F17DFEA8312C}.Release|Any CPU.ActiveCfg = Release|Any CPU
		{500B52D5-A3F0-468C-A5DF-F17DFEA8312C}.Release|Any CPU.Build.0 = Release|Any CPU
		{E2B1AE7C-10FB-4BF4-8A3A-4E3BFF8C78F3}.Debug|Any CPU.ActiveCfg = Debug|Any CPU
		{E2B1AE7C-10FB-4BF4-8A3A-4E3BFF8C78F3}.Debug|Any CPU.Build.0 = Debug|Any CPU
		{E2B1AE7C-10FB-4BF4-8A3A-4E3BFF8C78F3}.Release|Any CPU.ActiveCfg = Release|Any CPU
		{E2B1AE7C-10FB-4BF4-8A3A-4E3BFF8C78F3}.Release|Any CPU.Build.0 = Release|Any CPU
		{2540CC6C-D608-4BCD-A4F7-7CD1FFECE667}.Debug|Any CPU.ActiveCfg = Debug|Any CPU
		{2540CC6C-D608-4BCD-A4F7-7CD1FFECE667}.Debug|Any CPU.Build.0 = Debug|Any CPU
		{2540CC6C-D608-4BCD-A4F7-7CD1FFECE667}.Release|Any CPU.ActiveCfg = Release|Any CPU
		{2540CC6C-D608-4BCD-A4F7-7CD1FFECE667}.Release|Any CPU.Build.0 = Release|Any CPU
		{14F1C1A6-5FE8-42AF-B024-D97013C7A54F}.Debug|Any CPU.ActiveCfg = Debug|Any CPU
		{14F1C1A6-5FE8-42AF-B024-D97013C7A54F}.Debug|Any CPU.Build.0 = Debug|Any CPU
		{14F1C1A6-5FE8-42AF-B024-D97013C7A54F}.Release|Any CPU.ActiveCfg = Release|Any CPU
		{14F1C1A6-5FE8-42AF-B024-D97013C7A54F}.Release|Any CPU.Build.0 = Release|Any CPU
		{7CDB4513-7EE4-4603-96CE-0ABF6F38E4FF}.Debug|Any CPU.ActiveCfg = Debug|Any CPU
		{7CDB4513-7EE4-4603-96CE-0ABF6F38E4FF}.Debug|Any CPU.Build.0 = Debug|Any CPU
		{7CDB4513-7EE4-4603-96CE-0ABF6F38E4FF}.Release|Any CPU.ActiveCfg = Release|Any CPU
		{7CDB4513-7EE4-4603-96CE-0ABF6F38E4FF}.Release|Any CPU.Build.0 = Release|Any CPU
		{012DC1B8-CD00-4A20-8BC8-3F4B62516F88}.Debug|Any CPU.ActiveCfg = Debug|Any CPU
		{012DC1B8-CD00-4A20-8BC8-3F4B62516F88}.Debug|Any CPU.Build.0 = Debug|Any CPU
		{012DC1B8-CD00-4A20-8BC8-3F4B62516F88}.Release|Any CPU.ActiveCfg = Release|Any CPU
		{012DC1B8-CD00-4A20-8BC8-3F4B62516F88}.Release|Any CPU.Build.0 = Release|Any CPU
		{825BBEAE-9B0D-4716-90C9-84CC6961E3FD}.Debug|Any CPU.ActiveCfg = Debug|Any CPU
		{825BBEAE-9B0D-4716-90C9-84CC6961E3FD}.Debug|Any CPU.Build.0 = Debug|Any CPU
		{825BBEAE-9B0D-4716-90C9-84CC6961E3FD}.Release|Any CPU.ActiveCfg = Release|Any CPU
		{825BBEAE-9B0D-4716-90C9-84CC6961E3FD}.Release|Any CPU.Build.0 = Release|Any CPU
		{F06E3AD2-2B12-423F-A734-F19040765D28}.Debug|Any CPU.ActiveCfg = Debug|Any CPU
		{F06E3AD2-2B12-423F-A734-F19040765D28}.Debug|Any CPU.Build.0 = Debug|Any CPU
		{F06E3AD2-2B12-423F-A734-F19040765D28}.Release|Any CPU.ActiveCfg = Release|Any CPU
		{F06E3AD2-2B12-423F-A734-F19040765D28}.Release|Any CPU.Build.0 = Release|Any CPU
		{3C31D860-8B4E-4A49-B5DD-B685E28176C1}.Debug|Any CPU.ActiveCfg = Debug|Any CPU
		{3C31D860-8B4E-4A49-B5DD-B685E28176C1}.Debug|Any CPU.Build.0 = Debug|Any CPU
		{3C31D860-8B4E-4A49-B5DD-B685E28176C1}.Release|Any CPU.ActiveCfg = Release|Any CPU
		{3C31D860-8B4E-4A49-B5DD-B685E28176C1}.Release|Any CPU.Build.0 = Release|Any CPU
		{4657126F-9FB2-46EF-8E88-3D8AD9A44917}.Debug|Any CPU.ActiveCfg = Debug|Any CPU
		{4657126F-9FB2-46EF-8E88-3D8AD9A44917}.Debug|Any CPU.Build.0 = Debug|Any CPU
		{4657126F-9FB2-46EF-8E88-3D8AD9A44917}.Release|Any CPU.ActiveCfg = Release|Any CPU
		{4657126F-9FB2-46EF-8E88-3D8AD9A44917}.Release|Any CPU.Build.0 = Release|Any CPU
		{4444BA08-71D7-448F-87C5-CB9A5F81CA5C}.Debug|Any CPU.ActiveCfg = Debug|Any CPU
		{4444BA08-71D7-448F-87C5-CB9A5F81CA5C}.Debug|Any CPU.Build.0 = Debug|Any CPU
		{4444BA08-71D7-448F-87C5-CB9A5F81CA5C}.Release|Any CPU.ActiveCfg = Release|Any CPU
		{4444BA08-71D7-448F-87C5-CB9A5F81CA5C}.Release|Any CPU.Build.0 = Release|Any CPU
		{0B56CB26-C5F6-4BBC-AEAD-DA9FCD7C52E3}.Debug|Any CPU.ActiveCfg = Debug|Any CPU
		{0B56CB26-C5F6-4BBC-AEAD-DA9FCD7C52E3}.Debug|Any CPU.Build.0 = Debug|Any CPU
		{0B56CB26-C5F6-4BBC-AEAD-DA9FCD7C52E3}.Release|Any CPU.ActiveCfg = Release|Any CPU
		{0B56CB26-C5F6-4BBC-AEAD-DA9FCD7C52E3}.Release|Any CPU.Build.0 = Release|Any CPU
		{19614136-8FB5-4285-A7C9-3CC95B2FD140}.Debug|Any CPU.ActiveCfg = Debug|Any CPU
		{19614136-8FB5-4285-A7C9-3CC95B2FD140}.Debug|Any CPU.Build.0 = Debug|Any CPU
		{19614136-8FB5-4285-A7C9-3CC95B2FD140}.Release|Any CPU.ActiveCfg = Release|Any CPU
		{19614136-8FB5-4285-A7C9-3CC95B2FD140}.Release|Any CPU.Build.0 = Release|Any CPU
		{EB8E3139-EA2C-4212-8E63-F6412460C1F7}.Debug|Any CPU.ActiveCfg = Debug|Any CPU
		{EB8E3139-EA2C-4212-8E63-F6412460C1F7}.Debug|Any CPU.Build.0 = Debug|Any CPU
		{EB8E3139-EA2C-4212-8E63-F6412460C1F7}.Release|Any CPU.ActiveCfg = Release|Any CPU
		{EB8E3139-EA2C-4212-8E63-F6412460C1F7}.Release|Any CPU.Build.0 = Release|Any CPU
		{1F09D403-15CA-48D2-8912-F3FF0B5B7F07}.Debug|Any CPU.ActiveCfg = Debug|Any CPU
		{1F09D403-15CA-48D2-8912-F3FF0B5B7F07}.Debug|Any CPU.Build.0 = Debug|Any CPU
		{1F09D403-15CA-48D2-8912-F3FF0B5B7F07}.Release|Any CPU.ActiveCfg = Release|Any CPU
		{1F09D403-15CA-48D2-8912-F3FF0B5B7F07}.Release|Any CPU.Build.0 = Release|Any CPU
		{9D002565-1885-48C7-9B7F-109A54CF5A53}.Debug|Any CPU.ActiveCfg = Debug|Any CPU
		{9D002565-1885-48C7-9B7F-109A54CF5A53}.Debug|Any CPU.Build.0 = Debug|Any CPU
		{9D002565-1885-48C7-9B7F-109A54CF5A53}.Release|Any CPU.ActiveCfg = Release|Any CPU
		{9D002565-1885-48C7-9B7F-109A54CF5A53}.Release|Any CPU.Build.0 = Release|Any CPU
		{1BA5E3FD-B98D-40DA-9FD0-E358241D8DE1}.Debug|Any CPU.ActiveCfg = Debug|Any CPU
		{1BA5E3FD-B98D-40DA-9FD0-E358241D8DE1}.Debug|Any CPU.Build.0 = Debug|Any CPU
		{1BA5E3FD-B98D-40DA-9FD0-E358241D8DE1}.Release|Any CPU.ActiveCfg = Release|Any CPU
		{1BA5E3FD-B98D-40DA-9FD0-E358241D8DE1}.Release|Any CPU.Build.0 = Release|Any CPU
		{E15ADC09-1D96-438F-8F95-D9D504A5ADE9}.Debug|Any CPU.ActiveCfg = Debug|Any CPU
		{E15ADC09-1D96-438F-8F95-D9D504A5ADE9}.Debug|Any CPU.Build.0 = Debug|Any CPU
		{E15ADC09-1D96-438F-8F95-D9D504A5ADE9}.Release|Any CPU.ActiveCfg = Release|Any CPU
		{E15ADC09-1D96-438F-8F95-D9D504A5ADE9}.Release|Any CPU.Build.0 = Release|Any CPU
		{C4433A94-B6D8-42CD-B87F-0A6A2E24A1DE}.Debug|Any CPU.ActiveCfg = Debug|Any CPU
		{C4433A94-B6D8-42CD-B87F-0A6A2E24A1DE}.Debug|Any CPU.Build.0 = Debug|Any CPU
		{C4433A94-B6D8-42CD-B87F-0A6A2E24A1DE}.Release|Any CPU.ActiveCfg = Release|Any CPU
		{C4433A94-B6D8-42CD-B87F-0A6A2E24A1DE}.Release|Any CPU.Build.0 = Release|Any CPU
		{2D5ED54D-9B5F-4E6E-8627-18A010207701}.Debug|Any CPU.ActiveCfg = Debug|Any CPU
		{2D5ED54D-9B5F-4E6E-8627-18A010207701}.Debug|Any CPU.Build.0 = Debug|Any CPU
		{2D5ED54D-9B5F-4E6E-8627-18A010207701}.Release|Any CPU.ActiveCfg = Release|Any CPU
		{2D5ED54D-9B5F-4E6E-8627-18A010207701}.Release|Any CPU.Build.0 = Release|Any CPU
		{645F271D-87B5-4289-9DCE-E9CE881E7460}.Debug|Any CPU.ActiveCfg = Debug|Any CPU
		{645F271D-87B5-4289-9DCE-E9CE881E7460}.Debug|Any CPU.Build.0 = Debug|Any CPU
		{645F271D-87B5-4289-9DCE-E9CE881E7460}.Release|Any CPU.ActiveCfg = Release|Any CPU
		{645F271D-87B5-4289-9DCE-E9CE881E7460}.Release|Any CPU.Build.0 = Release|Any CPU
		{6038B696-5E27-46EA-83B6-5AFB1D6001AE}.Debug|Any CPU.ActiveCfg = Debug|Any CPU
		{6038B696-5E27-46EA-83B6-5AFB1D6001AE}.Debug|Any CPU.Build.0 = Debug|Any CPU
		{6038B696-5E27-46EA-83B6-5AFB1D6001AE}.Release|Any CPU.ActiveCfg = Release|Any CPU
		{6038B696-5E27-46EA-83B6-5AFB1D6001AE}.Release|Any CPU.Build.0 = Release|Any CPU
		{E9CCCB5D-A699-4A3D-A6BC-12A966C45647}.Debug|Any CPU.ActiveCfg = Debug|Any CPU
		{E9CCCB5D-A699-4A3D-A6BC-12A966C45647}.Debug|Any CPU.Build.0 = Debug|Any CPU
		{E9CCCB5D-A699-4A3D-A6BC-12A966C45647}.Release|Any CPU.ActiveCfg = Release|Any CPU
		{E9CCCB5D-A699-4A3D-A6BC-12A966C45647}.Release|Any CPU.Build.0 = Release|Any CPU
		{393FFAF0-F21E-434A-AC79-6353E5B23E06}.Debug|Any CPU.ActiveCfg = Debug|Any CPU
		{393FFAF0-F21E-434A-AC79-6353E5B23E06}.Debug|Any CPU.Build.0 = Debug|Any CPU
		{393FFAF0-F21E-434A-AC79-6353E5B23E06}.Release|Any CPU.ActiveCfg = Release|Any CPU
		{393FFAF0-F21E-434A-AC79-6353E5B23E06}.Release|Any CPU.Build.0 = Release|Any CPU
		{D606D9B6-A488-4560-AC0A-1C6958C2FD56}.Debug|Any CPU.ActiveCfg = Debug|Any CPU
		{D606D9B6-A488-4560-AC0A-1C6958C2FD56}.Debug|Any CPU.Build.0 = Debug|Any CPU
		{D606D9B6-A488-4560-AC0A-1C6958C2FD56}.Release|Any CPU.ActiveCfg = Release|Any CPU
		{D606D9B6-A488-4560-AC0A-1C6958C2FD56}.Release|Any CPU.Build.0 = Release|Any CPU
	EndGlobalSection
	GlobalSection(SolutionProperties) = preSolution
		HideSolutionNode = FALSE
	EndGlobalSection
	GlobalSection(NestedProjects) = preSolution
		{3DE9E8BE-C3AE-4837-8F2A-FDEA03E24490} = {0DAA12F6-E419-4928-89B6-E6823EF752DD}
		{C8322097-1BA0-4BD3-8E00-59E3D82CC7A6} = {E005080A-6C14-4C1C-8E13-537968AA1958}
		{A9A3A646-BB80-48A9-80AB-9257765A8E5A} = {0DAA12F6-E419-4928-89B6-E6823EF752DD}
		{B8C751D6-4376-4070-B5FA-F6E19CA17BE7} = {0DAA12F6-E419-4928-89B6-E6823EF752DD}
		{D3A8B9E6-4BCB-41FC-BAC6-6DDB6DBC7126} = {0DAA12F6-E419-4928-89B6-E6823EF752DD}
		{FF7F703C-9904-47FB-B2B7-B266C2D35CBF} = {0DAA12F6-E419-4928-89B6-E6823EF752DD}
		{DC59CDF4-914E-46C1-B41A-DCDAE0EE5675} = {E005080A-6C14-4C1C-8E13-537968AA1958}
		{AAB1FD9F-5A54-46F8-A9F3-48F0C5128604} = {E005080A-6C14-4C1C-8E13-537968AA1958}
		{9E84075B-6716-4B99-9087-4BE6ECA9201A} = {E005080A-6C14-4C1C-8E13-537968AA1958}
		{D1A1F87E-FDAC-47A6-A630-5971384D9C3F} = {0DAA12F6-E419-4928-89B6-E6823EF752DD}
		{500B52D5-A3F0-468C-A5DF-F17DFEA8312C} = {0DAA12F6-E419-4928-89B6-E6823EF752DD}
		{E2B1AE7C-10FB-4BF4-8A3A-4E3BFF8C78F3} = {0DAA12F6-E419-4928-89B6-E6823EF752DD}
		{2540CC6C-D608-4BCD-A4F7-7CD1FFECE667} = {0DAA12F6-E419-4928-89B6-E6823EF752DD}
		{14F1C1A6-5FE8-42AF-B024-D97013C7A54F} = {0DAA12F6-E419-4928-89B6-E6823EF752DD}
		{7CDB4513-7EE4-4603-96CE-0ABF6F38E4FF} = {0DAA12F6-E419-4928-89B6-E6823EF752DD}
		{012DC1B8-CD00-4A20-8BC8-3F4B62516F88} = {0DAA12F6-E419-4928-89B6-E6823EF752DD}
		{825BBEAE-9B0D-4716-90C9-84CC6961E3FD} = {E005080A-6C14-4C1C-8E13-537968AA1958}
		{F06E3AD2-2B12-423F-A734-F19040765D28} = {E005080A-6C14-4C1C-8E13-537968AA1958}
		{3C31D860-8B4E-4A49-B5DD-B685E28176C1} = {E005080A-6C14-4C1C-8E13-537968AA1958}
		{4657126F-9FB2-46EF-8E88-3D8AD9A44917} = {0DAA12F6-E419-4928-89B6-E6823EF752DD}
		{4444BA08-71D7-448F-87C5-CB9A5F81CA5C} = {E005080A-6C14-4C1C-8E13-537968AA1958}
		{0B56CB26-C5F6-4BBC-AEAD-DA9FCD7C52E3} = {E005080A-6C14-4C1C-8E13-537968AA1958}
		{19614136-8FB5-4285-A7C9-3CC95B2FD140} = {0DAA12F6-E419-4928-89B6-E6823EF752DD}
		{EB8E3139-EA2C-4212-8E63-F6412460C1F7} = {E005080A-6C14-4C1C-8E13-537968AA1958}
		{1F09D403-15CA-48D2-8912-F3FF0B5B7F07} = {0DAA12F6-E419-4928-89B6-E6823EF752DD}
		{9D002565-1885-48C7-9B7F-109A54CF5A53} = {0DAA12F6-E419-4928-89B6-E6823EF752DD}
		{1BA5E3FD-B98D-40DA-9FD0-E358241D8DE1} = {0DAA12F6-E419-4928-89B6-E6823EF752DD}
		{E15ADC09-1D96-438F-8F95-D9D504A5ADE9} = {0DAA12F6-E419-4928-89B6-E6823EF752DD}
		{C4433A94-B6D8-42CD-B87F-0A6A2E24A1DE} = {E005080A-6C14-4C1C-8E13-537968AA1958}
		{2D5ED54D-9B5F-4E6E-8627-18A010207701} = {E005080A-6C14-4C1C-8E13-537968AA1958}
		{645F271D-87B5-4289-9DCE-E9CE881E7460} = {E005080A-6C14-4C1C-8E13-537968AA1958}
		{6038B696-5E27-46EA-83B6-5AFB1D6001AE} = {E005080A-6C14-4C1C-8E13-537968AA1958}
		{E9CCCB5D-A699-4A3D-A6BC-12A966C45647} = {EDFD30EA-9024-45C0-8CB3-64ADD8463585}
		{393FFAF0-F21E-434A-AC79-6353E5B23E06} = {EDFD30EA-9024-45C0-8CB3-64ADD8463585}
		{D606D9B6-A488-4560-AC0A-1C6958C2FD56} = {E005080A-6C14-4C1C-8E13-537968AA1958}
	EndGlobalSection
	GlobalSection(ExtensibilityGlobals) = postSolution
		SolutionGuid = {329FB5A2-C2B3-4580-AFB8-F2B765BB5A99}
	EndGlobalSection
EndGlobal
