
Microsoft Visual Studio Solution File, Format Version 12.00
# Visual Studio 14
VisualStudioVersion = 14.0.25123.0
MinimumVisualStudioVersion = 10.0.40219.1
Project("{8BB2217D-0F2D-49D1-97BC-3654ED321F3B}") = "System.Binary", "src\System.Binary\System.Binary.xproj", "{9E0BF83B-CC6B-472A-AA6E-FFD507AE9D9F}"
EndProject
Project("{8BB2217D-0F2D-49D1-97BC-3654ED321F3B}") = "System.Slices", "src\System.Slices\System.Slices.xproj", "{94177D1E-1CD3-4878-9FB2-3EB8DFD5CC2C}"
EndProject
Project("{8BB2217D-0F2D-49D1-97BC-3654ED321F3B}") = "System.Buffers.Experimental", "src\System.Buffers.Experimental\System.Buffers.Experimental.xproj", "{60E282CB-156B-4A5E-9C7D-4E174EA2E024}"
EndProject
Project("{8BB2217D-0F2D-49D1-97BC-3654ED321F3B}") = "System.Collections.Generic.MultiValueDictionary", "src\System.Collections.Generic.MultiValueDictionary\System.Collections.Generic.MultiValueDictionary.xproj", "{074A1180-C084-4861-8A37-B5365725BE55}"
EndProject
Project("{8BB2217D-0F2D-49D1-97BC-3654ED321F3B}") = "System.CommandLine", "src\System.CommandLine\System.CommandLine.xproj", "{CE8FA454-D27E-4480-994A-7F40090C194A}"
EndProject
Project("{8BB2217D-0F2D-49D1-97BC-3654ED321F3B}") = "System.Drawing.Graphics", "src\System.Drawing.Graphics\System.Drawing.Graphics.xproj", "{924E010F-DB71-4AD5-B1C9-62E8890E64E1}"
EndProject
Project("{8BB2217D-0F2D-49D1-97BC-3654ED321F3B}") = "System.IO.FileSystem.Watcher.Polling", "src\System.IO.FileSystem.Watcher.Polling\System.IO.FileSystem.Watcher.Polling.xproj", "{0CA926AC-4BAD-46AF-800B-BB33069F0705}"
EndProject
Project("{8BB2217D-0F2D-49D1-97BC-3654ED321F3B}") = "System.Net.Libuv", "src\System.Net.Libuv\System.Net.Libuv.xproj", "{52F36F44-A5AA-4D06-943B-626CC9E864FB}"
EndProject
Project("{8BB2217D-0F2D-49D1-97BC-3654ED321F3B}") = "System.Numerics.Matrices", "src\System.Numerics.Matrices\System.Numerics.Matrices.xproj", "{56A91E9D-DBB1-4B83-8E29-868452EB86AF}"
EndProject
Project("{8BB2217D-0F2D-49D1-97BC-3654ED321F3B}") = "System.Text.Formatting", "src\System.Text.Formatting\System.Text.Formatting.xproj", "{03F1B57E-756C-4AF0-91FD-3E2871C1B193}"
EndProject
Project("{8BB2217D-0F2D-49D1-97BC-3654ED321F3B}") = "System.Text.Utf8", "src\System.Text.Utf8\System.Text.Utf8.xproj", "{BF794A51-F587-4703-8B13-223873422DCF}"
EndProject
Project("{8BB2217D-0F2D-49D1-97BC-3654ED321F3B}") = "System.Text.Formatting.Globalization", "src\System.Text.Formatting.Globalization\System.Text.Formatting.Globalization.xproj", "{99FA7791-A190-44A2-9A77-303BFA13095F}"
EndProject
Project("{8BB2217D-0F2D-49D1-97BC-3654ED321F3B}") = "System.Text.Http", "src\System.Text.Http\System.Text.Http.xproj", "{90008F3E-FFBA-47C4-842F-24014256A9F8}"
EndProject
Project("{8BB2217D-0F2D-49D1-97BC-3654ED321F3B}") = "System.Text.Json", "src\System.Text.Json\System.Text.Json.xproj", "{D49453F3-A51A-49B8-B151-1C7CD92C229E}"
EndProject
Project("{8BB2217D-0F2D-49D1-97BC-3654ED321F3B}") = "System.Threading.Tasks.Channels", "src\System.Threading.Tasks.Channels\System.Threading.Tasks.Channels.xproj", "{D1881B9D-6D47-40CC-83BA-23F102A30DD5}"
EndProject
Project("{8BB2217D-0F2D-49D1-97BC-3654ED321F3B}") = "System.Time", "src\System.Time\System.Time.xproj", "{66579C6A-8316-4888-8D96-36D4B49D7D51}"
EndProject
Project("{2150E333-8FDC-42A3-9474-1A3956D46DE8}") = "src", "src", "{4B000021-5278-4F2A-B734-DE49F55D4024}"
EndProject
Project("{2150E333-8FDC-42A3-9474-1A3956D46DE8}") = "tests", "tests", "{3079E458-D0E6-4F99-8CAB-80011D35C7DA}"
EndProject
Project("{8BB2217D-0F2D-49D1-97BC-3654ED321F3B}") = "System.Slices.Tests", "tests\System.Slices.Tests\System.Slices.Tests.xproj", "{32B36B8F-C5F1-4426-8E38-528B22839F3E}"
EndProject
Project("{8BB2217D-0F2D-49D1-97BC-3654ED321F3B}") = "System.Binary.Tests", "tests\System.Binary.Tests\System.Binary.Tests.xproj", "{D37C62B5-C15C-4F2E-A67D-E8D6324FBCBB}"
EndProject
Project("{8BB2217D-0F2D-49D1-97BC-3654ED321F3B}") = "System.Buffers.Experimental.Tests", "tests\System.Buffers.Experimental.Tests\System.Buffers.Experimental.Tests.xproj", "{0935E538-179C-4768-89B0-C0D197B4D18B}"
EndProject
Project("{8BB2217D-0F2D-49D1-97BC-3654ED321F3B}") = "System.Collections.Generic.MultiValueDictionary.Tests", "tests\System.Collections.Generic.MultiValueDictionary.Tests\System.Collections.Generic.MultiValueDictionary.Tests.xproj", "{5177869A-5D73-428B-88A0-6E0D3BB04A64}"
EndProject
Project("{8BB2217D-0F2D-49D1-97BC-3654ED321F3B}") = "System.CommandLine.Tests", "tests\System.CommandLine.Tests\System.CommandLine.Tests.xproj", "{08C2CFEA-B296-466D-9C5D-7C344546D64E}"
EndProject
Project("{8BB2217D-0F2D-49D1-97BC-3654ED321F3B}") = "System.Drawing.Graphics.Tests", "tests\System.Drawing.Graphics.Tests\System.Drawing.Graphics.Tests.xproj", "{21E03B48-9A74-422C-9DB1-735DA79C4776}"
EndProject
Project("{8BB2217D-0F2D-49D1-97BC-3654ED321F3B}") = "System.IO.FileSystem.Watcher.Polling.Tests", "tests\System.IO.FileSystem.Watcher.Polling.Tests\System.IO.FileSystem.Watcher.Polling.Tests.xproj", "{1FE25651-12C4-45B4-BB9F-E2F6D1D8383F}"
EndProject
Project("{8BB2217D-0F2D-49D1-97BC-3654ED321F3B}") = "System.Net.Libuv.Tests", "tests\System.Net.Libuv.Tests\System.Net.Libuv.Tests.xproj", "{EB39FC76-A723-4B6A-B8EF-71AEF80B5998}"
EndProject
Project("{8BB2217D-0F2D-49D1-97BC-3654ED321F3B}") = "System.Numerics.Matrices.Tests", "tests\System.Numerics.Matrices.Tests\System.Numerics.Matrices.Tests.xproj", "{240FA09F-A106-4AC7-B853-00506F76B5EF}"
EndProject
Project("{8BB2217D-0F2D-49D1-97BC-3654ED321F3B}") = "System.Text.Formatting.Globalization.Tests", "tests\System.Text.Formatting.Globalization.Tests\System.Text.Formatting.Globalization.Tests.xproj", "{800D4694-944C-44BB-9516-138ACCD22943}"
EndProject
Project("{8BB2217D-0F2D-49D1-97BC-3654ED321F3B}") = "System.Text.Formatting.Tests", "tests\System.Text.Formatting.Tests\System.Text.Formatting.Tests.xproj", "{CC8EBE40-4B0B-471F-B182-F1039B69D802}"
EndProject
Project("{8BB2217D-0F2D-49D1-97BC-3654ED321F3B}") = "System.Text.Http.Tests", "tests\System.Text.Http.Tests\System.Text.Http.Tests.xproj", "{5BEB8847-AD3C-45DF-A705-6F6DE3F4214D}"
EndProject
Project("{8BB2217D-0F2D-49D1-97BC-3654ED321F3B}") = "System.Text.Json.Tests", "tests\System.Text.Json.Tests\System.Text.Json.Tests.xproj", "{CAE4AD10-4A0F-4DBD-8894-2FA91E7E6DCA}"
EndProject
Project("{8BB2217D-0F2D-49D1-97BC-3654ED321F3B}") = "System.Text.Utf8.Tests", "tests\System.Text.Utf8.Tests\System.Text.Utf8.Tests.xproj", "{CA09C859-39AE-41B4-A977-4D26D7DE6C18}"
EndProject
Project("{8BB2217D-0F2D-49D1-97BC-3654ED321F3B}") = "System.Threading.Tasks.Channels.Tests", "tests\System.Threading.Tasks.Channels.Tests\System.Threading.Tasks.Channels.Tests.xproj", "{D5281344-D323-4E13-8BC7-4F39814AD4A6}"
EndProject
Project("{8BB2217D-0F2D-49D1-97BC-3654ED321F3B}") = "System.Time.Tests", "tests\System.Time.Tests\System.Time.Tests.xproj", "{872C74A2-97BD-4672-9674-BC361419AF32}"
EndProject
Project("{8BB2217D-0F2D-49D1-97BC-3654ED321F3B}") = "System.Reflection.Metadata.Cil", "src\System.Reflection.Metadata.Cil\System.Reflection.Metadata.Cil.xproj", "{12D7B81D-26FD-4BCA-9D72-AFDEA900BAAC}"
EndProject
Project("{8BB2217D-0F2D-49D1-97BC-3654ED321F3B}") = "System.Text.Primitives", "src\System.Text.Primitives\System.Text.Primitives.xproj", "{80E6332B-DC83-4DFC-9C19-8D89E988BA4E}"
EndProject
Project("{8BB2217D-0F2D-49D1-97BC-3654ED321F3B}") = "System.Text.Primitives.Tests", "tests\System.Text.Primitives.Tests\System.Text.Primitives.Tests.xproj", "{67B42C20-D98A-420B-82C0-04AFD963E650}"
EndProject
Global
	GlobalSection(SolutionConfigurationPlatforms) = preSolution
		Debug|Any CPU = Debug|Any CPU
		Release|Any CPU = Release|Any CPU
	EndGlobalSection
	GlobalSection(ProjectConfigurationPlatforms) = postSolution
		{9E0BF83B-CC6B-472A-AA6E-FFD507AE9D9F}.Debug|Any CPU.ActiveCfg = Debug|Any CPU
		{9E0BF83B-CC6B-472A-AA6E-FFD507AE9D9F}.Debug|Any CPU.Build.0 = Debug|Any CPU
		{9E0BF83B-CC6B-472A-AA6E-FFD507AE9D9F}.Release|Any CPU.ActiveCfg = Release|Any CPU
		{9E0BF83B-CC6B-472A-AA6E-FFD507AE9D9F}.Release|Any CPU.Build.0 = Release|Any CPU
		{94177D1E-1CD3-4878-9FB2-3EB8DFD5CC2C}.Debug|Any CPU.ActiveCfg = Debug|Any CPU
		{94177D1E-1CD3-4878-9FB2-3EB8DFD5CC2C}.Debug|Any CPU.Build.0 = Debug|Any CPU
		{94177D1E-1CD3-4878-9FB2-3EB8DFD5CC2C}.Release|Any CPU.ActiveCfg = Release|Any CPU
		{94177D1E-1CD3-4878-9FB2-3EB8DFD5CC2C}.Release|Any CPU.Build.0 = Release|Any CPU
		{60E282CB-156B-4A5E-9C7D-4E174EA2E024}.Debug|Any CPU.ActiveCfg = Debug|Any CPU
		{60E282CB-156B-4A5E-9C7D-4E174EA2E024}.Debug|Any CPU.Build.0 = Debug|Any CPU
		{60E282CB-156B-4A5E-9C7D-4E174EA2E024}.Release|Any CPU.ActiveCfg = Release|Any CPU
		{60E282CB-156B-4A5E-9C7D-4E174EA2E024}.Release|Any CPU.Build.0 = Release|Any CPU
		{074A1180-C084-4861-8A37-B5365725BE55}.Debug|Any CPU.ActiveCfg = Debug|Any CPU
		{074A1180-C084-4861-8A37-B5365725BE55}.Debug|Any CPU.Build.0 = Debug|Any CPU
		{074A1180-C084-4861-8A37-B5365725BE55}.Release|Any CPU.ActiveCfg = Release|Any CPU
		{074A1180-C084-4861-8A37-B5365725BE55}.Release|Any CPU.Build.0 = Release|Any CPU
		{CE8FA454-D27E-4480-994A-7F40090C194A}.Debug|Any CPU.ActiveCfg = Debug|Any CPU
		{CE8FA454-D27E-4480-994A-7F40090C194A}.Debug|Any CPU.Build.0 = Debug|Any CPU
		{CE8FA454-D27E-4480-994A-7F40090C194A}.Release|Any CPU.ActiveCfg = Release|Any CPU
		{CE8FA454-D27E-4480-994A-7F40090C194A}.Release|Any CPU.Build.0 = Release|Any CPU
		{924E010F-DB71-4AD5-B1C9-62E8890E64E1}.Debug|Any CPU.ActiveCfg = Debug|Any CPU
		{924E010F-DB71-4AD5-B1C9-62E8890E64E1}.Debug|Any CPU.Build.0 = Debug|Any CPU
		{924E010F-DB71-4AD5-B1C9-62E8890E64E1}.Release|Any CPU.ActiveCfg = Release|Any CPU
		{924E010F-DB71-4AD5-B1C9-62E8890E64E1}.Release|Any CPU.Build.0 = Release|Any CPU
		{0CA926AC-4BAD-46AF-800B-BB33069F0705}.Debug|Any CPU.ActiveCfg = Debug|Any CPU
		{0CA926AC-4BAD-46AF-800B-BB33069F0705}.Debug|Any CPU.Build.0 = Debug|Any CPU
		{0CA926AC-4BAD-46AF-800B-BB33069F0705}.Release|Any CPU.ActiveCfg = Release|Any CPU
		{0CA926AC-4BAD-46AF-800B-BB33069F0705}.Release|Any CPU.Build.0 = Release|Any CPU
		{52F36F44-A5AA-4D06-943B-626CC9E864FB}.Debug|Any CPU.ActiveCfg = Debug|Any CPU
		{52F36F44-A5AA-4D06-943B-626CC9E864FB}.Debug|Any CPU.Build.0 = Debug|Any CPU
		{52F36F44-A5AA-4D06-943B-626CC9E864FB}.Release|Any CPU.ActiveCfg = Release|Any CPU
		{52F36F44-A5AA-4D06-943B-626CC9E864FB}.Release|Any CPU.Build.0 = Release|Any CPU
		{56A91E9D-DBB1-4B83-8E29-868452EB86AF}.Debug|Any CPU.ActiveCfg = Debug|Any CPU
		{56A91E9D-DBB1-4B83-8E29-868452EB86AF}.Debug|Any CPU.Build.0 = Debug|Any CPU
		{56A91E9D-DBB1-4B83-8E29-868452EB86AF}.Release|Any CPU.ActiveCfg = Release|Any CPU
		{56A91E9D-DBB1-4B83-8E29-868452EB86AF}.Release|Any CPU.Build.0 = Release|Any CPU
		{03F1B57E-756C-4AF0-91FD-3E2871C1B193}.Debug|Any CPU.ActiveCfg = Debug|Any CPU
		{03F1B57E-756C-4AF0-91FD-3E2871C1B193}.Debug|Any CPU.Build.0 = Debug|Any CPU
		{03F1B57E-756C-4AF0-91FD-3E2871C1B193}.Release|Any CPU.ActiveCfg = Release|Any CPU
		{03F1B57E-756C-4AF0-91FD-3E2871C1B193}.Release|Any CPU.Build.0 = Release|Any CPU
		{BF794A51-F587-4703-8B13-223873422DCF}.Debug|Any CPU.ActiveCfg = Debug|Any CPU
		{BF794A51-F587-4703-8B13-223873422DCF}.Debug|Any CPU.Build.0 = Debug|Any CPU
		{BF794A51-F587-4703-8B13-223873422DCF}.Release|Any CPU.ActiveCfg = Release|Any CPU
		{BF794A51-F587-4703-8B13-223873422DCF}.Release|Any CPU.Build.0 = Release|Any CPU
		{99FA7791-A190-44A2-9A77-303BFA13095F}.Debug|Any CPU.ActiveCfg = Debug|Any CPU
		{99FA7791-A190-44A2-9A77-303BFA13095F}.Debug|Any CPU.Build.0 = Debug|Any CPU
		{99FA7791-A190-44A2-9A77-303BFA13095F}.Release|Any CPU.ActiveCfg = Release|Any CPU
		{99FA7791-A190-44A2-9A77-303BFA13095F}.Release|Any CPU.Build.0 = Release|Any CPU
		{90008F3E-FFBA-47C4-842F-24014256A9F8}.Debug|Any CPU.ActiveCfg = Debug|Any CPU
		{90008F3E-FFBA-47C4-842F-24014256A9F8}.Debug|Any CPU.Build.0 = Debug|Any CPU
		{90008F3E-FFBA-47C4-842F-24014256A9F8}.Release|Any CPU.ActiveCfg = Release|Any CPU
		{90008F3E-FFBA-47C4-842F-24014256A9F8}.Release|Any CPU.Build.0 = Release|Any CPU
		{D49453F3-A51A-49B8-B151-1C7CD92C229E}.Debug|Any CPU.ActiveCfg = Debug|Any CPU
		{D49453F3-A51A-49B8-B151-1C7CD92C229E}.Debug|Any CPU.Build.0 = Debug|Any CPU
		{D49453F3-A51A-49B8-B151-1C7CD92C229E}.Release|Any CPU.ActiveCfg = Release|Any CPU
		{D49453F3-A51A-49B8-B151-1C7CD92C229E}.Release|Any CPU.Build.0 = Release|Any CPU
		{D1881B9D-6D47-40CC-83BA-23F102A30DD5}.Debug|Any CPU.ActiveCfg = Debug|Any CPU
		{D1881B9D-6D47-40CC-83BA-23F102A30DD5}.Debug|Any CPU.Build.0 = Debug|Any CPU
		{D1881B9D-6D47-40CC-83BA-23F102A30DD5}.Release|Any CPU.ActiveCfg = Release|Any CPU
		{D1881B9D-6D47-40CC-83BA-23F102A30DD5}.Release|Any CPU.Build.0 = Release|Any CPU
		{66579C6A-8316-4888-8D96-36D4B49D7D51}.Debug|Any CPU.ActiveCfg = Debug|Any CPU
		{66579C6A-8316-4888-8D96-36D4B49D7D51}.Debug|Any CPU.Build.0 = Debug|Any CPU
		{66579C6A-8316-4888-8D96-36D4B49D7D51}.Release|Any CPU.ActiveCfg = Release|Any CPU
		{66579C6A-8316-4888-8D96-36D4B49D7D51}.Release|Any CPU.Build.0 = Release|Any CPU
		{32B36B8F-C5F1-4426-8E38-528B22839F3E}.Debug|Any CPU.ActiveCfg = Debug|Any CPU
		{32B36B8F-C5F1-4426-8E38-528B22839F3E}.Debug|Any CPU.Build.0 = Debug|Any CPU
		{32B36B8F-C5F1-4426-8E38-528B22839F3E}.Release|Any CPU.ActiveCfg = Release|Any CPU
		{32B36B8F-C5F1-4426-8E38-528B22839F3E}.Release|Any CPU.Build.0 = Release|Any CPU
		{D37C62B5-C15C-4F2E-A67D-E8D6324FBCBB}.Debug|Any CPU.ActiveCfg = Debug|Any CPU
		{D37C62B5-C15C-4F2E-A67D-E8D6324FBCBB}.Debug|Any CPU.Build.0 = Debug|Any CPU
		{D37C62B5-C15C-4F2E-A67D-E8D6324FBCBB}.Release|Any CPU.ActiveCfg = Release|Any CPU
		{D37C62B5-C15C-4F2E-A67D-E8D6324FBCBB}.Release|Any CPU.Build.0 = Release|Any CPU
		{0935E538-179C-4768-89B0-C0D197B4D18B}.Debug|Any CPU.ActiveCfg = Debug|Any CPU
		{0935E538-179C-4768-89B0-C0D197B4D18B}.Debug|Any CPU.Build.0 = Debug|Any CPU
		{0935E538-179C-4768-89B0-C0D197B4D18B}.Release|Any CPU.ActiveCfg = Release|Any CPU
		{0935E538-179C-4768-89B0-C0D197B4D18B}.Release|Any CPU.Build.0 = Release|Any CPU
		{5177869A-5D73-428B-88A0-6E0D3BB04A64}.Debug|Any CPU.ActiveCfg = Debug|Any CPU
		{5177869A-5D73-428B-88A0-6E0D3BB04A64}.Debug|Any CPU.Build.0 = Debug|Any CPU
		{5177869A-5D73-428B-88A0-6E0D3BB04A64}.Release|Any CPU.ActiveCfg = Release|Any CPU
		{5177869A-5D73-428B-88A0-6E0D3BB04A64}.Release|Any CPU.Build.0 = Release|Any CPU
		{08C2CFEA-B296-466D-9C5D-7C344546D64E}.Debug|Any CPU.ActiveCfg = Debug|Any CPU
		{08C2CFEA-B296-466D-9C5D-7C344546D64E}.Debug|Any CPU.Build.0 = Debug|Any CPU
		{08C2CFEA-B296-466D-9C5D-7C344546D64E}.Release|Any CPU.ActiveCfg = Release|Any CPU
		{08C2CFEA-B296-466D-9C5D-7C344546D64E}.Release|Any CPU.Build.0 = Release|Any CPU
		{21E03B48-9A74-422C-9DB1-735DA79C4776}.Debug|Any CPU.ActiveCfg = Debug|Any CPU
		{21E03B48-9A74-422C-9DB1-735DA79C4776}.Debug|Any CPU.Build.0 = Debug|Any CPU
		{21E03B48-9A74-422C-9DB1-735DA79C4776}.Release|Any CPU.ActiveCfg = Release|Any CPU
		{21E03B48-9A74-422C-9DB1-735DA79C4776}.Release|Any CPU.Build.0 = Release|Any CPU
		{1FE25651-12C4-45B4-BB9F-E2F6D1D8383F}.Debug|Any CPU.ActiveCfg = Debug|Any CPU
		{1FE25651-12C4-45B4-BB9F-E2F6D1D8383F}.Debug|Any CPU.Build.0 = Debug|Any CPU
		{1FE25651-12C4-45B4-BB9F-E2F6D1D8383F}.Release|Any CPU.ActiveCfg = Release|Any CPU
		{1FE25651-12C4-45B4-BB9F-E2F6D1D8383F}.Release|Any CPU.Build.0 = Release|Any CPU
		{EB39FC76-A723-4B6A-B8EF-71AEF80B5998}.Debug|Any CPU.ActiveCfg = Debug|Any CPU
		{EB39FC76-A723-4B6A-B8EF-71AEF80B5998}.Debug|Any CPU.Build.0 = Debug|Any CPU
		{EB39FC76-A723-4B6A-B8EF-71AEF80B5998}.Release|Any CPU.ActiveCfg = Release|Any CPU
		{EB39FC76-A723-4B6A-B8EF-71AEF80B5998}.Release|Any CPU.Build.0 = Release|Any CPU
		{240FA09F-A106-4AC7-B853-00506F76B5EF}.Debug|Any CPU.ActiveCfg = Debug|Any CPU
		{240FA09F-A106-4AC7-B853-00506F76B5EF}.Debug|Any CPU.Build.0 = Debug|Any CPU
		{240FA09F-A106-4AC7-B853-00506F76B5EF}.Release|Any CPU.ActiveCfg = Release|Any CPU
		{240FA09F-A106-4AC7-B853-00506F76B5EF}.Release|Any CPU.Build.0 = Release|Any CPU
		{800D4694-944C-44BB-9516-138ACCD22943}.Debug|Any CPU.ActiveCfg = Debug|Any CPU
		{800D4694-944C-44BB-9516-138ACCD22943}.Debug|Any CPU.Build.0 = Debug|Any CPU
		{800D4694-944C-44BB-9516-138ACCD22943}.Release|Any CPU.ActiveCfg = Release|Any CPU
		{800D4694-944C-44BB-9516-138ACCD22943}.Release|Any CPU.Build.0 = Release|Any CPU
		{CC8EBE40-4B0B-471F-B182-F1039B69D802}.Debug|Any CPU.ActiveCfg = Debug|Any CPU
		{CC8EBE40-4B0B-471F-B182-F1039B69D802}.Debug|Any CPU.Build.0 = Debug|Any CPU
		{CC8EBE40-4B0B-471F-B182-F1039B69D802}.Release|Any CPU.ActiveCfg = Release|Any CPU
		{CC8EBE40-4B0B-471F-B182-F1039B69D802}.Release|Any CPU.Build.0 = Release|Any CPU
		{5BEB8847-AD3C-45DF-A705-6F6DE3F4214D}.Debug|Any CPU.ActiveCfg = Debug|Any CPU
		{5BEB8847-AD3C-45DF-A705-6F6DE3F4214D}.Debug|Any CPU.Build.0 = Debug|Any CPU
		{5BEB8847-AD3C-45DF-A705-6F6DE3F4214D}.Release|Any CPU.ActiveCfg = Release|Any CPU
		{5BEB8847-AD3C-45DF-A705-6F6DE3F4214D}.Release|Any CPU.Build.0 = Release|Any CPU
		{CAE4AD10-4A0F-4DBD-8894-2FA91E7E6DCA}.Debug|Any CPU.ActiveCfg = Debug|Any CPU
		{CAE4AD10-4A0F-4DBD-8894-2FA91E7E6DCA}.Debug|Any CPU.Build.0 = Debug|Any CPU
		{CAE4AD10-4A0F-4DBD-8894-2FA91E7E6DCA}.Release|Any CPU.ActiveCfg = Release|Any CPU
		{CAE4AD10-4A0F-4DBD-8894-2FA91E7E6DCA}.Release|Any CPU.Build.0 = Release|Any CPU
		{CA09C859-39AE-41B4-A977-4D26D7DE6C18}.Debug|Any CPU.ActiveCfg = Debug|Any CPU
		{CA09C859-39AE-41B4-A977-4D26D7DE6C18}.Debug|Any CPU.Build.0 = Debug|Any CPU
		{CA09C859-39AE-41B4-A977-4D26D7DE6C18}.Release|Any CPU.ActiveCfg = Release|Any CPU
		{CA09C859-39AE-41B4-A977-4D26D7DE6C18}.Release|Any CPU.Build.0 = Release|Any CPU
		{D5281344-D323-4E13-8BC7-4F39814AD4A6}.Debug|Any CPU.ActiveCfg = Debug|Any CPU
		{D5281344-D323-4E13-8BC7-4F39814AD4A6}.Debug|Any CPU.Build.0 = Debug|Any CPU
		{D5281344-D323-4E13-8BC7-4F39814AD4A6}.Release|Any CPU.ActiveCfg = Release|Any CPU
		{D5281344-D323-4E13-8BC7-4F39814AD4A6}.Release|Any CPU.Build.0 = Release|Any CPU
		{872C74A2-97BD-4672-9674-BC361419AF32}.Debug|Any CPU.ActiveCfg = Debug|Any CPU
		{872C74A2-97BD-4672-9674-BC361419AF32}.Debug|Any CPU.Build.0 = Debug|Any CPU
		{872C74A2-97BD-4672-9674-BC361419AF32}.Release|Any CPU.ActiveCfg = Release|Any CPU
		{872C74A2-97BD-4672-9674-BC361419AF32}.Release|Any CPU.Build.0 = Release|Any CPU
		{12D7B81D-26FD-4BCA-9D72-AFDEA900BAAC}.Debug|Any CPU.ActiveCfg = Debug|Any CPU
		{12D7B81D-26FD-4BCA-9D72-AFDEA900BAAC}.Debug|Any CPU.Build.0 = Debug|Any CPU
		{12D7B81D-26FD-4BCA-9D72-AFDEA900BAAC}.Release|Any CPU.ActiveCfg = Release|Any CPU
		{12D7B81D-26FD-4BCA-9D72-AFDEA900BAAC}.Release|Any CPU.Build.0 = Release|Any CPU
		{80E6332B-DC83-4DFC-9C19-8D89E988BA4E}.Debug|Any CPU.ActiveCfg = Debug|Any CPU
		{80E6332B-DC83-4DFC-9C19-8D89E988BA4E}.Debug|Any CPU.Build.0 = Debug|Any CPU
		{80E6332B-DC83-4DFC-9C19-8D89E988BA4E}.Release|Any CPU.ActiveCfg = Release|Any CPU
		{80E6332B-DC83-4DFC-9C19-8D89E988BA4E}.Release|Any CPU.Build.0 = Release|Any CPU
		{67B42C20-D98A-420B-82C0-04AFD963E650}.Debug|Any CPU.ActiveCfg = Debug|Any CPU
		{67B42C20-D98A-420B-82C0-04AFD963E650}.Debug|Any CPU.Build.0 = Debug|Any CPU
		{67B42C20-D98A-420B-82C0-04AFD963E650}.Release|Any CPU.ActiveCfg = Release|Any CPU
		{67B42C20-D98A-420B-82C0-04AFD963E650}.Release|Any CPU.Build.0 = Release|Any CPU
	EndGlobalSection
	GlobalSection(SolutionProperties) = preSolution
		HideSolutionNode = FALSE
	EndGlobalSection
	GlobalSection(NestedProjects) = preSolution
		{9E0BF83B-CC6B-472A-AA6E-FFD507AE9D9F} = {4B000021-5278-4F2A-B734-DE49F55D4024}
		{94177D1E-1CD3-4878-9FB2-3EB8DFD5CC2C} = {4B000021-5278-4F2A-B734-DE49F55D4024}
		{60E282CB-156B-4A5E-9C7D-4E174EA2E024} = {4B000021-5278-4F2A-B734-DE49F55D4024}
		{074A1180-C084-4861-8A37-B5365725BE55} = {4B000021-5278-4F2A-B734-DE49F55D4024}
		{CE8FA454-D27E-4480-994A-7F40090C194A} = {4B000021-5278-4F2A-B734-DE49F55D4024}
		{924E010F-DB71-4AD5-B1C9-62E8890E64E1} = {4B000021-5278-4F2A-B734-DE49F55D4024}
		{0CA926AC-4BAD-46AF-800B-BB33069F0705} = {4B000021-5278-4F2A-B734-DE49F55D4024}
		{52F36F44-A5AA-4D06-943B-626CC9E864FB} = {4B000021-5278-4F2A-B734-DE49F55D4024}
		{56A91E9D-DBB1-4B83-8E29-868452EB86AF} = {4B000021-5278-4F2A-B734-DE49F55D4024}
		{03F1B57E-756C-4AF0-91FD-3E2871C1B193} = {4B000021-5278-4F2A-B734-DE49F55D4024}
		{BF794A51-F587-4703-8B13-223873422DCF} = {4B000021-5278-4F2A-B734-DE49F55D4024}
		{99FA7791-A190-44A2-9A77-303BFA13095F} = {4B000021-5278-4F2A-B734-DE49F55D4024}
		{90008F3E-FFBA-47C4-842F-24014256A9F8} = {4B000021-5278-4F2A-B734-DE49F55D4024}
		{D49453F3-A51A-49B8-B151-1C7CD92C229E} = {4B000021-5278-4F2A-B734-DE49F55D4024}
		{D1881B9D-6D47-40CC-83BA-23F102A30DD5} = {4B000021-5278-4F2A-B734-DE49F55D4024}
		{66579C6A-8316-4888-8D96-36D4B49D7D51} = {4B000021-5278-4F2A-B734-DE49F55D4024}
		{32B36B8F-C5F1-4426-8E38-528B22839F3E} = {3079E458-D0E6-4F99-8CAB-80011D35C7DA}
		{D37C62B5-C15C-4F2E-A67D-E8D6324FBCBB} = {3079E458-D0E6-4F99-8CAB-80011D35C7DA}
		{0935E538-179C-4768-89B0-C0D197B4D18B} = {3079E458-D0E6-4F99-8CAB-80011D35C7DA}
		{5177869A-5D73-428B-88A0-6E0D3BB04A64} = {3079E458-D0E6-4F99-8CAB-80011D35C7DA}
		{08C2CFEA-B296-466D-9C5D-7C344546D64E} = {3079E458-D0E6-4F99-8CAB-80011D35C7DA}
		{21E03B48-9A74-422C-9DB1-735DA79C4776} = {3079E458-D0E6-4F99-8CAB-80011D35C7DA}
		{1FE25651-12C4-45B4-BB9F-E2F6D1D8383F} = {3079E458-D0E6-4F99-8CAB-80011D35C7DA}
		{EB39FC76-A723-4B6A-B8EF-71AEF80B5998} = {3079E458-D0E6-4F99-8CAB-80011D35C7DA}
		{240FA09F-A106-4AC7-B853-00506F76B5EF} = {3079E458-D0E6-4F99-8CAB-80011D35C7DA}
		{800D4694-944C-44BB-9516-138ACCD22943} = {3079E458-D0E6-4F99-8CAB-80011D35C7DA}
		{CC8EBE40-4B0B-471F-B182-F1039B69D802} = {3079E458-D0E6-4F99-8CAB-80011D35C7DA}
		{5BEB8847-AD3C-45DF-A705-6F6DE3F4214D} = {3079E458-D0E6-4F99-8CAB-80011D35C7DA}
		{CAE4AD10-4A0F-4DBD-8894-2FA91E7E6DCA} = {3079E458-D0E6-4F99-8CAB-80011D35C7DA}
		{CA09C859-39AE-41B4-A977-4D26D7DE6C18} = {3079E458-D0E6-4F99-8CAB-80011D35C7DA}
		{D5281344-D323-4E13-8BC7-4F39814AD4A6} = {3079E458-D0E6-4F99-8CAB-80011D35C7DA}
		{872C74A2-97BD-4672-9674-BC361419AF32} = {3079E458-D0E6-4F99-8CAB-80011D35C7DA}
		{12D7B81D-26FD-4BCA-9D72-AFDEA900BAAC} = {4B000021-5278-4F2A-B734-DE49F55D4024}
		{80E6332B-DC83-4DFC-9C19-8D89E988BA4E} = {4B000021-5278-4F2A-B734-DE49F55D4024}
		{67B42C20-D98A-420B-82C0-04AFD963E650} = {3079E458-D0E6-4F99-8CAB-80011D35C7DA}
	EndGlobalSection
EndGlobal
