Microsoft Visual Studio Solution File, Format Version 12.00
# Visual Studio 15
VisualStudioVersion = 15.0.27130.2020
MinimumVisualStudioVersion = 10.0.40219.1
Project("{2150E333-8FDC-42A3-9474-1A3956D46DE8}") = "Solution Items", "Solution Items", "{5E7EB061-B9BC-4DA2-B5E5-859AA7C67695}"
	ProjectSection(SolutionItems) = preProject
		global.json = global.json
		NuGet.Config = NuGet.Config
	EndProjectSection
EndProject
Project("{2150E333-8FDC-42A3-9474-1A3956D46DE8}") = "src", "src", "{4B000021-5278-4F2A-B734-DE49F55D4024}"
EndProject
Project("{2150E333-8FDC-42A3-9474-1A3956D46DE8}") = "tests", "tests", "{3079E458-D0E6-4F99-8CAB-80011D35C7DA}"
EndProject
Project("{2150E333-8FDC-42A3-9474-1A3956D46DE8}") = "samples", "samples", "{E1DE693E-C1FB-4A1F-B6D8-A071D86D7354}"
EndProject
Project("{9A19103F-16F7-4668-BE54-9A1E7A4F7556}") = "LowAllocationWebServer", "samples\LowAllocationWebServer\LowAllocationWebServer.csproj", "{1979687D-C3D1-4D40-9017-269D7C092283}"
EndProject
Project("{9A19103F-16F7-4668-BE54-9A1E7A4F7556}") = "System.Buffers.Experimental", "src\System.Buffers.Experimental\System.Buffers.Experimental.csproj", "{60E282CB-156B-4A5E-9C7D-4E174EA2E024}"
EndProject
Project("{9A19103F-16F7-4668-BE54-9A1E7A4F7556}") = "System.IO.FileSystem.Watcher.Polling", "src\System.IO.FileSystem.Watcher.Polling\System.IO.FileSystem.Watcher.Polling.csproj", "{0CA926AC-4BAD-46AF-800B-BB33069F0705}"
EndProject
Project("{9A19103F-16F7-4668-BE54-9A1E7A4F7556}") = "System.Text.Formatting", "src\System.Text.Formatting\System.Text.Formatting.csproj", "{03F1B57E-756C-4AF0-91FD-3E2871C1B193}"
EndProject
Project("{9A19103F-16F7-4668-BE54-9A1E7A4F7556}") = "System.Text.Formatting.Globalization", "src\System.Text.Formatting.Globalization\System.Text.Formatting.Globalization.csproj", "{99FA7791-A190-44A2-9A77-303BFA13095F}"
EndProject
Project("{9A19103F-16F7-4668-BE54-9A1E7A4F7556}") = "System.Text.Http", "src\System.Text.Http\System.Text.Http.csproj", "{90008F3E-FFBA-47C4-842F-24014256A9F8}"
EndProject
Project("{9A19103F-16F7-4668-BE54-9A1E7A4F7556}") = "System.Text.JsonLab", "src\System.Text.JsonLab\System.Text.JsonLab.csproj", "{D49453F3-A51A-49B8-B151-1C7CD92C229E}"
EndProject
Project("{9A19103F-16F7-4668-BE54-9A1E7A4F7556}") = "System.Time", "src\System.Time\System.Time.csproj", "{66579C6A-8316-4888-8D96-36D4B49D7D51}"
EndProject
Project("{9A19103F-16F7-4668-BE54-9A1E7A4F7556}") = "System.Text.Primitives", "src\System.Text.Primitives\System.Text.Primitives.csproj", "{80E6332B-DC83-4DFC-9C19-8D89E988BA4E}"
EndProject
Project("{9A19103F-16F7-4668-BE54-9A1E7A4F7556}") = "System.Binary.Base64", "src\System.Binary.Base64\System.Binary.Base64.csproj", "{B9ECBAF7-524D-4134-AE37-EFF7802B221F}"
EndProject
Project("{9A19103F-16F7-4668-BE54-9A1E7A4F7556}") = "System.Reflection.Metadata.Cil", "src\System.Reflection.Metadata.Cil\System.Reflection.Metadata.Cil.csproj", "{12D7B81D-26FD-4BCA-9D72-AFDEA900BAAC}"
EndProject
Project("{9A19103F-16F7-4668-BE54-9A1E7A4F7556}") = "System.Text.Encodings.Web.Utf8", "src\System.Text.Encodings.Web.Utf8\System.Text.Encodings.Web.Utf8.csproj", "{20974D06-EBDC-44B8-A034-DE1440CF7A45}"
EndProject
Project("{9A19103F-16F7-4668-BE54-9A1E7A4F7556}") = "System.Collections.Sequences", "src\System.Collections.Sequences\System.Collections.Sequences.csproj", "{2D178A3D-247D-46C4-BAC3-DAB5EFC064A7}"
EndProject
Project("{9A19103F-16F7-4668-BE54-9A1E7A4F7556}") = "System.Text.JsonLab.Dynamic", "src\System.Text.JsonLab.Dynamic\System.Text.JsonLab.Dynamic.csproj", "{BB6D79C1-783F-4B87-A281-5EAB22CA7BF0}"
EndProject
Project("{9A19103F-16F7-4668-BE54-9A1E7A4F7556}") = "System.Buffers.Experimental.Tests", "tests\System.Buffers.Experimental.Tests\System.Buffers.Experimental.Tests.csproj", "{0935E538-179C-4768-89B0-C0D197B4D18B}"
EndProject
Project("{9A19103F-16F7-4668-BE54-9A1E7A4F7556}") = "System.IO.FileSystem.Watcher.Polling.Tests", "tests\System.IO.FileSystem.Watcher.Polling.Tests\System.IO.FileSystem.Watcher.Polling.Tests.csproj", "{1FE25651-12C4-45B4-BB9F-E2F6D1D8383F}"
EndProject
Project("{9A19103F-16F7-4668-BE54-9A1E7A4F7556}") = "System.Text.Formatting.Globalization.Tests", "tests\System.Text.Formatting.Globalization.Tests\System.Text.Formatting.Globalization.Tests.csproj", "{800D4694-944C-44BB-9516-138ACCD22943}"
EndProject
Project("{9A19103F-16F7-4668-BE54-9A1E7A4F7556}") = "System.Text.Formatting.Tests", "tests\System.Text.Formatting.Tests\System.Text.Formatting.Tests.csproj", "{CC8EBE40-4B0B-471F-B182-F1039B69D802}"
EndProject
Project("{9A19103F-16F7-4668-BE54-9A1E7A4F7556}") = "System.Text.Http.Tests", "tests\System.Text.Http.Tests\System.Text.Http.Tests.csproj", "{5BEB8847-AD3C-45DF-A705-6F6DE3F4214D}"
EndProject
Project("{9A19103F-16F7-4668-BE54-9A1E7A4F7556}") = "System.Text.JsonLab.Tests", "tests\System.Text.JsonLab.Tests\System.Text.JsonLab.Tests.csproj", "{CAE4AD10-4A0F-4DBD-8894-2FA91E7E6DCA}"
EndProject
Project("{9A19103F-16F7-4668-BE54-9A1E7A4F7556}") = "System.Text.Primitives.Tests", "tests\System.Text.Primitives.Tests\System.Text.Primitives.Tests.csproj", "{67B42C20-D98A-420B-82C0-04AFD963E650}"
EndProject
Project("{9A19103F-16F7-4668-BE54-9A1E7A4F7556}") = "System.Binary.Base64.Tests", "tests\System.Binary.Base64.Tests\System.Binary.Base64.Tests.csproj", "{481F242E-57E0-4904-89E2-345677D98C55}"
EndProject
Project("{9A19103F-16F7-4668-BE54-9A1E7A4F7556}") = "System.Time.Tests", "tests\System.Time.Tests\System.Time.Tests.csproj", "{872C74A2-97BD-4672-9674-BC361419AF32}"
EndProject
Project("{9A19103F-16F7-4668-BE54-9A1E7A4F7556}") = "System.Reflection.Metadata.Cil.Tests", "tests\System.Reflection.Metadata.Cil.Tests\System.Reflection.Metadata.Cil.Tests.csproj", "{C57FDCE0-2A8A-4827-95D4-439239E32EB9}"
EndProject
Project("{9A19103F-16F7-4668-BE54-9A1E7A4F7556}") = "System.Collections.Sequences.Tests", "tests\System.Collections.Sequences.Tests\System.Collections.Sequences.Tests.csproj", "{8EC131AE-D04F-4B7D-B223-D82821D8AFCC}"
EndProject
Project("{9A19103F-16F7-4668-BE54-9A1E7A4F7556}") = "System.Text.Encodings.Web.Utf8.Tests", "tests\System.Text.Encodings.Web.Utf8.Tests\System.Text.Encodings.Web.Utf8.Tests.csproj", "{D38CF672-795E-41D2-B10D-CFA87927BBDC}"
EndProject
Project("{9A19103F-16F7-4668-BE54-9A1E7A4F7556}") = "Benchmarks", "tests\Benchmarks\Benchmarks.csproj", "{E87AA970-5AE9-405E-8D34-F31EF415BE6D}"
EndProject
Project("{9A19103F-16F7-4668-BE54-9A1E7A4F7556}") = "System.Text.JsonLab.Dynamic.Tests", "tests\System.Text.JsonLab.Dynamic.Tests\System.Text.JsonLab.Dynamic.Tests.csproj", "{1ED92192-6C2A-44A5-9098-F9CBABB0292D}"
EndProject
Project("{9A19103F-16F7-4668-BE54-9A1E7A4F7556}") = "System.Buffers.Primitives", "src\System.Buffers.Primitives\System.Buffers.Primitives.csproj", "{AABC47B4-F133-4B16-920B-9BDCE22F7E97}"
EndProject
Project("{9A19103F-16F7-4668-BE54-9A1E7A4F7556}") = "System.Buffers.Primitives.Tests", "tests\System.Buffers.Primitives.Tests\System.Buffers.Primitives.Tests.csproj", "{5E04C824-5961-445E-85E2-8AC27C9AA761}"
EndProject
Project("{9A19103F-16F7-4668-BE54-9A1E7A4F7556}") = "System.Text.Utf8String", "src\System.Text.Utf8String\System.Text.Utf8String.csproj", "{07CC9F28-FC67-453B-9057-AC9025E5CA67}"
EndProject
Project("{9A19103F-16F7-4668-BE54-9A1E7A4F7556}") = "System.Text.Utf8String.Tests", "tests\System.Text.Utf8String.Tests\System.Text.Utf8String.Tests.csproj", "{C6F061D6-18D6-41E3-A692-C0603A994F30}"
EndProject
Project("{9A19103F-16F7-4668-BE54-9A1E7A4F7556}") = "System.Numerics.Tensors", "src\System.Numerics.Tensors\System.Numerics.Tensors.csproj", "{662968A7-5BCC-467B-A814-38584D0184CD}"
EndProject
Project("{9A19103F-16F7-4668-BE54-9A1E7A4F7556}") = "System.Numerics.Tensors.Tests", "tests\System.Numerics.Tensors.Tests\System.Numerics.Tensors.Tests.csproj", "{C11F232A-ED36-4DCE-A18D-BF90CED8D1B4}"
EndProject
Project("{9A19103F-16F7-4668-BE54-9A1E7A4F7556}") = "System.Azure.Experimental.Tests", "tests\System.Azure.Experimental.Tests\System.Azure.Experimental.Tests.csproj", "{0BA3C0A9-64B9-445D-B085-8FFAC09D6E37}"
EndProject
Project("{9A19103F-16F7-4668-BE54-9A1E7A4F7556}") = "System.Azure.Experimental", "src\System.Azure.Experimental\System.Azure.Experimental.csproj", "{916370AB-B0D3-4136-850B-AA12FAB23ECD}"
EndProject
Project("{9A19103F-16F7-4668-BE54-9A1E7A4F7556}") = "System.Buffers.ReaderWriter", "src\System.Buffers.ReaderWriter\System.Buffers.ReaderWriter.csproj", "{C5F9D191-CA3B-4648-B8A9-62E33B4622EB}"
EndProject
Project("{9A19103F-16F7-4668-BE54-9A1E7A4F7556}") = "System.Buffers.ReaderWriter.Tests", "tests\System.Buffers.ReaderWriter.Tests\System.Buffers.ReaderWriter.Tests.csproj", "{D9FFEC52-B701-4DB5-969C-BAC4F8EB220C}"
EndProject
Project("{9A19103F-16F7-4668-BE54-9A1E7A4F7556}") = "System.Memory.Polyfill", "src\System.Memory.Polyfill\System.Memory.Polyfill.csproj", "{E88CDE01-A6E6-4FDF-8FC7-0A9B0D1C76C1}"
EndProject
Project("{9A19103F-16F7-4668-BE54-9A1E7A4F7556}") = "System.Memory.Polyfill.Tests", "tests\System.Memory.Polyfill.Tests\System.Memory.Polyfill.Tests.csproj", "{0F854F2B-8F87-4D83-8EDE-F392D85C2D9C}"
EndProject
Project("{9A19103F-16F7-4668-BE54-9A1E7A4F7556}") = "System.Reflection.TypeLoader", "src\System.Reflection.TypeLoader\System.Reflection.TypeLoader.csproj", "{14CA043D-613F-4145-9276-E6116B2B4465}"
EndProject
Project("{9A19103F-16F7-4668-BE54-9A1E7A4F7556}") = "System.Reflection.TypeLoader.Tests", "tests\System.Reflection.TypeLoader.Tests\System.Reflection.TypeLoader.Tests.csproj", "{70873943-22E2-4254-9CE6-A0186586DCEC}"
EndProject
Project("{9A19103F-16F7-4668-BE54-9A1E7A4F7556}") = "Microsoft.Experimental.Collections", "src\Microsoft.Experimental.Collections\Microsoft.Experimental.Collections.csproj", "{25E150ED-EAE6-4EB0-BA94-2FE25826EEDE}"
EndProject
Project("{9A19103F-16F7-4668-BE54-9A1E7A4F7556}") = "Microsoft.Experimental.Collections.Tests", "tests\Microsoft.Experimental.Collections.Tests\Microsoft.Experimental.Collections.Tests.csproj", "{71D6F42F-95F7-486D-A659-22503A6D3D46}"
EndProject
Project("{9A19103F-16F7-4668-BE54-9A1E7A4F7556}") = "System.Security.Cryptography.Asn1.Experimental", "src\System.Security.Cryptography.Asn1.Experimental\System.Security.Cryptography.Asn1.Experimental.csproj", "{D117AC96-F53F-47A8-81DF-F4A7CCEDB58E}"
EndProject
Project("{9A19103F-16F7-4668-BE54-9A1E7A4F7556}") = "System.Security.Cryptography.Asn1.Experimental.Tests", "tests\System.Security.Cryptography.Asn1.Experimental.Tests\System.Security.Cryptography.Asn1.Experimental.Tests.csproj", "{C58BC591-9C3F-44E8-8408-7C57B1806B21}"
EndProject
Global
	GlobalSection(SolutionConfigurationPlatforms) = preSolution
		Debug|Any CPU = Debug|Any CPU
		Debug|x64 = Debug|x64
		Debug|x86 = Debug|x86
		Release|Any CPU = Release|Any CPU
		Release|x64 = Release|x64
		Release|x86 = Release|x86
	EndGlobalSection
	GlobalSection(ProjectConfigurationPlatforms) = postSolution
		{1979687D-C3D1-4D40-9017-269D7C092283}.Debug|Any CPU.ActiveCfg = Debug|Any CPU
		{1979687D-C3D1-4D40-9017-269D7C092283}.Debug|Any CPU.Build.0 = Debug|Any CPU
		{1979687D-C3D1-4D40-9017-269D7C092283}.Debug|x64.ActiveCfg = Debug|Any CPU
		{1979687D-C3D1-4D40-9017-269D7C092283}.Debug|x64.Build.0 = Debug|Any CPU
		{1979687D-C3D1-4D40-9017-269D7C092283}.Debug|x86.ActiveCfg = Debug|Any CPU
		{1979687D-C3D1-4D40-9017-269D7C092283}.Debug|x86.Build.0 = Debug|Any CPU
		{1979687D-C3D1-4D40-9017-269D7C092283}.Release|Any CPU.ActiveCfg = Release|Any CPU
		{1979687D-C3D1-4D40-9017-269D7C092283}.Release|Any CPU.Build.0 = Release|Any CPU
		{1979687D-C3D1-4D40-9017-269D7C092283}.Release|x64.ActiveCfg = Release|Any CPU
		{1979687D-C3D1-4D40-9017-269D7C092283}.Release|x64.Build.0 = Release|Any CPU
		{1979687D-C3D1-4D40-9017-269D7C092283}.Release|x86.ActiveCfg = Release|Any CPU
		{1979687D-C3D1-4D40-9017-269D7C092283}.Release|x86.Build.0 = Release|Any CPU
		{60E282CB-156B-4A5E-9C7D-4E174EA2E024}.Debug|Any CPU.ActiveCfg = Debug|Any CPU
		{60E282CB-156B-4A5E-9C7D-4E174EA2E024}.Debug|Any CPU.Build.0 = Debug|Any CPU
		{60E282CB-156B-4A5E-9C7D-4E174EA2E024}.Debug|x64.ActiveCfg = Debug|Any CPU
		{60E282CB-156B-4A5E-9C7D-4E174EA2E024}.Debug|x64.Build.0 = Debug|Any CPU
		{60E282CB-156B-4A5E-9C7D-4E174EA2E024}.Debug|x86.ActiveCfg = Debug|Any CPU
		{60E282CB-156B-4A5E-9C7D-4E174EA2E024}.Debug|x86.Build.0 = Debug|Any CPU
		{60E282CB-156B-4A5E-9C7D-4E174EA2E024}.Release|Any CPU.ActiveCfg = Release|Any CPU
		{60E282CB-156B-4A5E-9C7D-4E174EA2E024}.Release|Any CPU.Build.0 = Release|Any CPU
		{60E282CB-156B-4A5E-9C7D-4E174EA2E024}.Release|x64.ActiveCfg = Release|Any CPU
		{60E282CB-156B-4A5E-9C7D-4E174EA2E024}.Release|x64.Build.0 = Release|Any CPU
		{60E282CB-156B-4A5E-9C7D-4E174EA2E024}.Release|x86.ActiveCfg = Release|Any CPU
		{60E282CB-156B-4A5E-9C7D-4E174EA2E024}.Release|x86.Build.0 = Release|Any CPU
		{0CA926AC-4BAD-46AF-800B-BB33069F0705}.Debug|Any CPU.ActiveCfg = Debug|Any CPU
		{0CA926AC-4BAD-46AF-800B-BB33069F0705}.Debug|Any CPU.Build.0 = Debug|Any CPU
		{0CA926AC-4BAD-46AF-800B-BB33069F0705}.Debug|x64.ActiveCfg = Debug|Any CPU
		{0CA926AC-4BAD-46AF-800B-BB33069F0705}.Debug|x64.Build.0 = Debug|Any CPU
		{0CA926AC-4BAD-46AF-800B-BB33069F0705}.Debug|x86.ActiveCfg = Debug|Any CPU
		{0CA926AC-4BAD-46AF-800B-BB33069F0705}.Debug|x86.Build.0 = Debug|Any CPU
		{0CA926AC-4BAD-46AF-800B-BB33069F0705}.Release|Any CPU.ActiveCfg = Release|Any CPU
		{0CA926AC-4BAD-46AF-800B-BB33069F0705}.Release|Any CPU.Build.0 = Release|Any CPU
		{0CA926AC-4BAD-46AF-800B-BB33069F0705}.Release|x64.ActiveCfg = Release|Any CPU
		{0CA926AC-4BAD-46AF-800B-BB33069F0705}.Release|x64.Build.0 = Release|Any CPU
		{0CA926AC-4BAD-46AF-800B-BB33069F0705}.Release|x86.ActiveCfg = Release|Any CPU
		{0CA926AC-4BAD-46AF-800B-BB33069F0705}.Release|x86.Build.0 = Release|Any CPU
		{03F1B57E-756C-4AF0-91FD-3E2871C1B193}.Debug|Any CPU.ActiveCfg = Debug|Any CPU
		{03F1B57E-756C-4AF0-91FD-3E2871C1B193}.Debug|Any CPU.Build.0 = Debug|Any CPU
		{03F1B57E-756C-4AF0-91FD-3E2871C1B193}.Debug|x64.ActiveCfg = Debug|Any CPU
		{03F1B57E-756C-4AF0-91FD-3E2871C1B193}.Debug|x64.Build.0 = Debug|Any CPU
		{03F1B57E-756C-4AF0-91FD-3E2871C1B193}.Debug|x86.ActiveCfg = Debug|Any CPU
		{03F1B57E-756C-4AF0-91FD-3E2871C1B193}.Debug|x86.Build.0 = Debug|Any CPU
		{03F1B57E-756C-4AF0-91FD-3E2871C1B193}.Release|Any CPU.ActiveCfg = Release|Any CPU
		{03F1B57E-756C-4AF0-91FD-3E2871C1B193}.Release|Any CPU.Build.0 = Release|Any CPU
		{03F1B57E-756C-4AF0-91FD-3E2871C1B193}.Release|x64.ActiveCfg = Release|Any CPU
		{03F1B57E-756C-4AF0-91FD-3E2871C1B193}.Release|x64.Build.0 = Release|Any CPU
		{03F1B57E-756C-4AF0-91FD-3E2871C1B193}.Release|x86.ActiveCfg = Release|Any CPU
		{03F1B57E-756C-4AF0-91FD-3E2871C1B193}.Release|x86.Build.0 = Release|Any CPU
		{99FA7791-A190-44A2-9A77-303BFA13095F}.Debug|Any CPU.ActiveCfg = Debug|Any CPU
		{99FA7791-A190-44A2-9A77-303BFA13095F}.Debug|Any CPU.Build.0 = Debug|Any CPU
		{99FA7791-A190-44A2-9A77-303BFA13095F}.Debug|x64.ActiveCfg = Debug|Any CPU
		{99FA7791-A190-44A2-9A77-303BFA13095F}.Debug|x64.Build.0 = Debug|Any CPU
		{99FA7791-A190-44A2-9A77-303BFA13095F}.Debug|x86.ActiveCfg = Debug|Any CPU
		{99FA7791-A190-44A2-9A77-303BFA13095F}.Debug|x86.Build.0 = Debug|Any CPU
		{99FA7791-A190-44A2-9A77-303BFA13095F}.Release|Any CPU.ActiveCfg = Release|Any CPU
		{99FA7791-A190-44A2-9A77-303BFA13095F}.Release|Any CPU.Build.0 = Release|Any CPU
		{99FA7791-A190-44A2-9A77-303BFA13095F}.Release|x64.ActiveCfg = Release|Any CPU
		{99FA7791-A190-44A2-9A77-303BFA13095F}.Release|x64.Build.0 = Release|Any CPU
		{99FA7791-A190-44A2-9A77-303BFA13095F}.Release|x86.ActiveCfg = Release|Any CPU
		{99FA7791-A190-44A2-9A77-303BFA13095F}.Release|x86.Build.0 = Release|Any CPU
		{90008F3E-FFBA-47C4-842F-24014256A9F8}.Debug|Any CPU.ActiveCfg = Debug|Any CPU
		{90008F3E-FFBA-47C4-842F-24014256A9F8}.Debug|Any CPU.Build.0 = Debug|Any CPU
		{90008F3E-FFBA-47C4-842F-24014256A9F8}.Debug|x64.ActiveCfg = Debug|Any CPU
		{90008F3E-FFBA-47C4-842F-24014256A9F8}.Debug|x64.Build.0 = Debug|Any CPU
		{90008F3E-FFBA-47C4-842F-24014256A9F8}.Debug|x86.ActiveCfg = Debug|Any CPU
		{90008F3E-FFBA-47C4-842F-24014256A9F8}.Debug|x86.Build.0 = Debug|Any CPU
		{90008F3E-FFBA-47C4-842F-24014256A9F8}.Release|Any CPU.ActiveCfg = Release|Any CPU
		{90008F3E-FFBA-47C4-842F-24014256A9F8}.Release|Any CPU.Build.0 = Release|Any CPU
		{90008F3E-FFBA-47C4-842F-24014256A9F8}.Release|x64.ActiveCfg = Release|Any CPU
		{90008F3E-FFBA-47C4-842F-24014256A9F8}.Release|x64.Build.0 = Release|Any CPU
		{90008F3E-FFBA-47C4-842F-24014256A9F8}.Release|x86.ActiveCfg = Release|Any CPU
		{90008F3E-FFBA-47C4-842F-24014256A9F8}.Release|x86.Build.0 = Release|Any CPU
		{D49453F3-A51A-49B8-B151-1C7CD92C229E}.Debug|Any CPU.ActiveCfg = Debug|Any CPU
		{D49453F3-A51A-49B8-B151-1C7CD92C229E}.Debug|Any CPU.Build.0 = Debug|Any CPU
		{D49453F3-A51A-49B8-B151-1C7CD92C229E}.Debug|x64.ActiveCfg = Debug|Any CPU
		{D49453F3-A51A-49B8-B151-1C7CD92C229E}.Debug|x64.Build.0 = Debug|Any CPU
		{D49453F3-A51A-49B8-B151-1C7CD92C229E}.Debug|x86.ActiveCfg = Debug|Any CPU
		{D49453F3-A51A-49B8-B151-1C7CD92C229E}.Debug|x86.Build.0 = Debug|Any CPU
		{D49453F3-A51A-49B8-B151-1C7CD92C229E}.Release|Any CPU.ActiveCfg = Release|Any CPU
		{D49453F3-A51A-49B8-B151-1C7CD92C229E}.Release|Any CPU.Build.0 = Release|Any CPU
		{D49453F3-A51A-49B8-B151-1C7CD92C229E}.Release|x64.ActiveCfg = Release|Any CPU
		{D49453F3-A51A-49B8-B151-1C7CD92C229E}.Release|x64.Build.0 = Release|Any CPU
		{D49453F3-A51A-49B8-B151-1C7CD92C229E}.Release|x86.ActiveCfg = Release|Any CPU
		{D49453F3-A51A-49B8-B151-1C7CD92C229E}.Release|x86.Build.0 = Release|Any CPU
		{66579C6A-8316-4888-8D96-36D4B49D7D51}.Debug|Any CPU.ActiveCfg = Debug|Any CPU
		{66579C6A-8316-4888-8D96-36D4B49D7D51}.Debug|Any CPU.Build.0 = Debug|Any CPU
		{66579C6A-8316-4888-8D96-36D4B49D7D51}.Debug|x64.ActiveCfg = Debug|Any CPU
		{66579C6A-8316-4888-8D96-36D4B49D7D51}.Debug|x64.Build.0 = Debug|Any CPU
		{66579C6A-8316-4888-8D96-36D4B49D7D51}.Debug|x86.ActiveCfg = Debug|Any CPU
		{66579C6A-8316-4888-8D96-36D4B49D7D51}.Debug|x86.Build.0 = Debug|Any CPU
		{66579C6A-8316-4888-8D96-36D4B49D7D51}.Release|Any CPU.ActiveCfg = Release|Any CPU
		{66579C6A-8316-4888-8D96-36D4B49D7D51}.Release|Any CPU.Build.0 = Release|Any CPU
		{66579C6A-8316-4888-8D96-36D4B49D7D51}.Release|x64.ActiveCfg = Release|Any CPU
		{66579C6A-8316-4888-8D96-36D4B49D7D51}.Release|x64.Build.0 = Release|Any CPU
		{66579C6A-8316-4888-8D96-36D4B49D7D51}.Release|x86.ActiveCfg = Release|Any CPU
		{66579C6A-8316-4888-8D96-36D4B49D7D51}.Release|x86.Build.0 = Release|Any CPU
		{80E6332B-DC83-4DFC-9C19-8D89E988BA4E}.Debug|Any CPU.ActiveCfg = Debug|Any CPU
		{80E6332B-DC83-4DFC-9C19-8D89E988BA4E}.Debug|Any CPU.Build.0 = Debug|Any CPU
		{80E6332B-DC83-4DFC-9C19-8D89E988BA4E}.Debug|x64.ActiveCfg = Debug|Any CPU
		{80E6332B-DC83-4DFC-9C19-8D89E988BA4E}.Debug|x64.Build.0 = Debug|Any CPU
		{80E6332B-DC83-4DFC-9C19-8D89E988BA4E}.Debug|x86.ActiveCfg = Debug|Any CPU
		{80E6332B-DC83-4DFC-9C19-8D89E988BA4E}.Debug|x86.Build.0 = Debug|Any CPU
		{80E6332B-DC83-4DFC-9C19-8D89E988BA4E}.Release|Any CPU.ActiveCfg = Release|Any CPU
		{80E6332B-DC83-4DFC-9C19-8D89E988BA4E}.Release|Any CPU.Build.0 = Release|Any CPU
		{80E6332B-DC83-4DFC-9C19-8D89E988BA4E}.Release|x64.ActiveCfg = Release|Any CPU
		{80E6332B-DC83-4DFC-9C19-8D89E988BA4E}.Release|x64.Build.0 = Release|Any CPU
		{80E6332B-DC83-4DFC-9C19-8D89E988BA4E}.Release|x86.ActiveCfg = Release|Any CPU
		{80E6332B-DC83-4DFC-9C19-8D89E988BA4E}.Release|x86.Build.0 = Release|Any CPU
		{B9ECBAF7-524D-4134-AE37-EFF7802B221F}.Debug|Any CPU.ActiveCfg = Debug|Any CPU
		{B9ECBAF7-524D-4134-AE37-EFF7802B221F}.Debug|Any CPU.Build.0 = Debug|Any CPU
		{B9ECBAF7-524D-4134-AE37-EFF7802B221F}.Debug|x64.ActiveCfg = Debug|Any CPU
		{B9ECBAF7-524D-4134-AE37-EFF7802B221F}.Debug|x64.Build.0 = Debug|Any CPU
		{B9ECBAF7-524D-4134-AE37-EFF7802B221F}.Debug|x86.ActiveCfg = Debug|Any CPU
		{B9ECBAF7-524D-4134-AE37-EFF7802B221F}.Debug|x86.Build.0 = Debug|Any CPU
		{B9ECBAF7-524D-4134-AE37-EFF7802B221F}.Release|Any CPU.ActiveCfg = Release|Any CPU
		{B9ECBAF7-524D-4134-AE37-EFF7802B221F}.Release|Any CPU.Build.0 = Release|Any CPU
		{B9ECBAF7-524D-4134-AE37-EFF7802B221F}.Release|x64.ActiveCfg = Release|Any CPU
		{B9ECBAF7-524D-4134-AE37-EFF7802B221F}.Release|x64.Build.0 = Release|Any CPU
		{B9ECBAF7-524D-4134-AE37-EFF7802B221F}.Release|x86.ActiveCfg = Release|Any CPU
		{B9ECBAF7-524D-4134-AE37-EFF7802B221F}.Release|x86.Build.0 = Release|Any CPU
		{12D7B81D-26FD-4BCA-9D72-AFDEA900BAAC}.Debug|Any CPU.ActiveCfg = Debug|Any CPU
		{12D7B81D-26FD-4BCA-9D72-AFDEA900BAAC}.Debug|Any CPU.Build.0 = Debug|Any CPU
		{12D7B81D-26FD-4BCA-9D72-AFDEA900BAAC}.Debug|x64.ActiveCfg = Debug|Any CPU
		{12D7B81D-26FD-4BCA-9D72-AFDEA900BAAC}.Debug|x64.Build.0 = Debug|Any CPU
		{12D7B81D-26FD-4BCA-9D72-AFDEA900BAAC}.Debug|x86.ActiveCfg = Debug|Any CPU
		{12D7B81D-26FD-4BCA-9D72-AFDEA900BAAC}.Debug|x86.Build.0 = Debug|Any CPU
		{12D7B81D-26FD-4BCA-9D72-AFDEA900BAAC}.Release|Any CPU.ActiveCfg = Release|Any CPU
		{12D7B81D-26FD-4BCA-9D72-AFDEA900BAAC}.Release|Any CPU.Build.0 = Release|Any CPU
		{12D7B81D-26FD-4BCA-9D72-AFDEA900BAAC}.Release|x64.ActiveCfg = Release|Any CPU
		{12D7B81D-26FD-4BCA-9D72-AFDEA900BAAC}.Release|x64.Build.0 = Release|Any CPU
		{12D7B81D-26FD-4BCA-9D72-AFDEA900BAAC}.Release|x86.ActiveCfg = Release|Any CPU
		{12D7B81D-26FD-4BCA-9D72-AFDEA900BAAC}.Release|x86.Build.0 = Release|Any CPU
		{20974D06-EBDC-44B8-A034-DE1440CF7A45}.Debug|Any CPU.ActiveCfg = Debug|Any CPU
		{20974D06-EBDC-44B8-A034-DE1440CF7A45}.Debug|Any CPU.Build.0 = Debug|Any CPU
		{20974D06-EBDC-44B8-A034-DE1440CF7A45}.Debug|x64.ActiveCfg = Debug|Any CPU
		{20974D06-EBDC-44B8-A034-DE1440CF7A45}.Debug|x64.Build.0 = Debug|Any CPU
		{20974D06-EBDC-44B8-A034-DE1440CF7A45}.Debug|x86.ActiveCfg = Debug|Any CPU
		{20974D06-EBDC-44B8-A034-DE1440CF7A45}.Debug|x86.Build.0 = Debug|Any CPU
		{20974D06-EBDC-44B8-A034-DE1440CF7A45}.Release|Any CPU.ActiveCfg = Release|Any CPU
		{20974D06-EBDC-44B8-A034-DE1440CF7A45}.Release|Any CPU.Build.0 = Release|Any CPU
		{20974D06-EBDC-44B8-A034-DE1440CF7A45}.Release|x64.ActiveCfg = Release|Any CPU
		{20974D06-EBDC-44B8-A034-DE1440CF7A45}.Release|x64.Build.0 = Release|Any CPU
		{20974D06-EBDC-44B8-A034-DE1440CF7A45}.Release|x86.ActiveCfg = Release|Any CPU
		{20974D06-EBDC-44B8-A034-DE1440CF7A45}.Release|x86.Build.0 = Release|Any CPU
		{2D178A3D-247D-46C4-BAC3-DAB5EFC064A7}.Debug|Any CPU.ActiveCfg = Debug|Any CPU
		{2D178A3D-247D-46C4-BAC3-DAB5EFC064A7}.Debug|Any CPU.Build.0 = Debug|Any CPU
		{2D178A3D-247D-46C4-BAC3-DAB5EFC064A7}.Debug|x64.ActiveCfg = Debug|Any CPU
		{2D178A3D-247D-46C4-BAC3-DAB5EFC064A7}.Debug|x64.Build.0 = Debug|Any CPU
		{2D178A3D-247D-46C4-BAC3-DAB5EFC064A7}.Debug|x86.ActiveCfg = Debug|Any CPU
		{2D178A3D-247D-46C4-BAC3-DAB5EFC064A7}.Debug|x86.Build.0 = Debug|Any CPU
		{2D178A3D-247D-46C4-BAC3-DAB5EFC064A7}.Release|Any CPU.ActiveCfg = Release|Any CPU
		{2D178A3D-247D-46C4-BAC3-DAB5EFC064A7}.Release|Any CPU.Build.0 = Release|Any CPU
		{2D178A3D-247D-46C4-BAC3-DAB5EFC064A7}.Release|x64.ActiveCfg = Release|Any CPU
		{2D178A3D-247D-46C4-BAC3-DAB5EFC064A7}.Release|x64.Build.0 = Release|Any CPU
		{2D178A3D-247D-46C4-BAC3-DAB5EFC064A7}.Release|x86.ActiveCfg = Release|Any CPU
		{2D178A3D-247D-46C4-BAC3-DAB5EFC064A7}.Release|x86.Build.0 = Release|Any CPU
		{BB6D79C1-783F-4B87-A281-5EAB22CA7BF0}.Debug|Any CPU.ActiveCfg = Debug|Any CPU
		{BB6D79C1-783F-4B87-A281-5EAB22CA7BF0}.Debug|Any CPU.Build.0 = Debug|Any CPU
		{BB6D79C1-783F-4B87-A281-5EAB22CA7BF0}.Debug|x64.ActiveCfg = Debug|Any CPU
		{BB6D79C1-783F-4B87-A281-5EAB22CA7BF0}.Debug|x64.Build.0 = Debug|Any CPU
		{BB6D79C1-783F-4B87-A281-5EAB22CA7BF0}.Debug|x86.ActiveCfg = Debug|Any CPU
		{BB6D79C1-783F-4B87-A281-5EAB22CA7BF0}.Debug|x86.Build.0 = Debug|Any CPU
		{BB6D79C1-783F-4B87-A281-5EAB22CA7BF0}.Release|Any CPU.ActiveCfg = Release|Any CPU
		{BB6D79C1-783F-4B87-A281-5EAB22CA7BF0}.Release|Any CPU.Build.0 = Release|Any CPU
		{BB6D79C1-783F-4B87-A281-5EAB22CA7BF0}.Release|x64.ActiveCfg = Release|Any CPU
		{BB6D79C1-783F-4B87-A281-5EAB22CA7BF0}.Release|x64.Build.0 = Release|Any CPU
		{BB6D79C1-783F-4B87-A281-5EAB22CA7BF0}.Release|x86.ActiveCfg = Release|Any CPU
		{BB6D79C1-783F-4B87-A281-5EAB22CA7BF0}.Release|x86.Build.0 = Release|Any CPU
		{0935E538-179C-4768-89B0-C0D197B4D18B}.Debug|Any CPU.ActiveCfg = Debug|Any CPU
		{0935E538-179C-4768-89B0-C0D197B4D18B}.Debug|Any CPU.Build.0 = Debug|Any CPU
		{0935E538-179C-4768-89B0-C0D197B4D18B}.Debug|x64.ActiveCfg = Debug|Any CPU
		{0935E538-179C-4768-89B0-C0D197B4D18B}.Debug|x64.Build.0 = Debug|Any CPU
		{0935E538-179C-4768-89B0-C0D197B4D18B}.Debug|x86.ActiveCfg = Debug|Any CPU
		{0935E538-179C-4768-89B0-C0D197B4D18B}.Debug|x86.Build.0 = Debug|Any CPU
		{0935E538-179C-4768-89B0-C0D197B4D18B}.Release|Any CPU.ActiveCfg = Release|Any CPU
		{0935E538-179C-4768-89B0-C0D197B4D18B}.Release|Any CPU.Build.0 = Release|Any CPU
		{0935E538-179C-4768-89B0-C0D197B4D18B}.Release|x64.ActiveCfg = Release|Any CPU
		{0935E538-179C-4768-89B0-C0D197B4D18B}.Release|x64.Build.0 = Release|Any CPU
		{0935E538-179C-4768-89B0-C0D197B4D18B}.Release|x86.ActiveCfg = Release|Any CPU
		{0935E538-179C-4768-89B0-C0D197B4D18B}.Release|x86.Build.0 = Release|Any CPU
		{1FE25651-12C4-45B4-BB9F-E2F6D1D8383F}.Debug|Any CPU.ActiveCfg = Debug|Any CPU
		{1FE25651-12C4-45B4-BB9F-E2F6D1D8383F}.Debug|Any CPU.Build.0 = Debug|Any CPU
		{1FE25651-12C4-45B4-BB9F-E2F6D1D8383F}.Debug|x64.ActiveCfg = Debug|Any CPU
		{1FE25651-12C4-45B4-BB9F-E2F6D1D8383F}.Debug|x64.Build.0 = Debug|Any CPU
		{1FE25651-12C4-45B4-BB9F-E2F6D1D8383F}.Debug|x86.ActiveCfg = Debug|Any CPU
		{1FE25651-12C4-45B4-BB9F-E2F6D1D8383F}.Debug|x86.Build.0 = Debug|Any CPU
		{1FE25651-12C4-45B4-BB9F-E2F6D1D8383F}.Release|Any CPU.ActiveCfg = Release|Any CPU
		{1FE25651-12C4-45B4-BB9F-E2F6D1D8383F}.Release|Any CPU.Build.0 = Release|Any CPU
		{1FE25651-12C4-45B4-BB9F-E2F6D1D8383F}.Release|x64.ActiveCfg = Release|Any CPU
		{1FE25651-12C4-45B4-BB9F-E2F6D1D8383F}.Release|x64.Build.0 = Release|Any CPU
		{1FE25651-12C4-45B4-BB9F-E2F6D1D8383F}.Release|x86.ActiveCfg = Release|Any CPU
		{1FE25651-12C4-45B4-BB9F-E2F6D1D8383F}.Release|x86.Build.0 = Release|Any CPU
		{800D4694-944C-44BB-9516-138ACCD22943}.Debug|Any CPU.ActiveCfg = Debug|Any CPU
		{800D4694-944C-44BB-9516-138ACCD22943}.Debug|Any CPU.Build.0 = Debug|Any CPU
		{800D4694-944C-44BB-9516-138ACCD22943}.Debug|x64.ActiveCfg = Debug|Any CPU
		{800D4694-944C-44BB-9516-138ACCD22943}.Debug|x64.Build.0 = Debug|Any CPU
		{800D4694-944C-44BB-9516-138ACCD22943}.Debug|x86.ActiveCfg = Debug|Any CPU
		{800D4694-944C-44BB-9516-138ACCD22943}.Debug|x86.Build.0 = Debug|Any CPU
		{800D4694-944C-44BB-9516-138ACCD22943}.Release|Any CPU.ActiveCfg = Release|Any CPU
		{800D4694-944C-44BB-9516-138ACCD22943}.Release|Any CPU.Build.0 = Release|Any CPU
		{800D4694-944C-44BB-9516-138ACCD22943}.Release|x64.ActiveCfg = Release|Any CPU
		{800D4694-944C-44BB-9516-138ACCD22943}.Release|x64.Build.0 = Release|Any CPU
		{800D4694-944C-44BB-9516-138ACCD22943}.Release|x86.ActiveCfg = Release|Any CPU
		{800D4694-944C-44BB-9516-138ACCD22943}.Release|x86.Build.0 = Release|Any CPU
		{CC8EBE40-4B0B-471F-B182-F1039B69D802}.Debug|Any CPU.ActiveCfg = Debug|Any CPU
		{CC8EBE40-4B0B-471F-B182-F1039B69D802}.Debug|Any CPU.Build.0 = Debug|Any CPU
		{CC8EBE40-4B0B-471F-B182-F1039B69D802}.Debug|x64.ActiveCfg = Debug|Any CPU
		{CC8EBE40-4B0B-471F-B182-F1039B69D802}.Debug|x64.Build.0 = Debug|Any CPU
		{CC8EBE40-4B0B-471F-B182-F1039B69D802}.Debug|x86.ActiveCfg = Debug|Any CPU
		{CC8EBE40-4B0B-471F-B182-F1039B69D802}.Debug|x86.Build.0 = Debug|Any CPU
		{CC8EBE40-4B0B-471F-B182-F1039B69D802}.Release|Any CPU.ActiveCfg = Release|Any CPU
		{CC8EBE40-4B0B-471F-B182-F1039B69D802}.Release|Any CPU.Build.0 = Release|Any CPU
		{CC8EBE40-4B0B-471F-B182-F1039B69D802}.Release|x64.ActiveCfg = Release|Any CPU
		{CC8EBE40-4B0B-471F-B182-F1039B69D802}.Release|x64.Build.0 = Release|Any CPU
		{CC8EBE40-4B0B-471F-B182-F1039B69D802}.Release|x86.ActiveCfg = Release|Any CPU
		{CC8EBE40-4B0B-471F-B182-F1039B69D802}.Release|x86.Build.0 = Release|Any CPU
		{5BEB8847-AD3C-45DF-A705-6F6DE3F4214D}.Debug|Any CPU.ActiveCfg = Debug|Any CPU
		{5BEB8847-AD3C-45DF-A705-6F6DE3F4214D}.Debug|Any CPU.Build.0 = Debug|Any CPU
		{5BEB8847-AD3C-45DF-A705-6F6DE3F4214D}.Debug|x64.ActiveCfg = Debug|Any CPU
		{5BEB8847-AD3C-45DF-A705-6F6DE3F4214D}.Debug|x64.Build.0 = Debug|Any CPU
		{5BEB8847-AD3C-45DF-A705-6F6DE3F4214D}.Debug|x86.ActiveCfg = Debug|Any CPU
		{5BEB8847-AD3C-45DF-A705-6F6DE3F4214D}.Debug|x86.Build.0 = Debug|Any CPU
		{5BEB8847-AD3C-45DF-A705-6F6DE3F4214D}.Release|Any CPU.ActiveCfg = Release|Any CPU
		{5BEB8847-AD3C-45DF-A705-6F6DE3F4214D}.Release|Any CPU.Build.0 = Release|Any CPU
		{5BEB8847-AD3C-45DF-A705-6F6DE3F4214D}.Release|x64.ActiveCfg = Release|Any CPU
		{5BEB8847-AD3C-45DF-A705-6F6DE3F4214D}.Release|x64.Build.0 = Release|Any CPU
		{5BEB8847-AD3C-45DF-A705-6F6DE3F4214D}.Release|x86.ActiveCfg = Release|Any CPU
		{5BEB8847-AD3C-45DF-A705-6F6DE3F4214D}.Release|x86.Build.0 = Release|Any CPU
		{CAE4AD10-4A0F-4DBD-8894-2FA91E7E6DCA}.Debug|Any CPU.ActiveCfg = Debug|Any CPU
		{CAE4AD10-4A0F-4DBD-8894-2FA91E7E6DCA}.Debug|Any CPU.Build.0 = Debug|Any CPU
		{CAE4AD10-4A0F-4DBD-8894-2FA91E7E6DCA}.Debug|x64.ActiveCfg = Debug|Any CPU
		{CAE4AD10-4A0F-4DBD-8894-2FA91E7E6DCA}.Debug|x64.Build.0 = Debug|Any CPU
		{CAE4AD10-4A0F-4DBD-8894-2FA91E7E6DCA}.Debug|x86.ActiveCfg = Debug|Any CPU
		{CAE4AD10-4A0F-4DBD-8894-2FA91E7E6DCA}.Debug|x86.Build.0 = Debug|Any CPU
		{CAE4AD10-4A0F-4DBD-8894-2FA91E7E6DCA}.Release|Any CPU.ActiveCfg = Release|Any CPU
		{CAE4AD10-4A0F-4DBD-8894-2FA91E7E6DCA}.Release|Any CPU.Build.0 = Release|Any CPU
		{CAE4AD10-4A0F-4DBD-8894-2FA91E7E6DCA}.Release|x64.ActiveCfg = Release|Any CPU
		{CAE4AD10-4A0F-4DBD-8894-2FA91E7E6DCA}.Release|x64.Build.0 = Release|Any CPU
		{CAE4AD10-4A0F-4DBD-8894-2FA91E7E6DCA}.Release|x86.ActiveCfg = Release|Any CPU
		{CAE4AD10-4A0F-4DBD-8894-2FA91E7E6DCA}.Release|x86.Build.0 = Release|Any CPU
		{67B42C20-D98A-420B-82C0-04AFD963E650}.Debug|Any CPU.ActiveCfg = Debug|Any CPU
		{67B42C20-D98A-420B-82C0-04AFD963E650}.Debug|Any CPU.Build.0 = Debug|Any CPU
		{67B42C20-D98A-420B-82C0-04AFD963E650}.Debug|x64.ActiveCfg = Debug|Any CPU
		{67B42C20-D98A-420B-82C0-04AFD963E650}.Debug|x64.Build.0 = Debug|Any CPU
		{67B42C20-D98A-420B-82C0-04AFD963E650}.Debug|x86.ActiveCfg = Debug|Any CPU
		{67B42C20-D98A-420B-82C0-04AFD963E650}.Debug|x86.Build.0 = Debug|Any CPU
		{67B42C20-D98A-420B-82C0-04AFD963E650}.Release|Any CPU.ActiveCfg = Release|Any CPU
		{67B42C20-D98A-420B-82C0-04AFD963E650}.Release|Any CPU.Build.0 = Release|Any CPU
		{67B42C20-D98A-420B-82C0-04AFD963E650}.Release|x64.ActiveCfg = Release|Any CPU
		{67B42C20-D98A-420B-82C0-04AFD963E650}.Release|x64.Build.0 = Release|Any CPU
		{67B42C20-D98A-420B-82C0-04AFD963E650}.Release|x86.ActiveCfg = Release|Any CPU
		{67B42C20-D98A-420B-82C0-04AFD963E650}.Release|x86.Build.0 = Release|Any CPU
		{481F242E-57E0-4904-89E2-345677D98C55}.Debug|Any CPU.ActiveCfg = Debug|Any CPU
		{481F242E-57E0-4904-89E2-345677D98C55}.Debug|Any CPU.Build.0 = Debug|Any CPU
		{481F242E-57E0-4904-89E2-345677D98C55}.Debug|x64.ActiveCfg = Debug|Any CPU
		{481F242E-57E0-4904-89E2-345677D98C55}.Debug|x64.Build.0 = Debug|Any CPU
		{481F242E-57E0-4904-89E2-345677D98C55}.Debug|x86.ActiveCfg = Debug|Any CPU
		{481F242E-57E0-4904-89E2-345677D98C55}.Debug|x86.Build.0 = Debug|Any CPU
		{481F242E-57E0-4904-89E2-345677D98C55}.Release|Any CPU.ActiveCfg = Release|Any CPU
		{481F242E-57E0-4904-89E2-345677D98C55}.Release|Any CPU.Build.0 = Release|Any CPU
		{481F242E-57E0-4904-89E2-345677D98C55}.Release|x64.ActiveCfg = Release|Any CPU
		{481F242E-57E0-4904-89E2-345677D98C55}.Release|x64.Build.0 = Release|Any CPU
		{481F242E-57E0-4904-89E2-345677D98C55}.Release|x86.ActiveCfg = Release|Any CPU
		{481F242E-57E0-4904-89E2-345677D98C55}.Release|x86.Build.0 = Release|Any CPU
		{872C74A2-97BD-4672-9674-BC361419AF32}.Debug|Any CPU.ActiveCfg = Debug|Any CPU
		{872C74A2-97BD-4672-9674-BC361419AF32}.Debug|Any CPU.Build.0 = Debug|Any CPU
		{872C74A2-97BD-4672-9674-BC361419AF32}.Debug|x64.ActiveCfg = Debug|Any CPU
		{872C74A2-97BD-4672-9674-BC361419AF32}.Debug|x64.Build.0 = Debug|Any CPU
		{872C74A2-97BD-4672-9674-BC361419AF32}.Debug|x86.ActiveCfg = Debug|Any CPU
		{872C74A2-97BD-4672-9674-BC361419AF32}.Debug|x86.Build.0 = Debug|Any CPU
		{872C74A2-97BD-4672-9674-BC361419AF32}.Release|Any CPU.ActiveCfg = Release|Any CPU
		{872C74A2-97BD-4672-9674-BC361419AF32}.Release|Any CPU.Build.0 = Release|Any CPU
		{872C74A2-97BD-4672-9674-BC361419AF32}.Release|x64.ActiveCfg = Release|Any CPU
		{872C74A2-97BD-4672-9674-BC361419AF32}.Release|x64.Build.0 = Release|Any CPU
		{872C74A2-97BD-4672-9674-BC361419AF32}.Release|x86.ActiveCfg = Release|Any CPU
		{872C74A2-97BD-4672-9674-BC361419AF32}.Release|x86.Build.0 = Release|Any CPU
		{C57FDCE0-2A8A-4827-95D4-439239E32EB9}.Debug|Any CPU.ActiveCfg = Debug|Any CPU
		{C57FDCE0-2A8A-4827-95D4-439239E32EB9}.Debug|Any CPU.Build.0 = Debug|Any CPU
		{C57FDCE0-2A8A-4827-95D4-439239E32EB9}.Debug|x64.ActiveCfg = Debug|Any CPU
		{C57FDCE0-2A8A-4827-95D4-439239E32EB9}.Debug|x64.Build.0 = Debug|Any CPU
		{C57FDCE0-2A8A-4827-95D4-439239E32EB9}.Debug|x86.ActiveCfg = Debug|Any CPU
		{C57FDCE0-2A8A-4827-95D4-439239E32EB9}.Debug|x86.Build.0 = Debug|Any CPU
		{C57FDCE0-2A8A-4827-95D4-439239E32EB9}.Release|Any CPU.ActiveCfg = Release|Any CPU
		{C57FDCE0-2A8A-4827-95D4-439239E32EB9}.Release|Any CPU.Build.0 = Release|Any CPU
		{C57FDCE0-2A8A-4827-95D4-439239E32EB9}.Release|x64.ActiveCfg = Release|Any CPU
		{C57FDCE0-2A8A-4827-95D4-439239E32EB9}.Release|x64.Build.0 = Release|Any CPU
		{C57FDCE0-2A8A-4827-95D4-439239E32EB9}.Release|x86.ActiveCfg = Release|Any CPU
		{C57FDCE0-2A8A-4827-95D4-439239E32EB9}.Release|x86.Build.0 = Release|Any CPU
		{8EC131AE-D04F-4B7D-B223-D82821D8AFCC}.Debug|Any CPU.ActiveCfg = Debug|Any CPU
		{8EC131AE-D04F-4B7D-B223-D82821D8AFCC}.Debug|Any CPU.Build.0 = Debug|Any CPU
		{8EC131AE-D04F-4B7D-B223-D82821D8AFCC}.Debug|x64.ActiveCfg = Debug|Any CPU
		{8EC131AE-D04F-4B7D-B223-D82821D8AFCC}.Debug|x64.Build.0 = Debug|Any CPU
		{8EC131AE-D04F-4B7D-B223-D82821D8AFCC}.Debug|x86.ActiveCfg = Debug|Any CPU
		{8EC131AE-D04F-4B7D-B223-D82821D8AFCC}.Debug|x86.Build.0 = Debug|Any CPU
		{8EC131AE-D04F-4B7D-B223-D82821D8AFCC}.Release|Any CPU.ActiveCfg = Release|Any CPU
		{8EC131AE-D04F-4B7D-B223-D82821D8AFCC}.Release|Any CPU.Build.0 = Release|Any CPU
		{8EC131AE-D04F-4B7D-B223-D82821D8AFCC}.Release|x64.ActiveCfg = Release|Any CPU
		{8EC131AE-D04F-4B7D-B223-D82821D8AFCC}.Release|x64.Build.0 = Release|Any CPU
		{8EC131AE-D04F-4B7D-B223-D82821D8AFCC}.Release|x86.ActiveCfg = Release|Any CPU
		{8EC131AE-D04F-4B7D-B223-D82821D8AFCC}.Release|x86.Build.0 = Release|Any CPU
		{D38CF672-795E-41D2-B10D-CFA87927BBDC}.Debug|Any CPU.ActiveCfg = Debug|Any CPU
		{D38CF672-795E-41D2-B10D-CFA87927BBDC}.Debug|Any CPU.Build.0 = Debug|Any CPU
		{D38CF672-795E-41D2-B10D-CFA87927BBDC}.Debug|x64.ActiveCfg = Debug|Any CPU
		{D38CF672-795E-41D2-B10D-CFA87927BBDC}.Debug|x64.Build.0 = Debug|Any CPU
		{D38CF672-795E-41D2-B10D-CFA87927BBDC}.Debug|x86.ActiveCfg = Debug|Any CPU
		{D38CF672-795E-41D2-B10D-CFA87927BBDC}.Debug|x86.Build.0 = Debug|Any CPU
		{D38CF672-795E-41D2-B10D-CFA87927BBDC}.Release|Any CPU.ActiveCfg = Release|Any CPU
		{D38CF672-795E-41D2-B10D-CFA87927BBDC}.Release|Any CPU.Build.0 = Release|Any CPU
		{D38CF672-795E-41D2-B10D-CFA87927BBDC}.Release|x64.ActiveCfg = Release|Any CPU
		{D38CF672-795E-41D2-B10D-CFA87927BBDC}.Release|x64.Build.0 = Release|Any CPU
		{D38CF672-795E-41D2-B10D-CFA87927BBDC}.Release|x86.ActiveCfg = Release|Any CPU
		{D38CF672-795E-41D2-B10D-CFA87927BBDC}.Release|x86.Build.0 = Release|Any CPU
		{E87AA970-5AE9-405E-8D34-F31EF415BE6D}.Debug|Any CPU.ActiveCfg = Debug|Any CPU
		{E87AA970-5AE9-405E-8D34-F31EF415BE6D}.Debug|Any CPU.Build.0 = Debug|Any CPU
		{E87AA970-5AE9-405E-8D34-F31EF415BE6D}.Debug|x64.ActiveCfg = Debug|Any CPU
		{E87AA970-5AE9-405E-8D34-F31EF415BE6D}.Debug|x64.Build.0 = Debug|Any CPU
		{E87AA970-5AE9-405E-8D34-F31EF415BE6D}.Debug|x86.ActiveCfg = Debug|Any CPU
		{E87AA970-5AE9-405E-8D34-F31EF415BE6D}.Debug|x86.Build.0 = Debug|Any CPU
		{E87AA970-5AE9-405E-8D34-F31EF415BE6D}.Release|Any CPU.ActiveCfg = Release|Any CPU
		{E87AA970-5AE9-405E-8D34-F31EF415BE6D}.Release|Any CPU.Build.0 = Release|Any CPU
		{E87AA970-5AE9-405E-8D34-F31EF415BE6D}.Release|x64.ActiveCfg = Release|Any CPU
		{E87AA970-5AE9-405E-8D34-F31EF415BE6D}.Release|x64.Build.0 = Release|Any CPU
		{E87AA970-5AE9-405E-8D34-F31EF415BE6D}.Release|x86.ActiveCfg = Release|Any CPU
		{E87AA970-5AE9-405E-8D34-F31EF415BE6D}.Release|x86.Build.0 = Release|Any CPU
		{1ED92192-6C2A-44A5-9098-F9CBABB0292D}.Debug|Any CPU.ActiveCfg = Debug|Any CPU
		{1ED92192-6C2A-44A5-9098-F9CBABB0292D}.Debug|Any CPU.Build.0 = Debug|Any CPU
		{1ED92192-6C2A-44A5-9098-F9CBABB0292D}.Debug|x64.ActiveCfg = Debug|Any CPU
		{1ED92192-6C2A-44A5-9098-F9CBABB0292D}.Debug|x64.Build.0 = Debug|Any CPU
		{1ED92192-6C2A-44A5-9098-F9CBABB0292D}.Debug|x86.ActiveCfg = Debug|Any CPU
		{1ED92192-6C2A-44A5-9098-F9CBABB0292D}.Debug|x86.Build.0 = Debug|Any CPU
		{1ED92192-6C2A-44A5-9098-F9CBABB0292D}.Release|Any CPU.ActiveCfg = Release|Any CPU
		{1ED92192-6C2A-44A5-9098-F9CBABB0292D}.Release|Any CPU.Build.0 = Release|Any CPU
		{1ED92192-6C2A-44A5-9098-F9CBABB0292D}.Release|x64.ActiveCfg = Release|Any CPU
		{1ED92192-6C2A-44A5-9098-F9CBABB0292D}.Release|x64.Build.0 = Release|Any CPU
		{1ED92192-6C2A-44A5-9098-F9CBABB0292D}.Release|x86.ActiveCfg = Release|Any CPU
		{1ED92192-6C2A-44A5-9098-F9CBABB0292D}.Release|x86.Build.0 = Release|Any CPU
		{AABC47B4-F133-4B16-920B-9BDCE22F7E97}.Debug|Any CPU.ActiveCfg = Debug|Any CPU
		{AABC47B4-F133-4B16-920B-9BDCE22F7E97}.Debug|Any CPU.Build.0 = Debug|Any CPU
		{AABC47B4-F133-4B16-920B-9BDCE22F7E97}.Debug|x64.ActiveCfg = Debug|Any CPU
		{AABC47B4-F133-4B16-920B-9BDCE22F7E97}.Debug|x64.Build.0 = Debug|Any CPU
		{AABC47B4-F133-4B16-920B-9BDCE22F7E97}.Debug|x86.ActiveCfg = Debug|Any CPU
		{AABC47B4-F133-4B16-920B-9BDCE22F7E97}.Debug|x86.Build.0 = Debug|Any CPU
		{AABC47B4-F133-4B16-920B-9BDCE22F7E97}.Release|Any CPU.ActiveCfg = Release|Any CPU
		{AABC47B4-F133-4B16-920B-9BDCE22F7E97}.Release|Any CPU.Build.0 = Release|Any CPU
		{AABC47B4-F133-4B16-920B-9BDCE22F7E97}.Release|x64.ActiveCfg = Release|Any CPU
		{AABC47B4-F133-4B16-920B-9BDCE22F7E97}.Release|x64.Build.0 = Release|Any CPU
		{AABC47B4-F133-4B16-920B-9BDCE22F7E97}.Release|x86.ActiveCfg = Release|Any CPU
		{AABC47B4-F133-4B16-920B-9BDCE22F7E97}.Release|x86.Build.0 = Release|Any CPU
		{5E04C824-5961-445E-85E2-8AC27C9AA761}.Debug|Any CPU.ActiveCfg = Debug|Any CPU
		{5E04C824-5961-445E-85E2-8AC27C9AA761}.Debug|Any CPU.Build.0 = Debug|Any CPU
		{5E04C824-5961-445E-85E2-8AC27C9AA761}.Debug|x64.ActiveCfg = Debug|Any CPU
		{5E04C824-5961-445E-85E2-8AC27C9AA761}.Debug|x64.Build.0 = Debug|Any CPU
		{5E04C824-5961-445E-85E2-8AC27C9AA761}.Debug|x86.ActiveCfg = Debug|Any CPU
		{5E04C824-5961-445E-85E2-8AC27C9AA761}.Debug|x86.Build.0 = Debug|Any CPU
		{5E04C824-5961-445E-85E2-8AC27C9AA761}.Release|Any CPU.ActiveCfg = Release|Any CPU
		{5E04C824-5961-445E-85E2-8AC27C9AA761}.Release|Any CPU.Build.0 = Release|Any CPU
		{5E04C824-5961-445E-85E2-8AC27C9AA761}.Release|x64.ActiveCfg = Release|Any CPU
		{5E04C824-5961-445E-85E2-8AC27C9AA761}.Release|x64.Build.0 = Release|Any CPU
		{5E04C824-5961-445E-85E2-8AC27C9AA761}.Release|x86.ActiveCfg = Release|Any CPU
		{5E04C824-5961-445E-85E2-8AC27C9AA761}.Release|x86.Build.0 = Release|Any CPU
		{07CC9F28-FC67-453B-9057-AC9025E5CA67}.Debug|Any CPU.ActiveCfg = Debug|Any CPU
		{07CC9F28-FC67-453B-9057-AC9025E5CA67}.Debug|Any CPU.Build.0 = Debug|Any CPU
		{07CC9F28-FC67-453B-9057-AC9025E5CA67}.Debug|x64.ActiveCfg = Debug|Any CPU
		{07CC9F28-FC67-453B-9057-AC9025E5CA67}.Debug|x64.Build.0 = Debug|Any CPU
		{07CC9F28-FC67-453B-9057-AC9025E5CA67}.Debug|x86.ActiveCfg = Debug|Any CPU
		{07CC9F28-FC67-453B-9057-AC9025E5CA67}.Debug|x86.Build.0 = Debug|Any CPU
		{07CC9F28-FC67-453B-9057-AC9025E5CA67}.Release|Any CPU.ActiveCfg = Release|Any CPU
		{07CC9F28-FC67-453B-9057-AC9025E5CA67}.Release|Any CPU.Build.0 = Release|Any CPU
		{07CC9F28-FC67-453B-9057-AC9025E5CA67}.Release|x64.ActiveCfg = Release|Any CPU
		{07CC9F28-FC67-453B-9057-AC9025E5CA67}.Release|x64.Build.0 = Release|Any CPU
		{07CC9F28-FC67-453B-9057-AC9025E5CA67}.Release|x86.ActiveCfg = Release|Any CPU
		{07CC9F28-FC67-453B-9057-AC9025E5CA67}.Release|x86.Build.0 = Release|Any CPU
		{C6F061D6-18D6-41E3-A692-C0603A994F30}.Debug|Any CPU.ActiveCfg = Debug|Any CPU
		{C6F061D6-18D6-41E3-A692-C0603A994F30}.Debug|Any CPU.Build.0 = Debug|Any CPU
		{C6F061D6-18D6-41E3-A692-C0603A994F30}.Debug|x64.ActiveCfg = Debug|Any CPU
		{C6F061D6-18D6-41E3-A692-C0603A994F30}.Debug|x64.Build.0 = Debug|Any CPU
		{C6F061D6-18D6-41E3-A692-C0603A994F30}.Debug|x86.ActiveCfg = Debug|Any CPU
		{C6F061D6-18D6-41E3-A692-C0603A994F30}.Debug|x86.Build.0 = Debug|Any CPU
		{C6F061D6-18D6-41E3-A692-C0603A994F30}.Release|Any CPU.ActiveCfg = Release|Any CPU
		{C6F061D6-18D6-41E3-A692-C0603A994F30}.Release|Any CPU.Build.0 = Release|Any CPU
		{C6F061D6-18D6-41E3-A692-C0603A994F30}.Release|x64.ActiveCfg = Release|Any CPU
		{C6F061D6-18D6-41E3-A692-C0603A994F30}.Release|x64.Build.0 = Release|Any CPU
		{C6F061D6-18D6-41E3-A692-C0603A994F30}.Release|x86.ActiveCfg = Release|Any CPU
		{C6F061D6-18D6-41E3-A692-C0603A994F30}.Release|x86.Build.0 = Release|Any CPU
		{662968A7-5BCC-467B-A814-38584D0184CD}.Debug|Any CPU.ActiveCfg = Debug|Any CPU
		{662968A7-5BCC-467B-A814-38584D0184CD}.Debug|Any CPU.Build.0 = Debug|Any CPU
		{662968A7-5BCC-467B-A814-38584D0184CD}.Debug|x64.ActiveCfg = Debug|Any CPU
		{662968A7-5BCC-467B-A814-38584D0184CD}.Debug|x64.Build.0 = Debug|Any CPU
		{662968A7-5BCC-467B-A814-38584D0184CD}.Debug|x86.ActiveCfg = Debug|Any CPU
		{662968A7-5BCC-467B-A814-38584D0184CD}.Debug|x86.Build.0 = Debug|Any CPU
		{662968A7-5BCC-467B-A814-38584D0184CD}.Release|Any CPU.ActiveCfg = Release|Any CPU
		{662968A7-5BCC-467B-A814-38584D0184CD}.Release|Any CPU.Build.0 = Release|Any CPU
		{662968A7-5BCC-467B-A814-38584D0184CD}.Release|x64.ActiveCfg = Release|Any CPU
		{662968A7-5BCC-467B-A814-38584D0184CD}.Release|x64.Build.0 = Release|Any CPU
		{662968A7-5BCC-467B-A814-38584D0184CD}.Release|x86.ActiveCfg = Release|Any CPU
		{662968A7-5BCC-467B-A814-38584D0184CD}.Release|x86.Build.0 = Release|Any CPU
		{C11F232A-ED36-4DCE-A18D-BF90CED8D1B4}.Debug|Any CPU.ActiveCfg = Debug|Any CPU
		{C11F232A-ED36-4DCE-A18D-BF90CED8D1B4}.Debug|Any CPU.Build.0 = Debug|Any CPU
		{C11F232A-ED36-4DCE-A18D-BF90CED8D1B4}.Debug|x64.ActiveCfg = Debug|Any CPU
		{C11F232A-ED36-4DCE-A18D-BF90CED8D1B4}.Debug|x64.Build.0 = Debug|Any CPU
		{C11F232A-ED36-4DCE-A18D-BF90CED8D1B4}.Debug|x86.ActiveCfg = Debug|Any CPU
		{C11F232A-ED36-4DCE-A18D-BF90CED8D1B4}.Debug|x86.Build.0 = Debug|Any CPU
		{C11F232A-ED36-4DCE-A18D-BF90CED8D1B4}.Release|Any CPU.ActiveCfg = Release|Any CPU
		{C11F232A-ED36-4DCE-A18D-BF90CED8D1B4}.Release|Any CPU.Build.0 = Release|Any CPU
		{C11F232A-ED36-4DCE-A18D-BF90CED8D1B4}.Release|x64.ActiveCfg = Release|Any CPU
		{C11F232A-ED36-4DCE-A18D-BF90CED8D1B4}.Release|x64.Build.0 = Release|Any CPU
		{C11F232A-ED36-4DCE-A18D-BF90CED8D1B4}.Release|x86.ActiveCfg = Release|Any CPU
		{C11F232A-ED36-4DCE-A18D-BF90CED8D1B4}.Release|x86.Build.0 = Release|Any CPU
		{0BA3C0A9-64B9-445D-B085-8FFAC09D6E37}.Debug|Any CPU.ActiveCfg = Debug|Any CPU
		{0BA3C0A9-64B9-445D-B085-8FFAC09D6E37}.Debug|Any CPU.Build.0 = Debug|Any CPU
		{0BA3C0A9-64B9-445D-B085-8FFAC09D6E37}.Debug|x64.ActiveCfg = Debug|Any CPU
		{0BA3C0A9-64B9-445D-B085-8FFAC09D6E37}.Debug|x64.Build.0 = Debug|Any CPU
		{0BA3C0A9-64B9-445D-B085-8FFAC09D6E37}.Debug|x86.ActiveCfg = Debug|Any CPU
		{0BA3C0A9-64B9-445D-B085-8FFAC09D6E37}.Debug|x86.Build.0 = Debug|Any CPU
		{0BA3C0A9-64B9-445D-B085-8FFAC09D6E37}.Release|Any CPU.ActiveCfg = Release|Any CPU
		{0BA3C0A9-64B9-445D-B085-8FFAC09D6E37}.Release|Any CPU.Build.0 = Release|Any CPU
		{0BA3C0A9-64B9-445D-B085-8FFAC09D6E37}.Release|x64.ActiveCfg = Release|Any CPU
		{0BA3C0A9-64B9-445D-B085-8FFAC09D6E37}.Release|x64.Build.0 = Release|Any CPU
		{0BA3C0A9-64B9-445D-B085-8FFAC09D6E37}.Release|x86.ActiveCfg = Release|Any CPU
		{0BA3C0A9-64B9-445D-B085-8FFAC09D6E37}.Release|x86.Build.0 = Release|Any CPU
		{916370AB-B0D3-4136-850B-AA12FAB23ECD}.Debug|Any CPU.ActiveCfg = Debug|Any CPU
		{916370AB-B0D3-4136-850B-AA12FAB23ECD}.Debug|Any CPU.Build.0 = Debug|Any CPU
		{916370AB-B0D3-4136-850B-AA12FAB23ECD}.Debug|x64.ActiveCfg = Debug|Any CPU
		{916370AB-B0D3-4136-850B-AA12FAB23ECD}.Debug|x64.Build.0 = Debug|Any CPU
		{916370AB-B0D3-4136-850B-AA12FAB23ECD}.Debug|x86.ActiveCfg = Debug|Any CPU
		{916370AB-B0D3-4136-850B-AA12FAB23ECD}.Debug|x86.Build.0 = Debug|Any CPU
		{916370AB-B0D3-4136-850B-AA12FAB23ECD}.Release|Any CPU.ActiveCfg = Release|Any CPU
		{916370AB-B0D3-4136-850B-AA12FAB23ECD}.Release|Any CPU.Build.0 = Release|Any CPU
		{916370AB-B0D3-4136-850B-AA12FAB23ECD}.Release|x64.ActiveCfg = Release|Any CPU
		{916370AB-B0D3-4136-850B-AA12FAB23ECD}.Release|x64.Build.0 = Release|Any CPU
		{916370AB-B0D3-4136-850B-AA12FAB23ECD}.Release|x86.ActiveCfg = Release|Any CPU
		{916370AB-B0D3-4136-850B-AA12FAB23ECD}.Release|x86.Build.0 = Release|Any CPU
		{C5F9D191-CA3B-4648-B8A9-62E33B4622EB}.Debug|Any CPU.ActiveCfg = Debug|Any CPU
		{C5F9D191-CA3B-4648-B8A9-62E33B4622EB}.Debug|Any CPU.Build.0 = Debug|Any CPU
		{C5F9D191-CA3B-4648-B8A9-62E33B4622EB}.Debug|x64.ActiveCfg = Debug|Any CPU
		{C5F9D191-CA3B-4648-B8A9-62E33B4622EB}.Debug|x64.Build.0 = Debug|Any CPU
		{C5F9D191-CA3B-4648-B8A9-62E33B4622EB}.Debug|x86.ActiveCfg = Debug|Any CPU
		{C5F9D191-CA3B-4648-B8A9-62E33B4622EB}.Debug|x86.Build.0 = Debug|Any CPU
		{C5F9D191-CA3B-4648-B8A9-62E33B4622EB}.Release|Any CPU.ActiveCfg = Release|Any CPU
		{C5F9D191-CA3B-4648-B8A9-62E33B4622EB}.Release|Any CPU.Build.0 = Release|Any CPU
		{C5F9D191-CA3B-4648-B8A9-62E33B4622EB}.Release|x64.ActiveCfg = Release|Any CPU
		{C5F9D191-CA3B-4648-B8A9-62E33B4622EB}.Release|x64.Build.0 = Release|Any CPU
		{C5F9D191-CA3B-4648-B8A9-62E33B4622EB}.Release|x86.ActiveCfg = Release|Any CPU
		{C5F9D191-CA3B-4648-B8A9-62E33B4622EB}.Release|x86.Build.0 = Release|Any CPU
		{D9FFEC52-B701-4DB5-969C-BAC4F8EB220C}.Debug|Any CPU.ActiveCfg = Debug|Any CPU
		{D9FFEC52-B701-4DB5-969C-BAC4F8EB220C}.Debug|Any CPU.Build.0 = Debug|Any CPU
		{D9FFEC52-B701-4DB5-969C-BAC4F8EB220C}.Debug|x64.ActiveCfg = Debug|Any CPU
		{D9FFEC52-B701-4DB5-969C-BAC4F8EB220C}.Debug|x64.Build.0 = Debug|Any CPU
		{D9FFEC52-B701-4DB5-969C-BAC4F8EB220C}.Debug|x86.ActiveCfg = Debug|Any CPU
		{D9FFEC52-B701-4DB5-969C-BAC4F8EB220C}.Debug|x86.Build.0 = Debug|Any CPU
		{D9FFEC52-B701-4DB5-969C-BAC4F8EB220C}.Release|Any CPU.ActiveCfg = Release|Any CPU
		{D9FFEC52-B701-4DB5-969C-BAC4F8EB220C}.Release|Any CPU.Build.0 = Release|Any CPU
		{D9FFEC52-B701-4DB5-969C-BAC4F8EB220C}.Release|x64.ActiveCfg = Release|Any CPU
		{D9FFEC52-B701-4DB5-969C-BAC4F8EB220C}.Release|x64.Build.0 = Release|Any CPU
		{D9FFEC52-B701-4DB5-969C-BAC4F8EB220C}.Release|x86.ActiveCfg = Release|Any CPU
		{D9FFEC52-B701-4DB5-969C-BAC4F8EB220C}.Release|x86.Build.0 = Release|Any CPU
		{E88CDE01-A6E6-4FDF-8FC7-0A9B0D1C76C1}.Debug|Any CPU.ActiveCfg = Debug|Any CPU
		{E88CDE01-A6E6-4FDF-8FC7-0A9B0D1C76C1}.Debug|Any CPU.Build.0 = Debug|Any CPU
		{E88CDE01-A6E6-4FDF-8FC7-0A9B0D1C76C1}.Debug|x64.ActiveCfg = Debug|Any CPU
		{E88CDE01-A6E6-4FDF-8FC7-0A9B0D1C76C1}.Debug|x64.Build.0 = Debug|Any CPU
		{E88CDE01-A6E6-4FDF-8FC7-0A9B0D1C76C1}.Debug|x86.ActiveCfg = Debug|Any CPU
		{E88CDE01-A6E6-4FDF-8FC7-0A9B0D1C76C1}.Debug|x86.Build.0 = Debug|Any CPU
		{E88CDE01-A6E6-4FDF-8FC7-0A9B0D1C76C1}.Release|Any CPU.ActiveCfg = Release|Any CPU
		{E88CDE01-A6E6-4FDF-8FC7-0A9B0D1C76C1}.Release|Any CPU.Build.0 = Release|Any CPU
		{E88CDE01-A6E6-4FDF-8FC7-0A9B0D1C76C1}.Release|x64.ActiveCfg = Release|Any CPU
		{E88CDE01-A6E6-4FDF-8FC7-0A9B0D1C76C1}.Release|x64.Build.0 = Release|Any CPU
		{E88CDE01-A6E6-4FDF-8FC7-0A9B0D1C76C1}.Release|x86.ActiveCfg = Release|Any CPU
		{E88CDE01-A6E6-4FDF-8FC7-0A9B0D1C76C1}.Release|x86.Build.0 = Release|Any CPU
		{0F854F2B-8F87-4D83-8EDE-F392D85C2D9C}.Debug|Any CPU.ActiveCfg = Debug|Any CPU
		{0F854F2B-8F87-4D83-8EDE-F392D85C2D9C}.Debug|Any CPU.Build.0 = Debug|Any CPU
		{0F854F2B-8F87-4D83-8EDE-F392D85C2D9C}.Debug|x64.ActiveCfg = Debug|Any CPU
		{0F854F2B-8F87-4D83-8EDE-F392D85C2D9C}.Debug|x64.Build.0 = Debug|Any CPU
		{0F854F2B-8F87-4D83-8EDE-F392D85C2D9C}.Debug|x86.ActiveCfg = Debug|Any CPU
		{0F854F2B-8F87-4D83-8EDE-F392D85C2D9C}.Debug|x86.Build.0 = Debug|Any CPU
		{0F854F2B-8F87-4D83-8EDE-F392D85C2D9C}.Release|Any CPU.ActiveCfg = Release|Any CPU
		{0F854F2B-8F87-4D83-8EDE-F392D85C2D9C}.Release|Any CPU.Build.0 = Release|Any CPU
		{0F854F2B-8F87-4D83-8EDE-F392D85C2D9C}.Release|x64.ActiveCfg = Release|Any CPU
		{0F854F2B-8F87-4D83-8EDE-F392D85C2D9C}.Release|x64.Build.0 = Release|Any CPU
		{0F854F2B-8F87-4D83-8EDE-F392D85C2D9C}.Release|x86.ActiveCfg = Release|Any CPU
		{0F854F2B-8F87-4D83-8EDE-F392D85C2D9C}.Release|x86.Build.0 = Release|Any CPU
		{14CA043D-613F-4145-9276-E6116B2B4465}.Debug|Any CPU.ActiveCfg = Debug|Any CPU
		{14CA043D-613F-4145-9276-E6116B2B4465}.Debug|Any CPU.Build.0 = Debug|Any CPU
		{14CA043D-613F-4145-9276-E6116B2B4465}.Debug|x64.ActiveCfg = Debug|Any CPU
		{14CA043D-613F-4145-9276-E6116B2B4465}.Debug|x64.Build.0 = Debug|Any CPU
		{14CA043D-613F-4145-9276-E6116B2B4465}.Debug|x86.ActiveCfg = Debug|Any CPU
		{14CA043D-613F-4145-9276-E6116B2B4465}.Debug|x86.Build.0 = Debug|Any CPU
		{14CA043D-613F-4145-9276-E6116B2B4465}.Release|Any CPU.ActiveCfg = Release|Any CPU
		{14CA043D-613F-4145-9276-E6116B2B4465}.Release|Any CPU.Build.0 = Release|Any CPU
		{14CA043D-613F-4145-9276-E6116B2B4465}.Release|x64.ActiveCfg = Release|Any CPU
		{14CA043D-613F-4145-9276-E6116B2B4465}.Release|x64.Build.0 = Release|Any CPU
		{14CA043D-613F-4145-9276-E6116B2B4465}.Release|x86.ActiveCfg = Release|Any CPU
		{14CA043D-613F-4145-9276-E6116B2B4465}.Release|x86.Build.0 = Release|Any CPU
		{70873943-22E2-4254-9CE6-A0186586DCEC}.Debug|Any CPU.ActiveCfg = Debug|Any CPU
		{70873943-22E2-4254-9CE6-A0186586DCEC}.Debug|Any CPU.Build.0 = Debug|Any CPU
		{70873943-22E2-4254-9CE6-A0186586DCEC}.Debug|x64.ActiveCfg = Debug|Any CPU
		{70873943-22E2-4254-9CE6-A0186586DCEC}.Debug|x64.Build.0 = Debug|Any CPU
		{70873943-22E2-4254-9CE6-A0186586DCEC}.Debug|x86.ActiveCfg = Debug|Any CPU
		{70873943-22E2-4254-9CE6-A0186586DCEC}.Debug|x86.Build.0 = Debug|Any CPU
		{70873943-22E2-4254-9CE6-A0186586DCEC}.Release|Any CPU.ActiveCfg = Release|Any CPU
		{70873943-22E2-4254-9CE6-A0186586DCEC}.Release|Any CPU.Build.0 = Release|Any CPU
		{70873943-22E2-4254-9CE6-A0186586DCEC}.Release|x64.ActiveCfg = Release|Any CPU
		{70873943-22E2-4254-9CE6-A0186586DCEC}.Release|x64.Build.0 = Release|Any CPU
		{70873943-22E2-4254-9CE6-A0186586DCEC}.Release|x86.ActiveCfg = Release|Any CPU
		{70873943-22E2-4254-9CE6-A0186586DCEC}.Release|x86.Build.0 = Release|Any CPU
		{25E150ED-EAE6-4EB0-BA94-2FE25826EEDE}.Debug|Any CPU.ActiveCfg = Debug|Any CPU
		{25E150ED-EAE6-4EB0-BA94-2FE25826EEDE}.Debug|Any CPU.Build.0 = Debug|Any CPU
		{25E150ED-EAE6-4EB0-BA94-2FE25826EEDE}.Debug|x64.ActiveCfg = Debug|Any CPU
		{25E150ED-EAE6-4EB0-BA94-2FE25826EEDE}.Debug|x64.Build.0 = Debug|Any CPU
		{25E150ED-EAE6-4EB0-BA94-2FE25826EEDE}.Debug|x86.ActiveCfg = Debug|Any CPU
		{25E150ED-EAE6-4EB0-BA94-2FE25826EEDE}.Debug|x86.Build.0 = Debug|Any CPU
		{25E150ED-EAE6-4EB0-BA94-2FE25826EEDE}.Release|Any CPU.ActiveCfg = Release|Any CPU
		{25E150ED-EAE6-4EB0-BA94-2FE25826EEDE}.Release|Any CPU.Build.0 = Release|Any CPU
		{25E150ED-EAE6-4EB0-BA94-2FE25826EEDE}.Release|x64.ActiveCfg = Release|Any CPU
		{25E150ED-EAE6-4EB0-BA94-2FE25826EEDE}.Release|x64.Build.0 = Release|Any CPU
		{25E150ED-EAE6-4EB0-BA94-2FE25826EEDE}.Release|x86.ActiveCfg = Release|Any CPU
		{25E150ED-EAE6-4EB0-BA94-2FE25826EEDE}.Release|x86.Build.0 = Release|Any CPU
		{71D6F42F-95F7-486D-A659-22503A6D3D46}.Debug|Any CPU.ActiveCfg = Debug|Any CPU
		{71D6F42F-95F7-486D-A659-22503A6D3D46}.Debug|Any CPU.Build.0 = Debug|Any CPU
		{71D6F42F-95F7-486D-A659-22503A6D3D46}.Debug|x64.ActiveCfg = Debug|Any CPU
		{71D6F42F-95F7-486D-A659-22503A6D3D46}.Debug|x64.Build.0 = Debug|Any CPU
		{71D6F42F-95F7-486D-A659-22503A6D3D46}.Debug|x86.ActiveCfg = Debug|Any CPU
		{71D6F42F-95F7-486D-A659-22503A6D3D46}.Debug|x86.Build.0 = Debug|Any CPU
		{71D6F42F-95F7-486D-A659-22503A6D3D46}.Release|Any CPU.ActiveCfg = Release|Any CPU
		{71D6F42F-95F7-486D-A659-22503A6D3D46}.Release|Any CPU.Build.0 = Release|Any CPU
		{71D6F42F-95F7-486D-A659-22503A6D3D46}.Release|x64.ActiveCfg = Release|Any CPU
		{71D6F42F-95F7-486D-A659-22503A6D3D46}.Release|x64.Build.0 = Release|Any CPU
		{71D6F42F-95F7-486D-A659-22503A6D3D46}.Release|x86.ActiveCfg = Release|Any CPU
		{71D6F42F-95F7-486D-A659-22503A6D3D46}.Release|x86.Build.0 = Release|Any CPU
		{D117AC96-F53F-47A8-81DF-F4A7CCEDB58E}.Debug|Any CPU.ActiveCfg = Debug|Any CPU
		{D117AC96-F53F-47A8-81DF-F4A7CCEDB58E}.Debug|Any CPU.Build.0 = Debug|Any CPU
		{D117AC96-F53F-47A8-81DF-F4A7CCEDB58E}.Debug|x64.ActiveCfg = Debug|Any CPU
		{D117AC96-F53F-47A8-81DF-F4A7CCEDB58E}.Debug|x64.Build.0 = Debug|Any CPU
		{D117AC96-F53F-47A8-81DF-F4A7CCEDB58E}.Debug|x86.ActiveCfg = Debug|Any CPU
		{D117AC96-F53F-47A8-81DF-F4A7CCEDB58E}.Debug|x86.Build.0 = Debug|Any CPU
		{D117AC96-F53F-47A8-81DF-F4A7CCEDB58E}.Release|Any CPU.ActiveCfg = Release|Any CPU
		{D117AC96-F53F-47A8-81DF-F4A7CCEDB58E}.Release|Any CPU.Build.0 = Release|Any CPU
		{D117AC96-F53F-47A8-81DF-F4A7CCEDB58E}.Release|x64.ActiveCfg = Release|Any CPU
		{D117AC96-F53F-47A8-81DF-F4A7CCEDB58E}.Release|x64.Build.0 = Release|Any CPU
		{D117AC96-F53F-47A8-81DF-F4A7CCEDB58E}.Release|x86.ActiveCfg = Release|Any CPU
		{D117AC96-F53F-47A8-81DF-F4A7CCEDB58E}.Release|x86.Build.0 = Release|Any CPU
		{C58BC591-9C3F-44E8-8408-7C57B1806B21}.Debug|Any CPU.ActiveCfg = Debug|Any CPU
		{C58BC591-9C3F-44E8-8408-7C57B1806B21}.Debug|Any CPU.Build.0 = Debug|Any CPU
		{C58BC591-9C3F-44E8-8408-7C57B1806B21}.Debug|x64.ActiveCfg = Debug|Any CPU
		{C58BC591-9C3F-44E8-8408-7C57B1806B21}.Debug|x64.Build.0 = Debug|Any CPU
		{C58BC591-9C3F-44E8-8408-7C57B1806B21}.Debug|x86.ActiveCfg = Debug|Any CPU
		{C58BC591-9C3F-44E8-8408-7C57B1806B21}.Debug|x86.Build.0 = Debug|Any CPU
		{C58BC591-9C3F-44E8-8408-7C57B1806B21}.Release|Any CPU.ActiveCfg = Release|Any CPU
		{C58BC591-9C3F-44E8-8408-7C57B1806B21}.Release|Any CPU.Build.0 = Release|Any CPU
		{C58BC591-9C3F-44E8-8408-7C57B1806B21}.Release|x64.ActiveCfg = Release|Any CPU
		{C58BC591-9C3F-44E8-8408-7C57B1806B21}.Release|x64.Build.0 = Release|Any CPU
		{C58BC591-9C3F-44E8-8408-7C57B1806B21}.Release|x86.ActiveCfg = Release|Any CPU
		{C58BC591-9C3F-44E8-8408-7C57B1806B21}.Release|x86.Build.0 = Release|Any CPU
	EndGlobalSection
	GlobalSection(SolutionProperties) = preSolution
		HideSolutionNode = FALSE
	EndGlobalSection
	GlobalSection(NestedProjects) = preSolution
		{1979687D-C3D1-4D40-9017-269D7C092283} = {E1DE693E-C1FB-4A1F-B6D8-A071D86D7354}
		{60E282CB-156B-4A5E-9C7D-4E174EA2E024} = {4B000021-5278-4F2A-B734-DE49F55D4024}
		{0CA926AC-4BAD-46AF-800B-BB33069F0705} = {4B000021-5278-4F2A-B734-DE49F55D4024}
		{03F1B57E-756C-4AF0-91FD-3E2871C1B193} = {4B000021-5278-4F2A-B734-DE49F55D4024}
		{99FA7791-A190-44A2-9A77-303BFA13095F} = {4B000021-5278-4F2A-B734-DE49F55D4024}
		{90008F3E-FFBA-47C4-842F-24014256A9F8} = {4B000021-5278-4F2A-B734-DE49F55D4024}
		{D49453F3-A51A-49B8-B151-1C7CD92C229E} = {4B000021-5278-4F2A-B734-DE49F55D4024}
		{66579C6A-8316-4888-8D96-36D4B49D7D51} = {4B000021-5278-4F2A-B734-DE49F55D4024}
		{80E6332B-DC83-4DFC-9C19-8D89E988BA4E} = {4B000021-5278-4F2A-B734-DE49F55D4024}
		{B9ECBAF7-524D-4134-AE37-EFF7802B221F} = {4B000021-5278-4F2A-B734-DE49F55D4024}
		{12D7B81D-26FD-4BCA-9D72-AFDEA900BAAC} = {4B000021-5278-4F2A-B734-DE49F55D4024}
		{20974D06-EBDC-44B8-A034-DE1440CF7A45} = {4B000021-5278-4F2A-B734-DE49F55D4024}
		{2D178A3D-247D-46C4-BAC3-DAB5EFC064A7} = {4B000021-5278-4F2A-B734-DE49F55D4024}
		{BB6D79C1-783F-4B87-A281-5EAB22CA7BF0} = {4B000021-5278-4F2A-B734-DE49F55D4024}
		{0935E538-179C-4768-89B0-C0D197B4D18B} = {3079E458-D0E6-4F99-8CAB-80011D35C7DA}
		{1FE25651-12C4-45B4-BB9F-E2F6D1D8383F} = {3079E458-D0E6-4F99-8CAB-80011D35C7DA}
		{800D4694-944C-44BB-9516-138ACCD22943} = {3079E458-D0E6-4F99-8CAB-80011D35C7DA}
		{CC8EBE40-4B0B-471F-B182-F1039B69D802} = {3079E458-D0E6-4F99-8CAB-80011D35C7DA}
		{5BEB8847-AD3C-45DF-A705-6F6DE3F4214D} = {3079E458-D0E6-4F99-8CAB-80011D35C7DA}
		{CAE4AD10-4A0F-4DBD-8894-2FA91E7E6DCA} = {3079E458-D0E6-4F99-8CAB-80011D35C7DA}
		{67B42C20-D98A-420B-82C0-04AFD963E650} = {3079E458-D0E6-4F99-8CAB-80011D35C7DA}
		{481F242E-57E0-4904-89E2-345677D98C55} = {3079E458-D0E6-4F99-8CAB-80011D35C7DA}
		{872C74A2-97BD-4672-9674-BC361419AF32} = {3079E458-D0E6-4F99-8CAB-80011D35C7DA}
		{C57FDCE0-2A8A-4827-95D4-439239E32EB9} = {3079E458-D0E6-4F99-8CAB-80011D35C7DA}
		{8EC131AE-D04F-4B7D-B223-D82821D8AFCC} = {3079E458-D0E6-4F99-8CAB-80011D35C7DA}
		{D38CF672-795E-41D2-B10D-CFA87927BBDC} = {3079E458-D0E6-4F99-8CAB-80011D35C7DA}
		{E87AA970-5AE9-405E-8D34-F31EF415BE6D} = {3079E458-D0E6-4F99-8CAB-80011D35C7DA}
		{1ED92192-6C2A-44A5-9098-F9CBABB0292D} = {3079E458-D0E6-4F99-8CAB-80011D35C7DA}
		{AABC47B4-F133-4B16-920B-9BDCE22F7E97} = {4B000021-5278-4F2A-B734-DE49F55D4024}
		{5E04C824-5961-445E-85E2-8AC27C9AA761} = {3079E458-D0E6-4F99-8CAB-80011D35C7DA}
		{07CC9F28-FC67-453B-9057-AC9025E5CA67} = {4B000021-5278-4F2A-B734-DE49F55D4024}
		{C6F061D6-18D6-41E3-A692-C0603A994F30} = {3079E458-D0E6-4F99-8CAB-80011D35C7DA}
		{662968A7-5BCC-467B-A814-38584D0184CD} = {4B000021-5278-4F2A-B734-DE49F55D4024}
		{C11F232A-ED36-4DCE-A18D-BF90CED8D1B4} = {3079E458-D0E6-4F99-8CAB-80011D35C7DA}
		{0BA3C0A9-64B9-445D-B085-8FFAC09D6E37} = {3079E458-D0E6-4F99-8CAB-80011D35C7DA}
		{916370AB-B0D3-4136-850B-AA12FAB23ECD} = {4B000021-5278-4F2A-B734-DE49F55D4024}
		{C5F9D191-CA3B-4648-B8A9-62E33B4622EB} = {4B000021-5278-4F2A-B734-DE49F55D4024}
		{D9FFEC52-B701-4DB5-969C-BAC4F8EB220C} = {3079E458-D0E6-4F99-8CAB-80011D35C7DA}
		{E88CDE01-A6E6-4FDF-8FC7-0A9B0D1C76C1} = {4B000021-5278-4F2A-B734-DE49F55D4024}
		{0F854F2B-8F87-4D83-8EDE-F392D85C2D9C} = {3079E458-D0E6-4F99-8CAB-80011D35C7DA}
		{14CA043D-613F-4145-9276-E6116B2B4465} = {4B000021-5278-4F2A-B734-DE49F55D4024}
		{70873943-22E2-4254-9CE6-A0186586DCEC} = {3079E458-D0E6-4F99-8CAB-80011D35C7DA}
		{25E150ED-EAE6-4EB0-BA94-2FE25826EEDE} = {4B000021-5278-4F2A-B734-DE49F55D4024}
		{71D6F42F-95F7-486D-A659-22503A6D3D46} = {3079E458-D0E6-4F99-8CAB-80011D35C7DA}
		{D117AC96-F53F-47A8-81DF-F4A7CCEDB58E} = {4B000021-5278-4F2A-B734-DE49F55D4024}
		{C58BC591-9C3F-44E8-8408-7C57B1806B21} = {3079E458-D0E6-4F99-8CAB-80011D35C7DA}
	EndGlobalSection
	GlobalSection(ExtensibilityGlobals) = postSolution
		SolutionGuid = {9DD4022C-A010-4A9B-BCC5-171566D4CB17}
	EndGlobalSection
EndGlobal
