
Microsoft Visual Studio Solution File, Format Version 12.00
# Visual Studio 14
VisualStudioVersion = 14.0.25123.0
MinimumVisualStudioVersion = 10.0.40219.1
Project("{8BB2217D-0F2D-49D1-97BC-3654ED321F3B}") = "System.Buffers.Experimental", "src\System.Buffers.Experimental\System.Buffers.Experimental.xproj", "{C5FD8740-19EA-4BCC-B518-7F16B55D23CA}"
EndProject
Project("{8BB2217D-0F2D-49D1-97BC-3654ED321F3B}") = "System.Slices", "src\System.Slices\System.Slices.xproj", "{4B8DF630-B446-47D1-8BEF-D11A0F3AF16A}"
EndProject
Project("{2150E333-8FDC-42A3-9474-1A3956D46DE8}") = "src", "src", "{CD55246E-4E2D-4648-B6C0-7EFFDD4A91AC}"
EndProject
Project("{8BB2217D-0F2D-49D1-97BC-3654ED321F3B}") = "System.Collections.Generic.MultiValueDictionary", "src\System.Collections.Generic.MultiValueDictionary\System.Collections.Generic.MultiValueDictionary.xproj", "{D5FF747F-7A0B-9003-885A-FE9A63E755E5}"
EndProject
Project("{8BB2217D-0F2D-49D1-97BC-3654ED321F3B}") = "System.CommandLine", "src\System.CommandLine\System.CommandLine.xproj", "{0A365F6D-AF33-4DD1-ABF3-BE45A5F8E642}"
EndProject
Project("{8BB2217D-0F2D-49D1-97BC-3654ED321F3B}") = "System.Drawing.Graphics", "src\System.Drawing.Graphics\System.Drawing.Graphics.xproj", "{091712F4-3894-4D0B-9403-39D115621208}"
EndProject
Project("{8BB2217D-0F2D-49D1-97BC-3654ED321F3B}") = "System.IO.FileSystem.Watcher.Polling", "src\System.IO.FileSystem.Watcher.Polling\System.IO.FileSystem.Watcher.Polling.xproj", "{D2B54DCE-9132-46ED-AACE-DD3EC3E5BF5A}"
EndProject
Project("{8BB2217D-0F2D-49D1-97BC-3654ED321F3B}") = "System.Net.Libuv", "src\System.Net.Libuv\System.Net.Libuv.xproj", "{2F2109E8-6E5D-4063-8E59-07F0E798ADF2}"
EndProject
Project("{8BB2217D-0F2D-49D1-97BC-3654ED321F3B}") = "System.Numerics.Matrices", "src\System.Numerics.Matrices\System.Numerics.Matrices.xproj", "{A7402731-F3B8-4DFE-8507-88623CA1B2BA}"
EndProject
Project("{8BB2217D-0F2D-49D1-97BC-3654ED321F3B}") = "System.Text.Formatting", "src\System.Text.Formatting\System.Text.Formatting.xproj", "{1A77F658-6BF0-4EC4-B009-679A9F52A2AC}"
EndProject
Project("{8BB2217D-0F2D-49D1-97BC-3654ED321F3B}") = "System.Text.Utf8", "src\System.Text.Utf8\System.Text.Utf8.xproj", "{7BA1B9A1-9067-4584-9C3A-D8B35AFFBCF7}"
EndProject
Project("{8BB2217D-0F2D-49D1-97BC-3654ED321F3B}") = "System.Text.Formatting.Globalization", "src\System.Text.Formatting.Globalization\System.Text.Formatting.Globalization.xproj", "{841C6AF2-0713-4824-8281-3671F3670EC6}"
EndProject
Project("{8BB2217D-0F2D-49D1-97BC-3654ED321F3B}") = "System.Text.Http", "src\System.Text.Http\System.Text.Http.xproj", "{0429B8AA-DB20-4DC4-81AF-5C268A5797D7}"
EndProject
Project("{8BB2217D-0F2D-49D1-97BC-3654ED321F3B}") = "System.Text.Json", "src\System.Text.Json\System.Text.Json.xproj", "{17C09FB7-8D43-4BBA-A426-B3929AF4A858}"
EndProject
Project("{8BB2217D-0F2D-49D1-97BC-3654ED321F3B}") = "System.Threading.Tasks.Channels", "src\System.Threading.Tasks.Channels\System.Threading.Tasks.Channels.xproj", "{8AAEADA3-04A6-44AB-B2E4-E059565FF4E5}"
EndProject
Project("{8BB2217D-0F2D-49D1-97BC-3654ED321F3B}") = "System.Time", "src\System.Time\System.Time.xproj", "{241780A1-BAFD-4FE9-9D2F-BF1911160C33}"
EndProject
Project("{2150E333-8FDC-42A3-9474-1A3956D46DE8}") = "tests", "tests", "{04EB1A7C-3C04-48A6-ABD3-1992E0F6799A}"
EndProject
Project("{8BB2217D-0F2D-49D1-97BC-3654ED321F3B}") = "System.Buffers.Tests", "tests\System.Buffers.Experimental.Tests\System.Buffers.Tests.xproj", "{DD942FDB-184A-4D9F-8A1E-3D531858A4B1}"
EndProject
Project("{8BB2217D-0F2D-49D1-97BC-3654ED321F3B}") = "System.Collections.Tests", "tests\System.Collections.Generic.MultiValueDictionary.Tests\System.Collections.Tests.xproj", "{9574CEEC-5554-411B-B44C-6CA9EC1CEB08}"
EndProject
Project("{8BB2217D-0F2D-49D1-97BC-3654ED321F3B}") = "System.CommandLine.Tests", "tests\System.CommandLine.Tests\System.CommandLine.Tests.xproj", "{F48BE89B-4F3E-4AB3-B10A-D6AE47869190}"
EndProject
Project("{8BB2217D-0F2D-49D1-97BC-3654ED321F3B}") = "System.Drawing.Graphics.Tests", "tests\System.Drawing.Graphics.Tests\System.Drawing.Graphics.Tests.xproj", "{C0219E93-1738-45A1-92CA-16693FAAEC1B}"
EndProject
Project("{8BB2217D-0F2D-49D1-97BC-3654ED321F3B}") = "System.IO.FileSystem.Watcher.Polling.Tests", "tests\System.IO.FileSystem.Watcher.Polling.Tests\System.IO.FileSystem.Watcher.Polling.Tests.xproj", "{51DF6FAE-BDAE-4DD0-A50D-0289686B97F9}"
EndProject
Project("{8BB2217D-0F2D-49D1-97BC-3654ED321F3B}") = "System.Net.Libuv.Tests", "tests\System.Net.Libuv.Tests\System.Net.Libuv.Tests.xproj", "{FBD5E8A3-4C4B-4824-92B7-B7873C2BCAC5}"
EndProject
Project("{8BB2217D-0F2D-49D1-97BC-3654ED321F3B}") = "System.Numerics.Matrices.Tests", "tests\System.Numerics.Matrices.Tests\System.Numerics.Matrices.Tests.xproj", "{CDD81D2A-45AF-4980-8A3C-D4E9AB8F02C3}"
EndProject
Project("{8BB2217D-0F2D-49D1-97BC-3654ED321F3B}") = "System.Slices.tests", "tests\System.Slices.Tests\System.Slices.tests.xproj", "{20F5308A-1910-40E9-B3F0-6569DB08E649}"
EndProject
Project("{8BB2217D-0F2D-49D1-97BC-3654ED321F3B}") = "System.Text.Formatting.Globalization.Tests", "tests\System.Text.Formatting.Globalization.Tests\System.Text.Formatting.Globalization.Tests.xproj", "{6A295130-5FE7-41B8-A543-CD73C9948903}"
EndProject
Project("{8BB2217D-0F2D-49D1-97BC-3654ED321F3B}") = "System.Text.Formatting.Tests", "tests\System.Text.Formatting.Tests\System.Text.Formatting.Tests.xproj", "{66C14560-AC0E-4D94-A128-2E147BDF2970}"
EndProject
Project("{8BB2217D-0F2D-49D1-97BC-3654ED321F3B}") = "System.Text.Http.Tests", "tests\System.Text.Http.Tests\System.Text.Http.Tests.xproj", "{DB442895-7D74-4BC8-A3E6-0D8C17B7D95D}"
EndProject
Project("{8BB2217D-0F2D-49D1-97BC-3654ED321F3B}") = "System.Text.Json.Tests", "tests\System.Text.Json.Tests\System.Text.Json.Tests.xproj", "{DFBDD2E3-C895-4BB5-9A0B-A7398035DCC9}"
EndProject
Project("{8BB2217D-0F2D-49D1-97BC-3654ED321F3B}") = "System.Text.Utf8.Tests", "tests\System.Text.Utf8.Tests\System.Text.Utf8.Tests.xproj", "{9D20D2F5-FB9B-4BDD-ABBD-F515B9E0B251}"
EndProject
Project("{8BB2217D-0F2D-49D1-97BC-3654ED321F3B}") = "System.Threading.Tasks.Channels.Tests", "tests\System.Threading.Tasks.Channels.Tests\System.Threading.Tasks.Channels.Tests.xproj", "{B79A688A-DC67-4648-BE84-E9584F77E5A9}"
EndProject
Project("{8BB2217D-0F2D-49D1-97BC-3654ED321F3B}") = "System.Time.Tests", "tests\System.Time.Tests\System.Time.Tests.xproj", "{28FD7195-74F8-4999-9E84-271295A60B64}"
EndProject
Project("{8BB2217D-0F2D-49D1-97BC-3654ED321F3B}") = "System.Binary", "src\System.Binary\System.Binary.xproj", "{E8814B13-B016-4A8D-831E-3D01188D260A}"
EndProject
Project("{8BB2217D-0F2D-49D1-97BC-3654ED321F3B}") = "System.Binary.tests", "tests\System.Binary.Tests\System.Binary.tests.xproj", "{F0C09789-C063-47EE-906D-82FC4C06D0C8}"
EndProject
Global
	GlobalSection(SolutionConfigurationPlatforms) = preSolution
		Debug|Any CPU = Debug|Any CPU
		Release|Any CPU = Release|Any CPU
	EndGlobalSection
	GlobalSection(ProjectConfigurationPlatforms) = postSolution
		{C5FD8740-19EA-4BCC-B518-7F16B55D23CA}.Debug|Any CPU.ActiveCfg = Debug|Any CPU
		{C5FD8740-19EA-4BCC-B518-7F16B55D23CA}.Debug|Any CPU.Build.0 = Debug|Any CPU
		{C5FD8740-19EA-4BCC-B518-7F16B55D23CA}.Release|Any CPU.ActiveCfg = Release|Any CPU
		{C5FD8740-19EA-4BCC-B518-7F16B55D23CA}.Release|Any CPU.Build.0 = Release|Any CPU
		{4B8DF630-B446-47D1-8BEF-D11A0F3AF16A}.Debug|Any CPU.ActiveCfg = Debug|Any CPU
		{4B8DF630-B446-47D1-8BEF-D11A0F3AF16A}.Debug|Any CPU.Build.0 = Debug|Any CPU
		{4B8DF630-B446-47D1-8BEF-D11A0F3AF16A}.Release|Any CPU.ActiveCfg = Release|Any CPU
		{4B8DF630-B446-47D1-8BEF-D11A0F3AF16A}.Release|Any CPU.Build.0 = Release|Any CPU
		{D5FF747F-7A0B-9003-885A-FE9A63E755E5}.Debug|Any CPU.ActiveCfg = Debug|Any CPU
		{D5FF747F-7A0B-9003-885A-FE9A63E755E5}.Debug|Any CPU.Build.0 = Debug|Any CPU
		{D5FF747F-7A0B-9003-885A-FE9A63E755E5}.Release|Any CPU.ActiveCfg = Release|Any CPU
		{D5FF747F-7A0B-9003-885A-FE9A63E755E5}.Release|Any CPU.Build.0 = Release|Any CPU
		{0A365F6D-AF33-4DD1-ABF3-BE45A5F8E642}.Debug|Any CPU.ActiveCfg = Debug|Any CPU
		{0A365F6D-AF33-4DD1-ABF3-BE45A5F8E642}.Debug|Any CPU.Build.0 = Debug|Any CPU
		{0A365F6D-AF33-4DD1-ABF3-BE45A5F8E642}.Release|Any CPU.ActiveCfg = Release|Any CPU
		{0A365F6D-AF33-4DD1-ABF3-BE45A5F8E642}.Release|Any CPU.Build.0 = Release|Any CPU
		{091712F4-3894-4D0B-9403-39D115621208}.Debug|Any CPU.ActiveCfg = Debug|Any CPU
		{091712F4-3894-4D0B-9403-39D115621208}.Debug|Any CPU.Build.0 = Debug|Any CPU
		{091712F4-3894-4D0B-9403-39D115621208}.Release|Any CPU.ActiveCfg = Release|Any CPU
		{091712F4-3894-4D0B-9403-39D115621208}.Release|Any CPU.Build.0 = Release|Any CPU
		{D2B54DCE-9132-46ED-AACE-DD3EC3E5BF5A}.Debug|Any CPU.ActiveCfg = Debug|Any CPU
		{D2B54DCE-9132-46ED-AACE-DD3EC3E5BF5A}.Debug|Any CPU.Build.0 = Debug|Any CPU
		{D2B54DCE-9132-46ED-AACE-DD3EC3E5BF5A}.Release|Any CPU.ActiveCfg = Release|Any CPU
		{D2B54DCE-9132-46ED-AACE-DD3EC3E5BF5A}.Release|Any CPU.Build.0 = Release|Any CPU
		{2F2109E8-6E5D-4063-8E59-07F0E798ADF2}.Debug|Any CPU.ActiveCfg = Debug|Any CPU
		{2F2109E8-6E5D-4063-8E59-07F0E798ADF2}.Debug|Any CPU.Build.0 = Debug|Any CPU
		{2F2109E8-6E5D-4063-8E59-07F0E798ADF2}.Release|Any CPU.ActiveCfg = Release|Any CPU
		{2F2109E8-6E5D-4063-8E59-07F0E798ADF2}.Release|Any CPU.Build.0 = Release|Any CPU
		{A7402731-F3B8-4DFE-8507-88623CA1B2BA}.Debug|Any CPU.ActiveCfg = Debug|Any CPU
		{A7402731-F3B8-4DFE-8507-88623CA1B2BA}.Debug|Any CPU.Build.0 = Debug|Any CPU
		{A7402731-F3B8-4DFE-8507-88623CA1B2BA}.Release|Any CPU.ActiveCfg = Release|Any CPU
		{A7402731-F3B8-4DFE-8507-88623CA1B2BA}.Release|Any CPU.Build.0 = Release|Any CPU
		{1A77F658-6BF0-4EC4-B009-679A9F52A2AC}.Debug|Any CPU.ActiveCfg = Debug|Any CPU
		{1A77F658-6BF0-4EC4-B009-679A9F52A2AC}.Debug|Any CPU.Build.0 = Debug|Any CPU
		{1A77F658-6BF0-4EC4-B009-679A9F52A2AC}.Release|Any CPU.ActiveCfg = Release|Any CPU
		{1A77F658-6BF0-4EC4-B009-679A9F52A2AC}.Release|Any CPU.Build.0 = Release|Any CPU
		{7BA1B9A1-9067-4584-9C3A-D8B35AFFBCF7}.Debug|Any CPU.ActiveCfg = Debug|Any CPU
		{7BA1B9A1-9067-4584-9C3A-D8B35AFFBCF7}.Debug|Any CPU.Build.0 = Debug|Any CPU
		{7BA1B9A1-9067-4584-9C3A-D8B35AFFBCF7}.Release|Any CPU.ActiveCfg = Release|Any CPU
		{7BA1B9A1-9067-4584-9C3A-D8B35AFFBCF7}.Release|Any CPU.Build.0 = Release|Any CPU
		{841C6AF2-0713-4824-8281-3671F3670EC6}.Debug|Any CPU.ActiveCfg = Debug|Any CPU
		{841C6AF2-0713-4824-8281-3671F3670EC6}.Debug|Any CPU.Build.0 = Debug|Any CPU
		{841C6AF2-0713-4824-8281-3671F3670EC6}.Release|Any CPU.ActiveCfg = Release|Any CPU
		{841C6AF2-0713-4824-8281-3671F3670EC6}.Release|Any CPU.Build.0 = Release|Any CPU
		{0429B8AA-DB20-4DC4-81AF-5C268A5797D7}.Debug|Any CPU.ActiveCfg = Debug|Any CPU
		{0429B8AA-DB20-4DC4-81AF-5C268A5797D7}.Debug|Any CPU.Build.0 = Debug|Any CPU
		{0429B8AA-DB20-4DC4-81AF-5C268A5797D7}.Release|Any CPU.ActiveCfg = Release|Any CPU
		{0429B8AA-DB20-4DC4-81AF-5C268A5797D7}.Release|Any CPU.Build.0 = Release|Any CPU
		{17C09FB7-8D43-4BBA-A426-B3929AF4A858}.Debug|Any CPU.ActiveCfg = Debug|Any CPU
		{17C09FB7-8D43-4BBA-A426-B3929AF4A858}.Debug|Any CPU.Build.0 = Debug|Any CPU
		{17C09FB7-8D43-4BBA-A426-B3929AF4A858}.Release|Any CPU.ActiveCfg = Release|Any CPU
		{17C09FB7-8D43-4BBA-A426-B3929AF4A858}.Release|Any CPU.Build.0 = Release|Any CPU
		{8AAEADA3-04A6-44AB-B2E4-E059565FF4E5}.Debug|Any CPU.ActiveCfg = Debug|Any CPU
		{8AAEADA3-04A6-44AB-B2E4-E059565FF4E5}.Debug|Any CPU.Build.0 = Debug|Any CPU
		{8AAEADA3-04A6-44AB-B2E4-E059565FF4E5}.Release|Any CPU.ActiveCfg = Release|Any CPU
		{8AAEADA3-04A6-44AB-B2E4-E059565FF4E5}.Release|Any CPU.Build.0 = Release|Any CPU
		{241780A1-BAFD-4FE9-9D2F-BF1911160C33}.Debug|Any CPU.ActiveCfg = Debug|Any CPU
		{241780A1-BAFD-4FE9-9D2F-BF1911160C33}.Debug|Any CPU.Build.0 = Debug|Any CPU
		{241780A1-BAFD-4FE9-9D2F-BF1911160C33}.Release|Any CPU.ActiveCfg = Release|Any CPU
		{241780A1-BAFD-4FE9-9D2F-BF1911160C33}.Release|Any CPU.Build.0 = Release|Any CPU
		{DD942FDB-184A-4D9F-8A1E-3D531858A4B1}.Debug|Any CPU.ActiveCfg = Debug|Any CPU
		{DD942FDB-184A-4D9F-8A1E-3D531858A4B1}.Debug|Any CPU.Build.0 = Debug|Any CPU
		{DD942FDB-184A-4D9F-8A1E-3D531858A4B1}.Release|Any CPU.ActiveCfg = Release|Any CPU
		{DD942FDB-184A-4D9F-8A1E-3D531858A4B1}.Release|Any CPU.Build.0 = Release|Any CPU
		{9574CEEC-5554-411B-B44C-6CA9EC1CEB08}.Debug|Any CPU.ActiveCfg = Debug|Any CPU
		{9574CEEC-5554-411B-B44C-6CA9EC1CEB08}.Debug|Any CPU.Build.0 = Debug|Any CPU
		{9574CEEC-5554-411B-B44C-6CA9EC1CEB08}.Release|Any CPU.ActiveCfg = Release|Any CPU
		{9574CEEC-5554-411B-B44C-6CA9EC1CEB08}.Release|Any CPU.Build.0 = Release|Any CPU
		{F48BE89B-4F3E-4AB3-B10A-D6AE47869190}.Debug|Any CPU.ActiveCfg = Debug|Any CPU
		{F48BE89B-4F3E-4AB3-B10A-D6AE47869190}.Debug|Any CPU.Build.0 = Debug|Any CPU
		{F48BE89B-4F3E-4AB3-B10A-D6AE47869190}.Release|Any CPU.ActiveCfg = Release|Any CPU
		{F48BE89B-4F3E-4AB3-B10A-D6AE47869190}.Release|Any CPU.Build.0 = Release|Any CPU
		{C0219E93-1738-45A1-92CA-16693FAAEC1B}.Debug|Any CPU.ActiveCfg = Debug|Any CPU
		{C0219E93-1738-45A1-92CA-16693FAAEC1B}.Debug|Any CPU.Build.0 = Debug|Any CPU
		{C0219E93-1738-45A1-92CA-16693FAAEC1B}.Release|Any CPU.ActiveCfg = Release|Any CPU
		{C0219E93-1738-45A1-92CA-16693FAAEC1B}.Release|Any CPU.Build.0 = Release|Any CPU
		{51DF6FAE-BDAE-4DD0-A50D-0289686B97F9}.Debug|Any CPU.ActiveCfg = Debug|Any CPU
		{51DF6FAE-BDAE-4DD0-A50D-0289686B97F9}.Debug|Any CPU.Build.0 = Debug|Any CPU
		{51DF6FAE-BDAE-4DD0-A50D-0289686B97F9}.Release|Any CPU.ActiveCfg = Release|Any CPU
		{51DF6FAE-BDAE-4DD0-A50D-0289686B97F9}.Release|Any CPU.Build.0 = Release|Any CPU
		{FBD5E8A3-4C4B-4824-92B7-B7873C2BCAC5}.Debug|Any CPU.ActiveCfg = Debug|Any CPU
		{FBD5E8A3-4C4B-4824-92B7-B7873C2BCAC5}.Debug|Any CPU.Build.0 = Debug|Any CPU
		{FBD5E8A3-4C4B-4824-92B7-B7873C2BCAC5}.Release|Any CPU.ActiveCfg = Release|Any CPU
		{FBD5E8A3-4C4B-4824-92B7-B7873C2BCAC5}.Release|Any CPU.Build.0 = Release|Any CPU
		{CDD81D2A-45AF-4980-8A3C-D4E9AB8F02C3}.Debug|Any CPU.ActiveCfg = Debug|Any CPU
		{CDD81D2A-45AF-4980-8A3C-D4E9AB8F02C3}.Debug|Any CPU.Build.0 = Debug|Any CPU
		{CDD81D2A-45AF-4980-8A3C-D4E9AB8F02C3}.Release|Any CPU.ActiveCfg = Release|Any CPU
		{CDD81D2A-45AF-4980-8A3C-D4E9AB8F02C3}.Release|Any CPU.Build.0 = Release|Any CPU
		{20F5308A-1910-40E9-B3F0-6569DB08E649}.Debug|Any CPU.ActiveCfg = Debug|Any CPU
		{20F5308A-1910-40E9-B3F0-6569DB08E649}.Debug|Any CPU.Build.0 = Debug|Any CPU
		{20F5308A-1910-40E9-B3F0-6569DB08E649}.Release|Any CPU.ActiveCfg = Release|Any CPU
		{20F5308A-1910-40E9-B3F0-6569DB08E649}.Release|Any CPU.Build.0 = Release|Any CPU
		{6A295130-5FE7-41B8-A543-CD73C9948903}.Debug|Any CPU.ActiveCfg = Debug|Any CPU
		{6A295130-5FE7-41B8-A543-CD73C9948903}.Debug|Any CPU.Build.0 = Debug|Any CPU
		{6A295130-5FE7-41B8-A543-CD73C9948903}.Release|Any CPU.ActiveCfg = Release|Any CPU
		{6A295130-5FE7-41B8-A543-CD73C9948903}.Release|Any CPU.Build.0 = Release|Any CPU
		{66C14560-AC0E-4D94-A128-2E147BDF2970}.Debug|Any CPU.ActiveCfg = Debug|Any CPU
		{66C14560-AC0E-4D94-A128-2E147BDF2970}.Debug|Any CPU.Build.0 = Debug|Any CPU
		{66C14560-AC0E-4D94-A128-2E147BDF2970}.Release|Any CPU.ActiveCfg = Release|Any CPU
		{66C14560-AC0E-4D94-A128-2E147BDF2970}.Release|Any CPU.Build.0 = Release|Any CPU
		{DB442895-7D74-4BC8-A3E6-0D8C17B7D95D}.Debug|Any CPU.ActiveCfg = Debug|Any CPU
		{DB442895-7D74-4BC8-A3E6-0D8C17B7D95D}.Debug|Any CPU.Build.0 = Debug|Any CPU
		{DB442895-7D74-4BC8-A3E6-0D8C17B7D95D}.Release|Any CPU.ActiveCfg = Release|Any CPU
		{DB442895-7D74-4BC8-A3E6-0D8C17B7D95D}.Release|Any CPU.Build.0 = Release|Any CPU
		{DFBDD2E3-C895-4BB5-9A0B-A7398035DCC9}.Debug|Any CPU.ActiveCfg = Debug|Any CPU
		{DFBDD2E3-C895-4BB5-9A0B-A7398035DCC9}.Debug|Any CPU.Build.0 = Debug|Any CPU
		{DFBDD2E3-C895-4BB5-9A0B-A7398035DCC9}.Release|Any CPU.ActiveCfg = Release|Any CPU
		{DFBDD2E3-C895-4BB5-9A0B-A7398035DCC9}.Release|Any CPU.Build.0 = Release|Any CPU
		{9D20D2F5-FB9B-4BDD-ABBD-F515B9E0B251}.Debug|Any CPU.ActiveCfg = Debug|Any CPU
		{9D20D2F5-FB9B-4BDD-ABBD-F515B9E0B251}.Debug|Any CPU.Build.0 = Debug|Any CPU
		{9D20D2F5-FB9B-4BDD-ABBD-F515B9E0B251}.Release|Any CPU.ActiveCfg = Release|Any CPU
		{9D20D2F5-FB9B-4BDD-ABBD-F515B9E0B251}.Release|Any CPU.Build.0 = Release|Any CPU
		{B79A688A-DC67-4648-BE84-E9584F77E5A9}.Debug|Any CPU.ActiveCfg = Debug|Any CPU
		{B79A688A-DC67-4648-BE84-E9584F77E5A9}.Debug|Any CPU.Build.0 = Debug|Any CPU
		{B79A688A-DC67-4648-BE84-E9584F77E5A9}.Release|Any CPU.ActiveCfg = Release|Any CPU
		{B79A688A-DC67-4648-BE84-E9584F77E5A9}.Release|Any CPU.Build.0 = Release|Any CPU
		{28FD7195-74F8-4999-9E84-271295A60B64}.Debug|Any CPU.ActiveCfg = Debug|Any CPU
		{28FD7195-74F8-4999-9E84-271295A60B64}.Debug|Any CPU.Build.0 = Debug|Any CPU
		{28FD7195-74F8-4999-9E84-271295A60B64}.Release|Any CPU.ActiveCfg = Release|Any CPU
		{28FD7195-74F8-4999-9E84-271295A60B64}.Release|Any CPU.Build.0 = Release|Any CPU
		{E8814B13-B016-4A8D-831E-3D01188D260A}.Debug|Any CPU.ActiveCfg = Debug|Any CPU
		{E8814B13-B016-4A8D-831E-3D01188D260A}.Debug|Any CPU.Build.0 = Debug|Any CPU
		{E8814B13-B016-4A8D-831E-3D01188D260A}.Release|Any CPU.ActiveCfg = Release|Any CPU
		{E8814B13-B016-4A8D-831E-3D01188D260A}.Release|Any CPU.Build.0 = Release|Any CPU
		{F0C09789-C063-47EE-906D-82FC4C06D0C8}.Debug|Any CPU.ActiveCfg = Debug|Any CPU
		{F0C09789-C063-47EE-906D-82FC4C06D0C8}.Debug|Any CPU.Build.0 = Debug|Any CPU
		{F0C09789-C063-47EE-906D-82FC4C06D0C8}.Release|Any CPU.ActiveCfg = Release|Any CPU
		{F0C09789-C063-47EE-906D-82FC4C06D0C8}.Release|Any CPU.Build.0 = Release|Any CPU
	EndGlobalSection
	GlobalSection(SolutionProperties) = preSolution
		HideSolutionNode = FALSE
	EndGlobalSection
	GlobalSection(NestedProjects) = preSolution
		{C5FD8740-19EA-4BCC-B518-7F16B55D23CA} = {CD55246E-4E2D-4648-B6C0-7EFFDD4A91AC}
		{4B8DF630-B446-47D1-8BEF-D11A0F3AF16A} = {CD55246E-4E2D-4648-B6C0-7EFFDD4A91AC}
		{D5FF747F-7A0B-9003-885A-FE9A63E755E5} = {CD55246E-4E2D-4648-B6C0-7EFFDD4A91AC}
		{0A365F6D-AF33-4DD1-ABF3-BE45A5F8E642} = {CD55246E-4E2D-4648-B6C0-7EFFDD4A91AC}
		{091712F4-3894-4D0B-9403-39D115621208} = {CD55246E-4E2D-4648-B6C0-7EFFDD4A91AC}
		{D2B54DCE-9132-46ED-AACE-DD3EC3E5BF5A} = {CD55246E-4E2D-4648-B6C0-7EFFDD4A91AC}
		{2F2109E8-6E5D-4063-8E59-07F0E798ADF2} = {CD55246E-4E2D-4648-B6C0-7EFFDD4A91AC}
		{A7402731-F3B8-4DFE-8507-88623CA1B2BA} = {CD55246E-4E2D-4648-B6C0-7EFFDD4A91AC}
		{1A77F658-6BF0-4EC4-B009-679A9F52A2AC} = {CD55246E-4E2D-4648-B6C0-7EFFDD4A91AC}
		{7BA1B9A1-9067-4584-9C3A-D8B35AFFBCF7} = {CD55246E-4E2D-4648-B6C0-7EFFDD4A91AC}
		{841C6AF2-0713-4824-8281-3671F3670EC6} = {CD55246E-4E2D-4648-B6C0-7EFFDD4A91AC}
		{0429B8AA-DB20-4DC4-81AF-5C268A5797D7} = {CD55246E-4E2D-4648-B6C0-7EFFDD4A91AC}
		{17C09FB7-8D43-4BBA-A426-B3929AF4A858} = {CD55246E-4E2D-4648-B6C0-7EFFDD4A91AC}
		{8AAEADA3-04A6-44AB-B2E4-E059565FF4E5} = {CD55246E-4E2D-4648-B6C0-7EFFDD4A91AC}
		{241780A1-BAFD-4FE9-9D2F-BF1911160C33} = {CD55246E-4E2D-4648-B6C0-7EFFDD4A91AC}
		{DD942FDB-184A-4D9F-8A1E-3D531858A4B1} = {04EB1A7C-3C04-48A6-ABD3-1992E0F6799A}
		{9574CEEC-5554-411B-B44C-6CA9EC1CEB08} = {04EB1A7C-3C04-48A6-ABD3-1992E0F6799A}
		{F48BE89B-4F3E-4AB3-B10A-D6AE47869190} = {04EB1A7C-3C04-48A6-ABD3-1992E0F6799A}
		{C0219E93-1738-45A1-92CA-16693FAAEC1B} = {04EB1A7C-3C04-48A6-ABD3-1992E0F6799A}
		{51DF6FAE-BDAE-4DD0-A50D-0289686B97F9} = {04EB1A7C-3C04-48A6-ABD3-1992E0F6799A}
		{FBD5E8A3-4C4B-4824-92B7-B7873C2BCAC5} = {04EB1A7C-3C04-48A6-ABD3-1992E0F6799A}
		{CDD81D2A-45AF-4980-8A3C-D4E9AB8F02C3} = {04EB1A7C-3C04-48A6-ABD3-1992E0F6799A}
		{20F5308A-1910-40E9-B3F0-6569DB08E649} = {04EB1A7C-3C04-48A6-ABD3-1992E0F6799A}
		{6A295130-5FE7-41B8-A543-CD73C9948903} = {04EB1A7C-3C04-48A6-ABD3-1992E0F6799A}
		{66C14560-AC0E-4D94-A128-2E147BDF2970} = {04EB1A7C-3C04-48A6-ABD3-1992E0F6799A}
		{DB442895-7D74-4BC8-A3E6-0D8C17B7D95D} = {04EB1A7C-3C04-48A6-ABD3-1992E0F6799A}
		{DFBDD2E3-C895-4BB5-9A0B-A7398035DCC9} = {04EB1A7C-3C04-48A6-ABD3-1992E0F6799A}
		{9D20D2F5-FB9B-4BDD-ABBD-F515B9E0B251} = {04EB1A7C-3C04-48A6-ABD3-1992E0F6799A}
		{B79A688A-DC67-4648-BE84-E9584F77E5A9} = {04EB1A7C-3C04-48A6-ABD3-1992E0F6799A}
		{28FD7195-74F8-4999-9E84-271295A60B64} = {04EB1A7C-3C04-48A6-ABD3-1992E0F6799A}
		{E8814B13-B016-4A8D-831E-3D01188D260A} = {CD55246E-4E2D-4648-B6C0-7EFFDD4A91AC}
		{F0C09789-C063-47EE-906D-82FC4C06D0C8} = {04EB1A7C-3C04-48A6-ABD3-1992E0F6799A}
	EndGlobalSection
EndGlobal
