
Microsoft Visual Studio Solution File, Format Version 12.00
# Visual Studio 14
VisualStudioVersion = 14.0.23107.0
MinimumVisualStudioVersion = 10.0.40219.1
Project("{FAE04EC0-301F-11D3-BF4B-00C04F79EFBC}") = "System.Text.Json", "src\System.Text.Json.csproj", "{17C09FB7-8D43-4BBA-A426-B3929AF4A858}"
EndProject
Project("{FAE04EC0-301F-11D3-BF4B-00C04F79EFBC}") = "System.Text.Json.Tests", "tests\System.Text.Json.Tests.csproj", "{DFBDD2E3-C895-4BB5-9A0B-A7398035DCC9}"
EndProject
Global
	GlobalSection(SolutionConfigurationPlatforms) = preSolution
		Debug|Any CPU = Debug|Any CPU
		Release|Any CPU = Release|Any CPU
	EndGlobalSection
	GlobalSection(ProjectConfigurationPlatforms) = postSolution
		{17C09FB7-8D43-4BBA-A426-B3929AF4A858}.Debug|Any CPU.ActiveCfg = Debug|Any CPU
		{17C09FB7-8D43-4BBA-A426-B3929AF4A858}.Debug|Any CPU.Build.0 = Debug|Any CPU
		{17C09FB7-8D43-4BBA-A426-B3929AF4A858}.Release|Any CPU.ActiveCfg = Release|Any CPU
		{17C09FB7-8D43-4BBA-A426-B3929AF4A858}.Release|Any CPU.Build.0 = Release|Any CPU
		{DFBDD2E3-C895-4BB5-9A0B-A7398035DCC9}.Debug|Any CPU.ActiveCfg = Debug|Any CPU
		{DFBDD2E3-C895-4BB5-9A0B-A7398035DCC9}.Debug|Any CPU.Build.0 = Debug|Any CPU
		{DFBDD2E3-C895-4BB5-9A0B-A7398035DCC9}.Release|Any CPU.ActiveCfg = Debug|Any CPU
		{DFBDD2E3-C895-4BB5-9A0B-A7398035DCC9}.Release|Any CPU.Build.0 = Debug|Any CPU
	EndGlobalSection
	GlobalSection(SolutionProperties) = preSolution
		HideSolutionNode = FALSE
	EndGlobalSection
EndGlobal
