
Microsoft Visual Studio Solution File, Format Version 12.00
# Visual Studio 14
VisualStudioVersion = 14.0.23107.0
MinimumVisualStudioVersion = 10.0.40219.1
Project("{FAE04EC0-301F-11D3-BF4B-00C04F79EFBC}") = "System.Slices", "src\System.Slices.csproj", "{C5FD8740-19EA-4BCC-B518-7F16B55D23CA}"
EndProject
Project("{FAE04EC0-301F-11D3-BF4B-00C04F79EFBC}") = "System.Slices.Tests", "tests\System.Slices.Tests.csproj", "{20F5308A-1910-40E9-B3F0-6569DB08E649}"
EndProject
Global
	GlobalSection(SolutionConfigurationPlatforms) = preSolution
		Debug|Any CPU = Debug|Any CPU
		Release|Any CPU = Release|Any CPU
	EndGlobalSection
	GlobalSection(ProjectConfigurationPlatforms) = postSolution
		{C5FD8740-19EA-4BCC-B518-7F16B55D23CA}.Debug|Any CPU.ActiveCfg = Debug|Any CPU
		{C5FD8740-19EA-4BCC-B518-7F16B55D23CA}.Debug|Any CPU.Build.0 = Debug|Any CPU
		{C5FD8740-19EA-4BCC-B518-7F16B55D23CA}.Release|Any CPU.ActiveCfg = Release|Any CPU
		{C5FD8740-19EA-4BCC-B518-7F16B55D23CA}.Release|Any CPU.Build.0 = Release|Any CPU
		{20F5308A-1910-40E9-B3F0-6569DB08E649}.Debug|Any CPU.ActiveCfg = Debug|Any CPU
		{20F5308A-1910-40E9-B3F0-6569DB08E649}.Debug|Any CPU.Build.0 = Debug|Any CPU
		{20F5308A-1910-40E9-B3F0-6569DB08E649}.Release|Any CPU.ActiveCfg = Release|Any CPU
		{20F5308A-1910-40E9-B3F0-6569DB08E649}.Release|Any CPU.Build.0 = Release|Any CPU
	EndGlobalSection
	GlobalSection(SolutionProperties) = preSolution
		HideSolutionNode = FALSE
	EndGlobalSection
EndGlobal
