
Microsoft Visual Studio Solution File, Format Version 12.00
# Visual Studio 14
VisualStudioVersion = 14.0.24720.0
MinimumVisualStudioVersion = 10.0.40219.1
Project("{FAE04EC0-301F-11D3-BF4B-00C04F79EFBC}") = "dotnet", "dotnet\dotnet.csproj", "{507301F7-B451-4C9F-8947-95E1CBE2049A}"
EndProject
Project("{FAE04EC0-301F-11D3-BF4B-00C04F79EFBC}") = "dotnet-core", "dotnet\dotnet-core\dotnet-core.csproj", "{D47E204B-D06C-4BEA-A6E0-1A1CFBFB193B}"
EndProject
Global
	GlobalSection(SolutionConfigurationPlatforms) = preSolution
		Debug|Any CPU = Debug|Any CPU
		Debug|x64 = Debug|x64
		Debug|x86 = Debug|x86
		Release|Any CPU = Release|Any CPU
		Release|x64 = Release|x64
		Release|x86 = Release|x86
	EndGlobalSection
	GlobalSection(ProjectConfigurationPlatforms) = postSolution
		{507301F7-B451-4C9F-8947-95E1CBE2049A}.Debug|Any CPU.ActiveCfg = Debug|Any CPU
		{507301F7-B451-4C9F-8947-95E1CBE2049A}.Debug|Any CPU.Build.0 = Debug|Any CPU
		{507301F7-B451-4C9F-8947-95E1CBE2049A}.Debug|x64.ActiveCfg = Debug|Any CPU
		{507301F7-B451-4C9F-8947-95E1CBE2049A}.Debug|x64.Build.0 = Debug|Any CPU
		{507301F7-B451-4C9F-8947-95E1CBE2049A}.Debug|x86.ActiveCfg = Debug|Any CPU
		{507301F7-B451-4C9F-8947-95E1CBE2049A}.Debug|x86.Build.0 = Debug|Any CPU
		{507301F7-B451-4C9F-8947-95E1CBE2049A}.Release|Any CPU.ActiveCfg = Release|Any CPU
		{507301F7-B451-4C9F-8947-95E1CBE2049A}.Release|Any CPU.Build.0 = Release|Any CPU
		{507301F7-B451-4C9F-8947-95E1CBE2049A}.Release|x64.ActiveCfg = Release|Any CPU
		{507301F7-B451-4C9F-8947-95E1CBE2049A}.Release|x64.Build.0 = Release|Any CPU
		{507301F7-B451-4C9F-8947-95E1CBE2049A}.Release|x86.ActiveCfg = Release|Any CPU
		{507301F7-B451-4C9F-8947-95E1CBE2049A}.Release|x86.Build.0 = Release|Any CPU
		{D47E204B-D06C-4BEA-A6E0-1A1CFBFB193B}.Debug|Any CPU.ActiveCfg = Debug|x86
		{D47E204B-D06C-4BEA-A6E0-1A1CFBFB193B}.Debug|x64.ActiveCfg = Debug|x64
		{D47E204B-D06C-4BEA-A6E0-1A1CFBFB193B}.Debug|x64.Build.0 = Debug|x64
		{D47E204B-D06C-4BEA-A6E0-1A1CFBFB193B}.Debug|x86.ActiveCfg = Debug|x86
		{D47E204B-D06C-4BEA-A6E0-1A1CFBFB193B}.Debug|x86.Build.0 = Debug|x86
		{D47E204B-D06C-4BEA-A6E0-1A1CFBFB193B}.Release|Any CPU.ActiveCfg = Release|x86
		{D47E204B-D06C-4BEA-A6E0-1A1CFBFB193B}.Release|x64.ActiveCfg = Release|x64
		{D47E204B-D06C-4BEA-A6E0-1A1CFBFB193B}.Release|x64.Build.0 = Release|x64
		{D47E204B-D06C-4BEA-A6E0-1A1CFBFB193B}.Release|x86.ActiveCfg = Release|x86
		{D47E204B-D06C-4BEA-A6E0-1A1CFBFB193B}.Release|x86.Build.0 = Release|x86
	EndGlobalSection
	GlobalSection(SolutionProperties) = preSolution
		HideSolutionNode = FALSE
	EndGlobalSection
EndGlobal
