
Microsoft Visual Studio Solution File, Format Version 12.00
# Visual Studio 15
VisualStudioVersion = 15.0.26118.1
MinimumVisualStudioVersion = 10.0.40219.1
Project("{FAE04EC0-301F-11D3-BF4B-00C04F79EFBC}") = "LowAllocationWebServerCore", "LowAllocationWebServerCore\LowAllocationWebServerCore.csproj", "{4F4435D2-6D23-4052-B352-DBB03309FBEC}"
EndProject
Project("{FAE04EC0-301F-11D3-BF4B-00C04F79EFBC}") = "LowAllocationWebServerLibrary", "LowAllocationWebServerLibrary\LowAllocationWebServerLibrary.csproj", "{9596F3DD-1FEC-4D9C-A5D6-1AF23E3B3074}"
EndProject
Project("{2150E333-8FDC-42A3-9474-1A3956D46DE8}") = "Solution Items", "Solution Items", "{3377A054-B3B4-4FAF-986A-0FB69FC5B86C}"
	ProjectSection(SolutionItems) = preProject
		Shared\SampleServer.cs = Shared\SampleServer.cs
	EndProjectSection
EndProject
Global
	GlobalSection(SolutionConfigurationPlatforms) = preSolution
		Debug|Any CPU = Debug|Any CPU
		Debug|x64 = Debug|x64
		Debug|x86 = Debug|x86
		Release|Any CPU = Release|Any CPU
		Release|x64 = Release|x64
		Release|x86 = Release|x86
	EndGlobalSection
	GlobalSection(ProjectConfigurationPlatforms) = postSolution
		{4F4435D2-6D23-4052-B352-DBB03309FBEC}.Debug|Any CPU.ActiveCfg = Debug|Any CPU
		{4F4435D2-6D23-4052-B352-DBB03309FBEC}.Debug|Any CPU.Build.0 = Debug|Any CPU
		{4F4435D2-6D23-4052-B352-DBB03309FBEC}.Debug|x64.ActiveCfg = Debug|x64
		{4F4435D2-6D23-4052-B352-DBB03309FBEC}.Debug|x64.Build.0 = Debug|x64
		{4F4435D2-6D23-4052-B352-DBB03309FBEC}.Debug|x86.ActiveCfg = Debug|x86
		{4F4435D2-6D23-4052-B352-DBB03309FBEC}.Debug|x86.Build.0 = Debug|x86
		{4F4435D2-6D23-4052-B352-DBB03309FBEC}.Release|Any CPU.ActiveCfg = Release|Any CPU
		{4F4435D2-6D23-4052-B352-DBB03309FBEC}.Release|Any CPU.Build.0 = Release|Any CPU
		{4F4435D2-6D23-4052-B352-DBB03309FBEC}.Release|x64.ActiveCfg = Release|x64
		{4F4435D2-6D23-4052-B352-DBB03309FBEC}.Release|x64.Build.0 = Release|x64
		{4F4435D2-6D23-4052-B352-DBB03309FBEC}.Release|x86.ActiveCfg = Release|x86
		{4F4435D2-6D23-4052-B352-DBB03309FBEC}.Release|x86.Build.0 = Release|x86
		{9596F3DD-1FEC-4D9C-A5D6-1AF23E3B3074}.Debug|Any CPU.ActiveCfg = Debug|Any CPU
		{9596F3DD-1FEC-4D9C-A5D6-1AF23E3B3074}.Debug|Any CPU.Build.0 = Debug|Any CPU
		{9596F3DD-1FEC-4D9C-A5D6-1AF23E3B3074}.Debug|x64.ActiveCfg = Debug|x64
		{9596F3DD-1FEC-4D9C-A5D6-1AF23E3B3074}.Debug|x64.Build.0 = Debug|x64
		{9596F3DD-1FEC-4D9C-A5D6-1AF23E3B3074}.Debug|x86.ActiveCfg = Debug|x86
		{9596F3DD-1FEC-4D9C-A5D6-1AF23E3B3074}.Debug|x86.Build.0 = Debug|x86
		{9596F3DD-1FEC-4D9C-A5D6-1AF23E3B3074}.Release|Any CPU.ActiveCfg = Release|Any CPU
		{9596F3DD-1FEC-4D9C-A5D6-1AF23E3B3074}.Release|Any CPU.Build.0 = Release|Any CPU
		{9596F3DD-1FEC-4D9C-A5D6-1AF23E3B3074}.Release|x64.ActiveCfg = Release|x64
		{9596F3DD-1FEC-4D9C-A5D6-1AF23E3B3074}.Release|x64.Build.0 = Release|x64
		{9596F3DD-1FEC-4D9C-A5D6-1AF23E3B3074}.Release|x86.ActiveCfg = Release|x86
		{9596F3DD-1FEC-4D9C-A5D6-1AF23E3B3074}.Release|x86.Build.0 = Release|x86
	EndGlobalSection
	GlobalSection(SolutionProperties) = preSolution
		HideSolutionNode = FALSE
	EndGlobalSection
EndGlobal
