
Microsoft Visual Studio Solution File, Format Version 12.00
# Visual Studio 14
VisualStudioVersion = 14.0.23107.0
MinimumVisualStudioVersion = 10.0.40219.1
Project("{8BB2217D-0F2D-49D1-97BC-3654ED321F3B}") = "System.CommandLine", "src\System.CommandLine.xproj", "{0A365F6D-AF33-4DD1-ABF3-BE45A5F8E642}"
EndProject
Project("{8BB2217D-0F2D-49D1-97BC-3654ED321F3B}") = "System.CommandLine.Tests", "tests\System.CommandLine.Tests.xproj", "{F48BE89B-4F3E-4AB3-B10A-D6AE47869190}"
EndProject
Global
	GlobalSection(SolutionConfigurationPlatforms) = preSolution
		Debug|Any CPU = Debug|Any CPU
		Release|Any CPU = Release|Any CPU
	EndGlobalSection
	GlobalSection(ProjectConfigurationPlatforms) = postSolution
		{0A365F6D-AF33-4DD1-ABF3-BE45A5F8E642}.Debug|Any CPU.ActiveCfg = Debug|Any CPU
		{0A365F6D-AF33-4DD1-ABF3-BE45A5F8E642}.Debug|Any CPU.Build.0 = Debug|Any CPU
		{0A365F6D-AF33-4DD1-ABF3-BE45A5F8E642}.Release|Any CPU.ActiveCfg = Release|Any CPU
		{0A365F6D-AF33-4DD1-ABF3-BE45A5F8E642}.Release|Any CPU.Build.0 = Release|Any CPU
		{F48BE89B-4F3E-4AB3-B10A-D6AE47869190}.Debug|Any CPU.ActiveCfg = Debug|Any CPU
		{F48BE89B-4F3E-4AB3-B10A-D6AE47869190}.Debug|Any CPU.Build.0 = Debug|Any CPU
		{F48BE89B-4F3E-4AB3-B10A-D6AE47869190}.Release|Any CPU.ActiveCfg = Release|Any CPU
		{F48BE89B-4F3E-4AB3-B10A-D6AE47869190}.Release|Any CPU.Build.0 = Release|Any CPU
	EndGlobalSection
	GlobalSection(SolutionProperties) = preSolution
		HideSolutionNode = FALSE
	EndGlobalSection
EndGlobal
