
Microsoft Visual Studio Solution File, Format Version 12.00
# Visual Studio 14
VisualStudioVersion = 14.0.24711.0
MinimumVisualStudioVersion = 10.0.40219.1
Project("{FAE04EC0-301F-11D3-BF4B-00C04F79EFBC}") = "Microsoft.CodeAnalysis.StackOnlyTypes", "Microsoft.CodeAnalysis.StackOnlyTypes\Microsoft.CodeAnalysis.StackOnlyTypes.csproj", "{2A85A46E-33AC-423E-90CB-F63D2677AF56}"
EndProject
Project("{FAE04EC0-301F-11D3-BF4B-00C04F79EFBC}") = "Microsoft.CodeAnalysis.StackOnlyTypes.Test", "Microsoft.CodeAnalysis.StackOnlyTypes.Test\Microsoft.CodeAnalysis.StackOnlyTypes.Test.csproj", "{814FE0B4-362D-4B7D-BC68-5031CCFB867D}"
EndProject
Project("{FAE04EC0-301F-11D3-BF4B-00C04F79EFBC}") = "Microsoft.CodeAnalysis.StackOnlyTypes.Vsix", "Microsoft.CodeAnalysis.StackOnlyTypes.Vsix\Microsoft.CodeAnalysis.StackOnlyTypes.Vsix.csproj", "{FE027839-E7EB-4A4A-BDB8-E32D86C0E3EE}"
EndProject
Global
	GlobalSection(SolutionConfigurationPlatforms) = preSolution
		Debug|Any CPU = Debug|Any CPU
		Release|Any CPU = Release|Any CPU
	EndGlobalSection
	GlobalSection(ProjectConfigurationPlatforms) = postSolution
		{2A85A46E-33AC-423E-90CB-F63D2677AF56}.Debug|Any CPU.ActiveCfg = Debug|Any CPU
		{2A85A46E-33AC-423E-90CB-F63D2677AF56}.Debug|Any CPU.Build.0 = Debug|Any CPU
		{2A85A46E-33AC-423E-90CB-F63D2677AF56}.Release|Any CPU.ActiveCfg = Release|Any CPU
		{2A85A46E-33AC-423E-90CB-F63D2677AF56}.Release|Any CPU.Build.0 = Release|Any CPU
		{814FE0B4-362D-4B7D-BC68-5031CCFB867D}.Debug|Any CPU.ActiveCfg = Debug|Any CPU
		{814FE0B4-362D-4B7D-BC68-5031CCFB867D}.Debug|Any CPU.Build.0 = Debug|Any CPU
		{814FE0B4-362D-4B7D-BC68-5031CCFB867D}.Release|Any CPU.ActiveCfg = Release|Any CPU
		{814FE0B4-362D-4B7D-BC68-5031CCFB867D}.Release|Any CPU.Build.0 = Release|Any CPU
		{FE027839-E7EB-4A4A-BDB8-E32D86C0E3EE}.Debug|Any CPU.ActiveCfg = Debug|Any CPU
		{FE027839-E7EB-4A4A-BDB8-E32D86C0E3EE}.Debug|Any CPU.Build.0 = Debug|Any CPU
		{FE027839-E7EB-4A4A-BDB8-E32D86C0E3EE}.Release|Any CPU.ActiveCfg = Release|Any CPU
		{FE027839-E7EB-4A4A-BDB8-E32D86C0E3EE}.Release|Any CPU.Build.0 = Release|Any CPU
	EndGlobalSection
	GlobalSection(SolutionProperties) = preSolution
		HideSolutionNode = FALSE
	EndGlobalSection
EndGlobal
