
Microsoft Visual Studio Solution File, Format Version 12.00
# Visual Studio 15
VisualStudioVersion = 15.0.26723.0
MinimumVisualStudioVersion = 10.0.40219.1
Project("{9A19103F-16F7-4668-BE54-9A1E7A4F7556}") = "System.Numerics.Tensors", "System.Numerics.Tensors.csproj", "{C05390D3-ECD0-49F6-A2F6-10EC26CF62DA}"
EndProject
Project("{9A19103F-16F7-4668-BE54-9A1E7A4F7556}") = "System.Numerics.Tensors.Tests", "..\..\tests\System.Numerics.Tensors.Tests\System.Numerics.Tensors.Tests.csproj", "{4CCDEC28-E32C-4D90-A140-87E45254CDC0}"
EndProject
Project("{9A19103F-16F7-4668-BE54-9A1E7A4F7556}") = "System.Buffers.Primitives", "..\System.Buffers.Primitives\System.Buffers.Primitives.csproj", "{0A345006-D361-4BDF-934C-4293DBC5A111}"
EndProject
Global
	GlobalSection(SolutionConfigurationPlatforms) = preSolution
		Debug|Any CPU = Debug|Any CPU
		Release|Any CPU = Release|Any CPU
	EndGlobalSection
	GlobalSection(ProjectConfigurationPlatforms) = postSolution
		{C05390D3-ECD0-49F6-A2F6-10EC26CF62DA}.Debug|Any CPU.ActiveCfg = Debug|Any CPU
		{C05390D3-ECD0-49F6-A2F6-10EC26CF62DA}.Debug|Any CPU.Build.0 = Debug|Any CPU
		{C05390D3-ECD0-49F6-A2F6-10EC26CF62DA}.Release|Any CPU.ActiveCfg = Release|Any CPU
		{C05390D3-ECD0-49F6-A2F6-10EC26CF62DA}.Release|Any CPU.Build.0 = Release|Any CPU
		{4CCDEC28-E32C-4D90-A140-87E45254CDC0}.Debug|Any CPU.ActiveCfg = Debug|Any CPU
		{4CCDEC28-E32C-4D90-A140-87E45254CDC0}.Debug|Any CPU.Build.0 = Debug|Any CPU
		{4CCDEC28-E32C-4D90-A140-87E45254CDC0}.Release|Any CPU.ActiveCfg = Release|Any CPU
		{4CCDEC28-E32C-4D90-A140-87E45254CDC0}.Release|Any CPU.Build.0 = Release|Any CPU
		{0A345006-D361-4BDF-934C-4293DBC5A111}.Debug|Any CPU.ActiveCfg = Debug|Any CPU
		{0A345006-D361-4BDF-934C-4293DBC5A111}.Debug|Any CPU.Build.0 = Debug|Any CPU
		{0A345006-D361-4BDF-934C-4293DBC5A111}.Release|Any CPU.ActiveCfg = Release|Any CPU
		{0A345006-D361-4BDF-934C-4293DBC5A111}.Release|Any CPU.Build.0 = Release|Any CPU
	EndGlobalSection
	GlobalSection(SolutionProperties) = preSolution
		HideSolutionNode = FALSE
	EndGlobalSection
	GlobalSection(ExtensibilityGlobals) = postSolution
		SolutionGuid = {13D12508-D252-4FD4-A8AA-1DD44F666914}
	EndGlobalSection
EndGlobal
