
Microsoft Visual Studio Solution File, Format Version 12.00
# Visual Studio 15
VisualStudioVersion = 15.0.27801.1
MinimumVisualStudioVersion = 10.0.40219.1
Project("{9A19103F-16F7-4668-BE54-9A1E7A4F7556}") = "System.Devices.Gpio", "System.Devices.Gpio\System.Devices.Gpio.csproj", "{66A762B6-6008-488E-BAD5-87BCD728513C}"
EndProject
Project("{9A19103F-16F7-4668-BE54-9A1E7A4F7556}") = "System.Devices.Gpio.Samples", "System.Devices.Gpio.Samples\System.Devices.Gpio.Samples.csproj", "{571E8495-DCAE-4033-95B5-15E2C857ED55}"
EndProject
Global
	GlobalSection(SolutionConfigurationPlatforms) = preSolution
		Debug|Any CPU = Debug|Any CPU
		Release|Any CPU = Release|Any CPU
	EndGlobalSection
	GlobalSection(ProjectConfigurationPlatforms) = postSolution
		{66A762B6-6008-488E-BAD5-87BCD728513C}.Debug|Any CPU.ActiveCfg = Debug|Any CPU
		{66A762B6-6008-488E-BAD5-87BCD728513C}.Debug|Any CPU.Build.0 = Debug|Any CPU
		{66A762B6-6008-488E-BAD5-87BCD728513C}.Release|Any CPU.ActiveCfg = Release|Any CPU
		{66A762B6-6008-488E-BAD5-87BCD728513C}.Release|Any CPU.Build.0 = Release|Any CPU
		{571E8495-DCAE-4033-95B5-15E2C857ED55}.Debug|Any CPU.ActiveCfg = Debug|Any CPU
		{571E8495-DCAE-4033-95B5-15E2C857ED55}.Debug|Any CPU.Build.0 = Debug|Any CPU
		{571E8495-DCAE-4033-95B5-15E2C857ED55}.Release|Any CPU.ActiveCfg = Release|Any CPU
		{571E8495-DCAE-4033-95B5-15E2C857ED55}.Release|Any CPU.Build.0 = Release|Any CPU
	EndGlobalSection
	GlobalSection(SolutionProperties) = preSolution
		HideSolutionNode = FALSE
	EndGlobalSection
	GlobalSection(ExtensibilityGlobals) = postSolution
		SolutionGuid = {2F2F8BF4-7FFC-4E6D-AB1D-D9561C78620D}
	EndGlobalSection
EndGlobal
